{
  "version": 4,
  "terraform_version": "1.13.5",
  "serial": 1457,
  "lineage": "d89c8349-d420-3eae-37b9-db256d238c56",
  "outputs": {
    "haproxy_ip": {
      "value": "44.203.243.76",
      "type": "string"
    },
    "manager_private_ips": {
      "value": [
        "10.0.1.170",
        "10.0.2.25",
        "10.0.1.123"
      ],
      "type": [
        "tuple",
        [
          "string",
          "string",
          "string"
        ]
      ]
    },
    "ssh_config_proxy_block": {
      "value": "# --- INÍCIO: CONFIGURAÇÃO CAZIA SWARM ---\n# 1. Configuração do haproxy Host\nHost haproxy\n    HostName 44.203.243.76\n    User ubuntu\n    Port 60022\n    # Substitua pelo caminho completo da chave se necessário\n    IdentityFile ~/caminho/para/chave-cazia.pem \n    StrictHostKeyChecking no\n    UserKnownHostsFile /dev/null\n\n# 2. Configuração para Managers e Workers (Rede Privada)\nHost 10.0.*\n    User ubuntu\n    IdentityFile ~/caminho/para/chave-cazia.pem\n    # CRÍTICO: Usa o 'haproxy' como ProxyCommand\n    ProxyCommand ssh haproxy -W %h:%p\n    StrictHostKeyChecking no\n    UserKnownHostsFile /dev/null\n# --- FIM: CONFIGURAÇÃO CAZIA SWARM ---\n",
      "type": "string"
    },
    "ssh_haproxy_command": {
      "value": "ssh -i chave-cazia.pem -p 60022 ubuntu@44.203.243.76",
      "type": "string"
    },
    "ssh_manager_01_proxy_command": {
      "value": "ssh -i chave-cazia.pem -o ProxyCommand=\"ssh -W %h:%p -i chave-cazia.pem -p 60022 ubuntu@44.203.243.76\" ubuntu@10.0.1.170",
      "type": "string"
    }
  },
  "resources": [
    {
      "mode": "data",
      "type": "aws_ami",
      "name": "ubuntu",
      "provider": "provider[\"registry.terraform.io/hashicorp/aws\"]",
      "instances": [
        {
          "schema_version": 0,
          "attributes": {
            "allow_unsafe_filter": null,
            "architecture": "x86_64",
            "arn": "arn:aws:ec2:us-east-1::image/ami-03deb8c961063af8c",
            "block_device_mappings": [
              {
                "device_name": "/dev/sda1",
                "ebs": {
                  "delete_on_termination": "true",
                  "encrypted": "false",
                  "iops": "0",
                  "snapshot_id": "snap-0857ccdc177548e96",
                  "throughput": "0",
                  "volume_initialization_rate": "0",
                  "volume_size": "8",
                  "volume_type": "gp2"
                },
                "no_device": "",
                "virtual_name": ""
              },
              {
                "device_name": "/dev/sdb",
                "ebs": {},
                "no_device": "",
                "virtual_name": "ephemeral0"
              },
              {
                "device_name": "/dev/sdc",
                "ebs": {},
                "no_device": "",
                "virtual_name": "ephemeral1"
              }
            ],
            "boot_mode": "uefi-preferred",
            "creation_date": "2025-11-22T06:49:32.000Z",
            "deprecation_time": "2027-11-22T06:49:32.000Z",
            "description": "Canonical, Ubuntu, 22.04, amd64 jammy image",
            "ena_support": true,
            "executable_users": null,
            "filter": [
              {
                "name": "name",
                "values": [
                  "ubuntu/images/hvm-ssd/ubuntu-jammy-22.04-amd64-server-*"
                ]
              },
              {
                "name": "virtualization-type",
                "values": [
                  "hvm"
                ]
              }
            ],
            "hypervisor": "xen",
            "id": "ami-03deb8c961063af8c",
            "image_id": "ami-03deb8c961063af8c",
            "image_location": "amazon/ubuntu/images/hvm-ssd/ubuntu-jammy-22.04-amd64-server-20251122",
            "image_owner_alias": "amazon",
            "image_type": "machine",
            "imds_support": "",
            "include_deprecated": false,
            "kernel_id": "",
            "last_launched_time": "",
            "most_recent": true,
            "name": "ubuntu/images/hvm-ssd/ubuntu-jammy-22.04-amd64-server-20251122",
            "name_regex": null,
            "owner_id": "099720109477",
            "owners": [
              "099720109477"
            ],
            "platform": "",
            "platform_details": "Linux/UNIX",
            "product_codes": [],
            "public": true,
            "ramdisk_id": "",
            "region": "us-east-1",
            "root_device_name": "/dev/sda1",
            "root_device_type": "ebs",
            "root_snapshot_id": "snap-0857ccdc177548e96",
            "sriov_net_support": "simple",
            "state": "available",
            "state_reason": {
              "code": "UNSET",
              "message": "UNSET"
            },
            "tags": {},
            "timeouts": null,
            "tpm_support": "",
            "uefi_data": null,
            "usage_operation": "RunInstances",
            "virtualization_type": "hvm"
          },
          "sensitive_attributes": [],
          "identity_schema_version": 0
        }
      ]
    },
    {
      "mode": "data",
      "type": "aws_availability_zones",
      "name": "available",
      "provider": "provider[\"registry.terraform.io/hashicorp/aws\"]",
      "instances": [
        {
          "schema_version": 0,
          "attributes": {
            "all_availability_zones": null,
            "exclude_names": null,
            "exclude_zone_ids": null,
            "filter": null,
            "group_names": [
              "us-east-1-zg-1"
            ],
            "id": "us-east-1",
            "names": [
              "us-east-1a",
              "us-east-1b",
              "us-east-1c",
              "us-east-1d",
              "us-east-1e",
              "us-east-1f"
            ],
            "region": "us-east-1",
            "state": "available",
            "timeouts": null,
            "zone_ids": [
              "use1-az1",
              "use1-az2",
              "use1-az4",
              "use1-az6",
              "use1-az3",
              "use1-az5"
            ]
          },
          "sensitive_attributes": [],
          "identity_schema_version": 0
        }
      ]
    },
    {
      "mode": "managed",
      "type": "aws_instance",
      "name": "haproxy",
      "provider": "provider[\"registry.terraform.io/hashicorp/aws\"]",
      "instances": [
        {
          "schema_version": 2,
          "attributes": {
            "ami": "ami-03deb8c961063af8c",
            "arn": "arn:aws:ec2:us-east-1:476064939890:instance/i-0ec1b403cf38fbd2c",
            "associate_public_ip_address": true,
            "availability_zone": "us-east-1a",
            "capacity_reservation_specification": [
              {
                "capacity_reservation_preference": "open",
                "capacity_reservation_target": []
              }
            ],
            "cpu_options": [
              {
                "amd_sev_snp": "",
                "core_count": 1,
                "threads_per_core": 1
              }
            ],
            "credit_specification": [
              {
                "cpu_credits": "standard"
              }
            ],
            "disable_api_stop": false,
            "disable_api_termination": false,
            "ebs_block_device": [],
            "ebs_optimized": false,
            "enable_primary_ipv6": null,
            "enclave_options": [
              {
                "enabled": false
              }
            ],
            "ephemeral_block_device": [],
            "force_destroy": false,
            "get_password_data": false,
            "hibernation": false,
            "host_id": "",
            "host_resource_group_arn": null,
            "iam_instance_profile": "",
            "id": "i-0ec1b403cf38fbd2c",
            "instance_initiated_shutdown_behavior": "stop",
            "instance_lifecycle": "",
            "instance_market_options": [],
            "instance_state": "running",
            "instance_type": "t2.micro",
            "ipv6_address_count": 0,
            "ipv6_addresses": [],
            "key_name": "chave-cazia-ansible",
            "launch_template": [],
            "maintenance_options": [
              {
                "auto_recovery": "default"
              }
            ],
            "metadata_options": [
              {
                "http_endpoint": "enabled",
                "http_protocol_ipv6": "disabled",
                "http_put_response_hop_limit": 1,
                "http_tokens": "optional",
                "instance_metadata_tags": "disabled"
              }
            ],
            "monitoring": false,
            "network_interface": [],
            "outpost_arn": "",
            "password_data": "",
            "placement_group": "",
            "placement_group_id": "",
            "placement_partition_number": 0,
            "primary_network_interface": [
              {
                "delete_on_termination": true,
                "network_interface_id": "eni-004772bbaedeb4d7b"
              }
            ],
            "primary_network_interface_id": "eni-004772bbaedeb4d7b",
            "private_dns": "ip-10-0-101-19.ec2.internal",
            "private_dns_name_options": [
              {
                "enable_resource_name_dns_a_record": false,
                "enable_resource_name_dns_aaaa_record": false,
                "hostname_type": "ip-name"
              }
            ],
            "private_ip": "10.0.101.19",
            "public_dns": "ec2-44-203-243-76.compute-1.amazonaws.com",
            "public_ip": "44.203.243.76",
            "region": "us-east-1",
            "root_block_device": [
              {
                "delete_on_termination": true,
                "device_name": "/dev/sda1",
                "encrypted": false,
                "iops": 100,
                "kms_key_id": "",
                "tags": {},
                "tags_all": {},
                "throughput": 0,
                "volume_id": "vol-0e899a11f6007623d",
                "volume_size": 8,
                "volume_type": "gp2"
              }
            ],
            "secondary_private_ips": [],
            "security_groups": [],
            "source_dest_check": true,
            "spot_instance_request_id": "",
            "subnet_id": "subnet-07065f71d793c58f8",
            "tags": {
              "Name": "haproxy"
            },
            "tags_all": {
              "Name": "haproxy"
            },
            "tenancy": "default",
            "timeouts": null,
            "user_data": "#!/bin/bash\necho \"Port 60022\" \u003e\u003e /etc/ssh/sshd_config\nyum install -y policycoreutils-python\nsemanage port -a -t ssh_port_t -p tcp 60022 || true\nsystemctl restart sshd\n",
            "user_data_base64": null,
            "user_data_replace_on_change": false,
            "volume_tags": null,
            "vpc_security_group_ids": [
              "sg-0db5867d209d9719a"
            ]
          },
          "sensitive_attributes": [],
          "identity_schema_version": 0,
          "identity": {
            "account_id": "476064939890",
            "id": "i-0ec1b403cf38fbd2c",
            "region": "us-east-1"
          },
          "private": "eyJlMmJmYjczMC1lY2FhLTExZTYtOGY4OC0zNDM2M2JjN2M0YzAiOnsiY3JlYXRlIjo2MDAwMDAwMDAwMDAsImRlbGV0ZSI6MTIwMDAwMDAwMDAwMCwicmVhZCI6OTAwMDAwMDAwMDAwLCJ1cGRhdGUiOjYwMDAwMDAwMDAwMH0sInNjaGVtYV92ZXJzaW9uIjoiMiJ9",
          "dependencies": [
            "aws_key_pair.kp",
            "aws_security_group.haproxy_sg",
            "data.aws_ami.ubuntu",
            "data.aws_availability_zones.available",
            "module.vpc.aws_subnet.public",
            "module.vpc.aws_vpc.this",
            "module.vpc.aws_vpc_ipv4_cidr_block_association.this",
            "tls_private_key.pk"
          ]
        }
      ]
    },
    {
      "mode": "managed",
      "type": "aws_instance",
      "name": "manager",
      "provider": "provider[\"registry.terraform.io/hashicorp/aws\"]",
      "instances": [
        {
          "index_key": "swarm-manager-01",
          "schema_version": 2,
          "attributes": {
            "ami": "ami-03deb8c961063af8c",
            "arn": "arn:aws:ec2:us-east-1:476064939890:instance/i-029e38e98fc867379",
            "associate_public_ip_address": false,
            "availability_zone": "us-east-1a",
            "capacity_reservation_specification": [
              {
                "capacity_reservation_preference": "open",
                "capacity_reservation_target": []
              }
            ],
            "cpu_options": [
              {
                "amd_sev_snp": "",
                "core_count": 1,
                "threads_per_core": 2
              }
            ],
            "credit_specification": [
              {
                "cpu_credits": "unlimited"
              }
            ],
            "disable_api_stop": false,
            "disable_api_termination": false,
            "ebs_block_device": [
              {
                "delete_on_termination": true,
                "device_name": "/dev/sdb",
                "encrypted": false,
                "iops": 0,
                "kms_key_id": "",
                "snapshot_id": "",
                "tags": {},
                "tags_all": {},
                "throughput": 0,
                "volume_id": "vol-0e2810acb761c35c3",
                "volume_size": 20,
                "volume_type": "standard"
              }
            ],
            "ebs_optimized": false,
            "enable_primary_ipv6": null,
            "enclave_options": [
              {
                "enabled": false
              }
            ],
            "ephemeral_block_device": [],
            "force_destroy": false,
            "get_password_data": false,
            "hibernation": false,
            "host_id": "",
            "host_resource_group_arn": null,
            "iam_instance_profile": "",
            "id": "i-029e38e98fc867379",
            "instance_initiated_shutdown_behavior": "stop",
            "instance_lifecycle": "",
            "instance_market_options": [],
            "instance_state": "running",
            "instance_type": "t3.medium",
            "ipv6_address_count": 0,
            "ipv6_addresses": [],
            "key_name": "chave-cazia-ansible",
            "launch_template": [],
            "maintenance_options": [
              {
                "auto_recovery": "default"
              }
            ],
            "metadata_options": [
              {
                "http_endpoint": "enabled",
                "http_protocol_ipv6": "disabled",
                "http_put_response_hop_limit": 1,
                "http_tokens": "optional",
                "instance_metadata_tags": "disabled"
              }
            ],
            "monitoring": false,
            "network_interface": [],
            "outpost_arn": "",
            "password_data": "",
            "placement_group": "",
            "placement_group_id": "",
            "placement_partition_number": 0,
            "primary_network_interface": [
              {
                "delete_on_termination": true,
                "network_interface_id": "eni-0d7a02e85e6c633fd"
              }
            ],
            "primary_network_interface_id": "eni-0d7a02e85e6c633fd",
            "private_dns": "ip-10-0-1-170.ec2.internal",
            "private_dns_name_options": [
              {
                "enable_resource_name_dns_a_record": false,
                "enable_resource_name_dns_aaaa_record": false,
                "hostname_type": "ip-name"
              }
            ],
            "private_ip": "10.0.1.170",
            "public_dns": "",
            "public_ip": "",
            "region": "us-east-1",
            "root_block_device": [
              {
                "delete_on_termination": true,
                "device_name": "/dev/sda1",
                "encrypted": false,
                "iops": 100,
                "kms_key_id": "",
                "tags": {},
                "tags_all": {},
                "throughput": 0,
                "volume_id": "vol-001778e3a92623707",
                "volume_size": 8,
                "volume_type": "gp2"
              }
            ],
            "secondary_private_ips": [],
            "security_groups": [],
            "source_dest_check": true,
            "spot_instance_request_id": "",
            "subnet_id": "subnet-0eadbaa0a0a94ceb0",
            "tags": {
              "Name": "swarm-manager-01",
              "Role": "Manager"
            },
            "tags_all": {
              "Name": "swarm-manager-01",
              "Role": "Manager"
            },
            "tenancy": "default",
            "timeouts": null,
            "user_data": null,
            "user_data_base64": null,
            "user_data_replace_on_change": false,
            "volume_tags": null,
            "vpc_security_group_ids": [
              "sg-04ff45a384f4d0f37"
            ]
          },
          "sensitive_attributes": [],
          "identity_schema_version": 0,
          "identity": {
            "account_id": "476064939890",
            "id": "i-029e38e98fc867379",
            "region": "us-east-1"
          },
          "private": "eyJlMmJmYjczMC1lY2FhLTExZTYtOGY4OC0zNDM2M2JjN2M0YzAiOnsiY3JlYXRlIjo2MDAwMDAwMDAwMDAsImRlbGV0ZSI6MTIwMDAwMDAwMDAwMCwicmVhZCI6OTAwMDAwMDAwMDAwLCJ1cGRhdGUiOjYwMDAwMDAwMDAwMH0sInNjaGVtYV92ZXJzaW9uIjoiMiJ9",
          "dependencies": [
            "aws_key_pair.kp",
            "aws_security_group.haproxy_sg",
            "aws_security_group.swarm_sg",
            "data.aws_ami.ubuntu",
            "data.aws_availability_zones.available",
            "module.vpc.aws_subnet.private",
            "module.vpc.aws_vpc.this",
            "module.vpc.aws_vpc_ipv4_cidr_block_association.this",
            "tls_private_key.pk"
          ]
        },
        {
          "index_key": "swarm-manager-02",
          "schema_version": 2,
          "attributes": {
            "ami": "ami-03deb8c961063af8c",
            "arn": "arn:aws:ec2:us-east-1:476064939890:instance/i-0076a6695aa2a3b5a",
            "associate_public_ip_address": false,
            "availability_zone": "us-east-1b",
            "capacity_reservation_specification": [
              {
                "capacity_reservation_preference": "open",
                "capacity_reservation_target": []
              }
            ],
            "cpu_options": [
              {
                "amd_sev_snp": "",
                "core_count": 1,
                "threads_per_core": 2
              }
            ],
            "credit_specification": [
              {
                "cpu_credits": "unlimited"
              }
            ],
            "disable_api_stop": false,
            "disable_api_termination": false,
            "ebs_block_device": [
              {
                "delete_on_termination": true,
                "device_name": "/dev/sdb",
                "encrypted": false,
                "iops": 0,
                "kms_key_id": "",
                "snapshot_id": "",
                "tags": {},
                "tags_all": {},
                "throughput": 0,
                "volume_id": "vol-0d9d11efa79f99785",
                "volume_size": 20,
                "volume_type": "standard"
              }
            ],
            "ebs_optimized": false,
            "enable_primary_ipv6": null,
            "enclave_options": [
              {
                "enabled": false
              }
            ],
            "ephemeral_block_device": [],
            "force_destroy": false,
            "get_password_data": false,
            "hibernation": false,
            "host_id": "",
            "host_resource_group_arn": null,
            "iam_instance_profile": "",
            "id": "i-0076a6695aa2a3b5a",
            "instance_initiated_shutdown_behavior": "stop",
            "instance_lifecycle": "",
            "instance_market_options": [],
            "instance_state": "running",
            "instance_type": "t3.medium",
            "ipv6_address_count": 0,
            "ipv6_addresses": [],
            "key_name": "chave-cazia-ansible",
            "launch_template": [],
            "maintenance_options": [
              {
                "auto_recovery": "default"
              }
            ],
            "metadata_options": [
              {
                "http_endpoint": "enabled",
                "http_protocol_ipv6": "disabled",
                "http_put_response_hop_limit": 1,
                "http_tokens": "optional",
                "instance_metadata_tags": "disabled"
              }
            ],
            "monitoring": false,
            "network_interface": [],
            "outpost_arn": "",
            "password_data": "",
            "placement_group": "",
            "placement_group_id": "",
            "placement_partition_number": 0,
            "primary_network_interface": [
              {
                "delete_on_termination": true,
                "network_interface_id": "eni-053680c3aabf8fdb6"
              }
            ],
            "primary_network_interface_id": "eni-053680c3aabf8fdb6",
            "private_dns": "ip-10-0-2-25.ec2.internal",
            "private_dns_name_options": [
              {
                "enable_resource_name_dns_a_record": false,
                "enable_resource_name_dns_aaaa_record": false,
                "hostname_type": "ip-name"
              }
            ],
            "private_ip": "10.0.2.25",
            "public_dns": "",
            "public_ip": "",
            "region": "us-east-1",
            "root_block_device": [
              {
                "delete_on_termination": true,
                "device_name": "/dev/sda1",
                "encrypted": false,
                "iops": 100,
                "kms_key_id": "",
                "tags": {},
                "tags_all": {},
                "throughput": 0,
                "volume_id": "vol-0a13b653349f2353e",
                "volume_size": 8,
                "volume_type": "gp2"
              }
            ],
            "secondary_private_ips": [],
            "security_groups": [],
            "source_dest_check": true,
            "spot_instance_request_id": "",
            "subnet_id": "subnet-06d7d15907efb69d8",
            "tags": {
              "Name": "swarm-manager-02",
              "Role": "Manager"
            },
            "tags_all": {
              "Name": "swarm-manager-02",
              "Role": "Manager"
            },
            "tenancy": "default",
            "timeouts": null,
            "user_data": null,
            "user_data_base64": null,
            "user_data_replace_on_change": false,
            "volume_tags": null,
            "vpc_security_group_ids": [
              "sg-04ff45a384f4d0f37"
            ]
          },
          "sensitive_attributes": [],
          "identity_schema_version": 0,
          "identity": {
            "account_id": "476064939890",
            "id": "i-0076a6695aa2a3b5a",
            "region": "us-east-1"
          },
          "private": "eyJlMmJmYjczMC1lY2FhLTExZTYtOGY4OC0zNDM2M2JjN2M0YzAiOnsiY3JlYXRlIjo2MDAwMDAwMDAwMDAsImRlbGV0ZSI6MTIwMDAwMDAwMDAwMCwicmVhZCI6OTAwMDAwMDAwMDAwLCJ1cGRhdGUiOjYwMDAwMDAwMDAwMH0sInNjaGVtYV92ZXJzaW9uIjoiMiJ9",
          "dependencies": [
            "aws_key_pair.kp",
            "aws_security_group.haproxy_sg",
            "aws_security_group.swarm_sg",
            "data.aws_ami.ubuntu",
            "data.aws_availability_zones.available",
            "module.vpc.aws_subnet.private",
            "module.vpc.aws_vpc.this",
            "module.vpc.aws_vpc_ipv4_cidr_block_association.this",
            "tls_private_key.pk"
          ]
        },
        {
          "index_key": "swarm-manager-03",
          "schema_version": 2,
          "attributes": {
            "ami": "ami-03deb8c961063af8c",
            "arn": "arn:aws:ec2:us-east-1:476064939890:instance/i-05dc1026ae6bb0793",
            "associate_public_ip_address": false,
            "availability_zone": "us-east-1a",
            "capacity_reservation_specification": [
              {
                "capacity_reservation_preference": "open",
                "capacity_reservation_target": []
              }
            ],
            "cpu_options": [
              {
                "amd_sev_snp": "",
                "core_count": 1,
                "threads_per_core": 2
              }
            ],
            "credit_specification": [
              {
                "cpu_credits": "unlimited"
              }
            ],
            "disable_api_stop": false,
            "disable_api_termination": false,
            "ebs_block_device": [
              {
                "delete_on_termination": true,
                "device_name": "/dev/sdb",
                "encrypted": false,
                "iops": 0,
                "kms_key_id": "",
                "snapshot_id": "",
                "tags": {},
                "tags_all": {},
                "throughput": 0,
                "volume_id": "vol-0f319f5e4f53e7003",
                "volume_size": 20,
                "volume_type": "standard"
              }
            ],
            "ebs_optimized": false,
            "enable_primary_ipv6": null,
            "enclave_options": [
              {
                "enabled": false
              }
            ],
            "ephemeral_block_device": [],
            "force_destroy": false,
            "get_password_data": false,
            "hibernation": false,
            "host_id": "",
            "host_resource_group_arn": null,
            "iam_instance_profile": "",
            "id": "i-05dc1026ae6bb0793",
            "instance_initiated_shutdown_behavior": "stop",
            "instance_lifecycle": "",
            "instance_market_options": [],
            "instance_state": "running",
            "instance_type": "t3.medium",
            "ipv6_address_count": 0,
            "ipv6_addresses": [],
            "key_name": "chave-cazia-ansible",
            "launch_template": [],
            "maintenance_options": [
              {
                "auto_recovery": "default"
              }
            ],
            "metadata_options": [
              {
                "http_endpoint": "enabled",
                "http_protocol_ipv6": "disabled",
                "http_put_response_hop_limit": 1,
                "http_tokens": "optional",
                "instance_metadata_tags": "disabled"
              }
            ],
            "monitoring": false,
            "network_interface": [],
            "outpost_arn": "",
            "password_data": "",
            "placement_group": "",
            "placement_group_id": "",
            "placement_partition_number": 0,
            "primary_network_interface": [
              {
                "delete_on_termination": true,
                "network_interface_id": "eni-0560293debb126ffa"
              }
            ],
            "primary_network_interface_id": "eni-0560293debb126ffa",
            "private_dns": "ip-10-0-1-123.ec2.internal",
            "private_dns_name_options": [
              {
                "enable_resource_name_dns_a_record": false,
                "enable_resource_name_dns_aaaa_record": false,
                "hostname_type": "ip-name"
              }
            ],
            "private_ip": "10.0.1.123",
            "public_dns": "",
            "public_ip": "",
            "region": "us-east-1",
            "root_block_device": [
              {
                "delete_on_termination": true,
                "device_name": "/dev/sda1",
                "encrypted": false,
                "iops": 100,
                "kms_key_id": "",
                "tags": {},
                "tags_all": {},
                "throughput": 0,
                "volume_id": "vol-0eac79b81045406d0",
                "volume_size": 8,
                "volume_type": "gp2"
              }
            ],
            "secondary_private_ips": [],
            "security_groups": [],
            "source_dest_check": true,
            "spot_instance_request_id": "",
            "subnet_id": "subnet-0eadbaa0a0a94ceb0",
            "tags": {
              "Name": "swarm-manager-03",
              "Role": "Manager"
            },
            "tags_all": {
              "Name": "swarm-manager-03",
              "Role": "Manager"
            },
            "tenancy": "default",
            "timeouts": null,
            "user_data": null,
            "user_data_base64": null,
            "user_data_replace_on_change": false,
            "volume_tags": null,
            "vpc_security_group_ids": [
              "sg-04ff45a384f4d0f37"
            ]
          },
          "sensitive_attributes": [],
          "identity_schema_version": 0,
          "identity": {
            "account_id": "476064939890",
            "id": "i-05dc1026ae6bb0793",
            "region": "us-east-1"
          },
          "private": "eyJlMmJmYjczMC1lY2FhLTExZTYtOGY4OC0zNDM2M2JjN2M0YzAiOnsiY3JlYXRlIjo2MDAwMDAwMDAwMDAsImRlbGV0ZSI6MTIwMDAwMDAwMDAwMCwicmVhZCI6OTAwMDAwMDAwMDAwLCJ1cGRhdGUiOjYwMDAwMDAwMDAwMH0sInNjaGVtYV92ZXJzaW9uIjoiMiJ9",
          "dependencies": [
            "aws_key_pair.kp",
            "aws_security_group.haproxy_sg",
            "aws_security_group.swarm_sg",
            "data.aws_ami.ubuntu",
            "data.aws_availability_zones.available",
            "module.vpc.aws_subnet.private",
            "module.vpc.aws_vpc.this",
            "module.vpc.aws_vpc_ipv4_cidr_block_association.this",
            "tls_private_key.pk"
          ]
        }
      ]
    },
    {
      "mode": "managed",
      "type": "aws_instance",
      "name": "worker",
      "provider": "provider[\"registry.terraform.io/hashicorp/aws\"]",
      "instances": [
        {
          "index_key": "swarm-worker-01",
          "schema_version": 2,
          "attributes": {
            "ami": "ami-03deb8c961063af8c",
            "arn": "arn:aws:ec2:us-east-1:476064939890:instance/i-0be107fd16833e57f",
            "associate_public_ip_address": false,
            "availability_zone": "us-east-1a",
            "capacity_reservation_specification": [
              {
                "capacity_reservation_preference": "open",
                "capacity_reservation_target": []
              }
            ],
            "cpu_options": [
              {
                "amd_sev_snp": "",
                "core_count": 1,
                "threads_per_core": 2
              }
            ],
            "credit_specification": [
              {
                "cpu_credits": "unlimited"
              }
            ],
            "disable_api_stop": false,
            "disable_api_termination": false,
            "ebs_block_device": [],
            "ebs_optimized": false,
            "enable_primary_ipv6": null,
            "enclave_options": [
              {
                "enabled": false
              }
            ],
            "ephemeral_block_device": [],
            "force_destroy": false,
            "get_password_data": false,
            "hibernation": false,
            "host_id": "",
            "host_resource_group_arn": null,
            "iam_instance_profile": "",
            "id": "i-0be107fd16833e57f",
            "instance_initiated_shutdown_behavior": "stop",
            "instance_lifecycle": "",
            "instance_market_options": [],
            "instance_state": "running",
            "instance_type": "t3.small",
            "ipv6_address_count": 0,
            "ipv6_addresses": [],
            "key_name": "chave-cazia-ansible",
            "launch_template": [],
            "maintenance_options": [
              {
                "auto_recovery": "default"
              }
            ],
            "metadata_options": [
              {
                "http_endpoint": "enabled",
                "http_protocol_ipv6": "disabled",
                "http_put_response_hop_limit": 1,
                "http_tokens": "optional",
                "instance_metadata_tags": "disabled"
              }
            ],
            "monitoring": false,
            "network_interface": [],
            "outpost_arn": "",
            "password_data": "",
            "placement_group": "",
            "placement_group_id": "",
            "placement_partition_number": 0,
            "primary_network_interface": [
              {
                "delete_on_termination": true,
                "network_interface_id": "eni-0f6b7375ee55fa042"
              }
            ],
            "primary_network_interface_id": "eni-0f6b7375ee55fa042",
            "private_dns": "ip-10-0-1-140.ec2.internal",
            "private_dns_name_options": [
              {
                "enable_resource_name_dns_a_record": false,
                "enable_resource_name_dns_aaaa_record": false,
                "hostname_type": "ip-name"
              }
            ],
            "private_ip": "10.0.1.140",
            "public_dns": "",
            "public_ip": "",
            "region": "us-east-1",
            "root_block_device": [
              {
                "delete_on_termination": true,
                "device_name": "/dev/sda1",
                "encrypted": false,
                "iops": 100,
                "kms_key_id": "",
                "tags": {},
                "tags_all": {},
                "throughput": 0,
                "volume_id": "vol-090df92a2002fd073",
                "volume_size": 8,
                "volume_type": "gp2"
              }
            ],
            "secondary_private_ips": [],
            "security_groups": [],
            "source_dest_check": true,
            "spot_instance_request_id": "",
            "subnet_id": "subnet-0eadbaa0a0a94ceb0",
            "tags": {
              "Name": "swarm-worker-01",
              "Role": "Worker"
            },
            "tags_all": {
              "Name": "swarm-worker-01",
              "Role": "Worker"
            },
            "tenancy": "default",
            "timeouts": null,
            "user_data": null,
            "user_data_base64": null,
            "user_data_replace_on_change": false,
            "volume_tags": null,
            "vpc_security_group_ids": [
              "sg-04ff45a384f4d0f37"
            ]
          },
          "sensitive_attributes": [],
          "identity_schema_version": 0,
          "identity": {
            "account_id": "476064939890",
            "id": "i-0be107fd16833e57f",
            "region": "us-east-1"
          },
          "private": "eyJlMmJmYjczMC1lY2FhLTExZTYtOGY4OC0zNDM2M2JjN2M0YzAiOnsiY3JlYXRlIjo2MDAwMDAwMDAwMDAsImRlbGV0ZSI6MTIwMDAwMDAwMDAwMCwicmVhZCI6OTAwMDAwMDAwMDAwLCJ1cGRhdGUiOjYwMDAwMDAwMDAwMH0sInNjaGVtYV92ZXJzaW9uIjoiMiJ9",
          "dependencies": [
            "aws_key_pair.kp",
            "aws_security_group.haproxy_sg",
            "aws_security_group.swarm_sg",
            "data.aws_ami.ubuntu",
            "data.aws_availability_zones.available",
            "module.vpc.aws_subnet.private",
            "module.vpc.aws_vpc.this",
            "module.vpc.aws_vpc_ipv4_cidr_block_association.this",
            "tls_private_key.pk"
          ]
        }
      ]
    },
    {
      "mode": "managed",
      "type": "aws_key_pair",
      "name": "kp",
      "provider": "provider[\"registry.terraform.io/hashicorp/aws\"]",
      "instances": [
        {
          "schema_version": 1,
          "attributes": {
            "arn": "arn:aws:ec2:us-east-1:476064939890:key-pair/chave-cazia-ansible",
            "fingerprint": "b7:8d:a1:31:95:6e:d6:6a:94:f8:41:4b:1c:59:b4:35",
            "id": "chave-cazia-ansible",
            "key_name": "chave-cazia-ansible",
            "key_name_prefix": "",
            "key_pair_id": "key-0177e311e446882ca",
            "key_type": "rsa",
            "public_key": "ssh-rsa AAAAB3NzaC1yc2EAAAADAQABAAACAQC6V0D2zWUmEIsRvbdHSbhi7RTf/nxLSB/X9gN6GmkNMiHbsZo7gmQ0Uj1MQ65v/LG/RMoLcZQ+TsRfleeo5H3CvDKB+QA8hqb59O6Xb7xW2eLZNBbF7aLZdjWc7wiNiDfFRFyyhdeGICHB9ExmOsAKRblNsJ+Vy7G7Uo9o5a7wpnnSMJGPTTAXF5jSvEZLov+zY0/QMFsoh5XB1XTtv3iBwR97SpLWakjfRicEVqzl7aXF5vNkNikGqYMcYVc/ie/i1oVdbg8snNTqFbcRJYphnP9Qf+REH/CsrvNi804lnVfTLKj5sEjyk+iTYkWQRBOlfijyLqw8gOOTinw7iJoVIo143MeUVFV7ubzoestdWEDWA397gvPY/xHmxo4Le5tLqPpUnTnQRmQF9aaxCy8m1q17jQ3fG5y2qTqDxfnGUyFExQnWLxD1/Yq1cgjEi/0DTmo3/Svq5knq6Caci0XJb9deKJ+Mwi66DXD2aZAMwkpQJdXojXRauyyRcanNuPVuc+TjxYnxNRQJBdCGuKRsCq9Pj8obe3FY97LNR0vwguLv9BSJjQeV4TT7GIhny6A7kAaTy7YdtU6mX6OG7t+5CO/Rh0PGglx18K761fhjIww2VaNboc4A8PAaHpdDdWgKoM3TgYtu5HGAmEX027J2tYqPrvyXnY5IimnB5bimJQ==",
            "region": "us-east-1",
            "tags": null,
            "tags_all": {}
          },
          "sensitive_attributes": [],
          "identity_schema_version": 0,
          "private": "eyJzY2hlbWFfdmVyc2lvbiI6IjEifQ==",
          "dependencies": [
            "tls_private_key.pk"
          ]
        }
      ]
    },
    {
      "mode": "managed",
      "type": "aws_security_group",
      "name": "haproxy_sg",
      "provider": "provider[\"registry.terraform.io/hashicorp/aws\"]",
      "instances": [
        {
          "schema_version": 1,
          "attributes": {
            "arn": "arn:aws:ec2:us-east-1:476064939890:security-group/sg-0db5867d209d9719a",
            "description": "Managed by Terraform",
            "egress": [
              {
                "cidr_blocks": [
                  "0.0.0.0/0"
                ],
                "description": "",
                "from_port": 0,
                "ipv6_cidr_blocks": [],
                "prefix_list_ids": [],
                "protocol": "-1",
                "security_groups": [],
                "self": false,
                "to_port": 0
              }
            ],
            "id": "sg-0db5867d209d9719a",
            "ingress": [
              {
                "cidr_blocks": [
                  "0.0.0.0/0"
                ],
                "description": "",
                "from_port": 443,
                "ipv6_cidr_blocks": [],
                "prefix_list_ids": [],
                "protocol": "tcp",
                "security_groups": [],
                "self": false,
                "to_port": 443
              },
              {
                "cidr_blocks": [
                  "0.0.0.0/0"
                ],
                "description": "",
                "from_port": 60022,
                "ipv6_cidr_blocks": [],
                "prefix_list_ids": [],
                "protocol": "tcp",
                "security_groups": [],
                "self": false,
                "to_port": 60022
              },
              {
                "cidr_blocks": [
                  "0.0.0.0/0"
                ],
                "description": "",
                "from_port": 80,
                "ipv6_cidr_blocks": [],
                "prefix_list_ids": [],
                "protocol": "tcp",
                "security_groups": [],
                "self": false,
                "to_port": 80
              }
            ],
            "name": "haproxy-sg",
            "name_prefix": "",
            "owner_id": "476064939890",
            "region": "us-east-1",
            "revoke_rules_on_delete": false,
            "tags": null,
            "tags_all": {},
            "timeouts": null,
            "vpc_id": "vpc-0ffe2ef19ff4c57df"
          },
          "sensitive_attributes": [],
          "identity_schema_version": 0,
          "identity": {
            "account_id": "476064939890",
            "id": "sg-0db5867d209d9719a",
            "region": "us-east-1"
          },
          "private": "eyJlMmJmYjczMC1lY2FhLTExZTYtOGY4OC0zNDM2M2JjN2M0YzAiOnsiY3JlYXRlIjo2MDAwMDAwMDAwMDAsImRlbGV0ZSI6OTAwMDAwMDAwMDAwfSwic2NoZW1hX3ZlcnNpb24iOiIxIn0=",
          "dependencies": [
            "module.vpc.aws_vpc.this"
          ]
        }
      ]
    },
    {
      "mode": "managed",
      "type": "aws_security_group",
      "name": "swarm_sg",
      "provider": "provider[\"registry.terraform.io/hashicorp/aws\"]",
      "instances": [
        {
          "schema_version": 1,
          "attributes": {
            "arn": "arn:aws:ec2:us-east-1:476064939890:security-group/sg-04ff45a384f4d0f37",
            "description": "Managed by Terraform",
            "egress": [
              {
                "cidr_blocks": [
                  "0.0.0.0/0"
                ],
                "description": "",
                "from_port": 0,
                "ipv6_cidr_blocks": [],
                "prefix_list_ids": [],
                "protocol": "-1",
                "security_groups": [],
                "self": false,
                "to_port": 0
              }
            ],
            "id": "sg-04ff45a384f4d0f37",
            "ingress": [
              {
                "cidr_blocks": [
                  "0.0.0.0/0"
                ],
                "description": "",
                "from_port": 443,
                "ipv6_cidr_blocks": [],
                "prefix_list_ids": [],
                "protocol": "tcp",
                "security_groups": [],
                "self": false,
                "to_port": 443
              },
              {
                "cidr_blocks": [
                  "0.0.0.0/0"
                ],
                "description": "",
                "from_port": 80,
                "ipv6_cidr_blocks": [],
                "prefix_list_ids": [],
                "protocol": "tcp",
                "security_groups": [],
                "self": false,
                "to_port": 80
              },
              {
                "cidr_blocks": [],
                "description": "",
                "from_port": 0,
                "ipv6_cidr_blocks": [],
                "prefix_list_ids": [],
                "protocol": "-1",
                "security_groups": [],
                "self": true,
                "to_port": 0
              },
              {
                "cidr_blocks": [],
                "description": "",
                "from_port": 22,
                "ipv6_cidr_blocks": [],
                "prefix_list_ids": [],
                "protocol": "tcp",
                "security_groups": [
                  "sg-0db5867d209d9719a"
                ],
                "self": false,
                "to_port": 22
              }
            ],
            "name": "swarm-sg",
            "name_prefix": "",
            "owner_id": "476064939890",
            "region": "us-east-1",
            "revoke_rules_on_delete": false,
            "tags": null,
            "tags_all": {},
            "timeouts": null,
            "vpc_id": "vpc-0ffe2ef19ff4c57df"
          },
          "sensitive_attributes": [],
          "identity_schema_version": 0,
          "identity": {
            "account_id": "476064939890",
            "id": "sg-04ff45a384f4d0f37",
            "region": "us-east-1"
          },
          "private": "eyJlMmJmYjczMC1lY2FhLTExZTYtOGY4OC0zNDM2M2JjN2M0YzAiOnsiY3JlYXRlIjo2MDAwMDAwMDAwMDAsImRlbGV0ZSI6OTAwMDAwMDAwMDAwfSwic2NoZW1hX3ZlcnNpb24iOiIxIn0=",
          "dependencies": [
            "aws_security_group.haproxy_sg",
            "module.vpc.aws_vpc.this"
          ]
        }
      ]
    },
    {
      "mode": "managed",
      "type": "cloudflare_dns_record",
      "name": "whoami",
      "provider": "provider[\"registry.terraform.io/cloudflare/cloudflare\"]",
      "instances": [
        {
          "schema_version": 0,
          "attributes": {
            "comment": "CNAME para o NLB do cluster Docker Swarm",
            "comment_modified_on": "2025-12-04T23:37:41Z",
            "content": "44.203.243.76",
            "created_on": "2025-12-04T23:37:41Z",
            "data": null,
            "id": "d5a8d5a496bdfc5a727f46b0fb4090c1",
            "meta": "{}",
            "modified_on": "2025-12-04T23:37:41Z",
            "name": "haproxy",
            "priority": null,
            "proxiable": true,
            "proxied": false,
            "settings": {
              "flatten_cname": null,
              "ipv4_only": null,
              "ipv6_only": null
            },
            "tags": [],
            "tags_modified_on": null,
            "ttl": 300,
            "type": "A",
            "zone_id": "10d41be99f37eefc51ebb0b4669211d0"
          },
          "sensitive_attributes": [],
          "identity_schema_version": 0,
          "dependencies": [
            "aws_instance.haproxy",
            "aws_key_pair.kp",
            "aws_security_group.haproxy_sg",
            "data.aws_ami.ubuntu",
            "data.aws_availability_zones.available",
            "module.vpc.aws_subnet.public",
            "module.vpc.aws_vpc.this",
            "module.vpc.aws_vpc_ipv4_cidr_block_association.this",
            "tls_private_key.pk"
          ]
        }
      ]
    },
    {
      "mode": "managed",
      "type": "local_file",
      "name": "ansible_inventory",
      "provider": "provider[\"registry.terraform.io/hashicorp/local\"]",
      "instances": [
        {
          "schema_version": 0,
          "attributes": {
            "content": "[haproxy]\n# CORREÇÃO: Linha única, usando o nome lógico 'haproxy' como inventory_hostname.\nhaproxy ansible_host=44.203.243.76 private_ip=10.0.101.19 ansible_port=60022\n    \n[swarm_managers]\n    swarm-manager-01 ansible_host=10.0.1.170 private_ip=10.0.1.170\n    swarm-manager-02 ansible_host=10.0.2.25 private_ip=10.0.2.25\n    swarm-manager-03 ansible_host=10.0.1.123 private_ip=10.0.1.123\n\n[workers]\n    swarm-worker-01 ansible_host=10.0.1.140 private_ip=10.0.1.140\n\n[gluster_nodes] \n    swarm-manager-01 ansible_host=10.0.1.170 private_ip=10.0.1.170\n    swarm-manager-02 ansible_host=10.0.2.25 private_ip=10.0.2.25\n    swarm-manager-03 ansible_host=10.0.1.123 private_ip=10.0.1.123\n\n[all:vars]\nansible_user=ubuntu\nansible_ssh_private_key_file=./chave-cazia.pem\ndevice2_hdd_dev=/dev/sdb\n# Configuração de Proxy para os hosts internos (Managers e Workers)\nansible_ssh_common_args='-o ProxyCommand=\"ssh -o StrictHostKeyChecking=no -o UserKnownHostsFile=/dev/null -p 60022 -i ./chave-cazia.pem -W %h:%p -q ubuntu@44.203.243.76\" -o StrictHostKeyChecking=no -o UserKnownHostsFile=/dev/null'\n",
            "content_base64": null,
            "content_base64sha256": "hBYgOOTlDtbBJLd7YIQi2fMzkGpU4/bgfWairKzhsH8=",
            "content_base64sha512": "mHBR4Cj1Q9W7tuLF81sq14n2T85/NESf1kbNRN3HDSfdrR57DUIsigrNc6XwDwAhIQIAx5W+EyIvjclvhl/0gg==",
            "content_md5": "150a1931108ffa4a773d9187963fc8f3",
            "content_sha1": "6e99c8a2834a0b5db623d7537b192c72414979d4",
            "content_sha256": "84162038e4e50ed6c124b77b608422d9f333906a54e3f6e07d66a2acace1b07f",
            "content_sha512": "987051e028f543d5bbb6e2c5f35b2ad789f64fce7f34449fd646cd44ddc70d27ddad1e7b0d422c8a0acd73a5f00f0021210200c795be13222f8dc96f865ff482",
            "directory_permission": "0777",
            "file_permission": "0777",
            "filename": "./inventory.ini",
            "id": "6e99c8a2834a0b5db623d7537b192c72414979d4",
            "sensitive_content": null,
            "source": null
          },
          "sensitive_attributes": [
            [
              {
                "type": "get_attr",
                "value": "sensitive_content"
              }
            ]
          ],
          "identity_schema_version": 0,
          "dependencies": [
            "aws_instance.haproxy",
            "aws_instance.manager",
            "aws_instance.worker",
            "aws_key_pair.kp",
            "aws_security_group.haproxy_sg",
            "aws_security_group.swarm_sg",
            "data.aws_ami.ubuntu",
            "data.aws_availability_zones.available",
            "module.vpc.aws_subnet.private",
            "module.vpc.aws_subnet.public",
            "module.vpc.aws_vpc.this",
            "module.vpc.aws_vpc_ipv4_cidr_block_association.this",
            "tls_private_key.pk"
          ]
        }
      ]
    },
    {
      "mode": "managed",
      "type": "local_file",
      "name": "ssh_key",
      "provider": "provider[\"registry.terraform.io/hashicorp/local\"]",
      "instances": [
        {
          "schema_version": 0,
          "attributes": {
            "content": "-----BEGIN RSA PRIVATE KEY-----\nMIIJKQIBAAKCAgEAuldA9s1lJhCLEb23R0m4Yu0U3/58S0gf1/YDehppDTIh27Ga\nO4JkNFI9TEOub/yxv0TKC3GUPk7EX5XnqOR9wrwygfkAPIam+fTul2+8Vtni2TQW\nxe2i2XY1nO8IjYg3xURcsoXXhiAhwfRMZjrACkW5TbCflcuxu1KPaOWu8KZ50jCR\nj00wFxeY0rxGS6L/s2NP0DBbKIeVwdV07b94gcEfe0qS1mpI30YnBFas5e2lxebz\nZDYpBqmDHGFXP4nv4taFXW4PLJzU6hW3ESWKYZz/UH/kRB/wrK7zYvNOJZ1X0yyo\n+bBI8pPok2JFkEQTpX4o8i6sPIDjk4p8O4iaFSKNeNzHlFRVe7m86HrLXVhA1gN/\ne4Lz2P8R5saOC3ubS6j6VJ050EZkBfWmsQsvJtate40N3xuctqk6g8X5xlMhRMUJ\n1i8Q9f2KtXIIxIv9A05qN/0r6uZJ6ugmnItFyW/XXiifjMIuug1w9mmQDMJKUCXV\n6I10WrsskXGpzbj1bnPk48WJ8TUUCQXQhrikbAqvT4/KG3txWPeyzUdL8ILi7/QU\niY0HleE0+xiIZ8ugO5AGk8u2HbVOpl+jhu7fuQjv0YdDxoJcdfCu+tX4YyMMNlWj\nW6HOAPDwGh6XQ3VoCqDN04GLbuRxgJhF9NuydrWKj678l52OSIppweW4piUCAwEA\nAQKCAgANgAxQGoM77ddm1o/x0tS7GrzthIkPRYoEZ18K8zZjXcYyXeyUEqc9W4Ge\n5fQRn3pmO9mH2OJPXagLBSKL69qeUkG2L8Aqt8EJsMsyFAbjuPSfMrpSpoaVoDjp\nUNprB0XZHXyPdN8aPneLpIN+JZQBD9pJbLoxzAM+qdAuM/PHx3E3Kfclwscbk9qp\n1o5Lj7iG+oiPXK2CDclVtNK8SygJKIt7bySdHbAADcZTtrmJ4qePuLgvWArYCs3E\nWjC2xQDToPdNFKVLS2UpPMpZrEFZae/dGRhEhOw21T8DZH1n1WgwlRanQ7RpRLov\n0V8ZAQxLrAyojSVD2z0BqmHD82qMQokGrL/7KPclRmaBH5oqxmeTBwQqjuiKUKXh\nAv+qRG8W63xPjF3+6BbffN+fZlrYlhnjrIK/0kh+Wn8BR4j0PSxVw9asZVLbtSXm\nUUWemQRM2Y7BE+DGnq8mFlJYo04PsqogTioxAd0Eo/f9Ce+Ko/gD0USbWMtB3cgN\nTtbbmlp3ShGItfp4xCKzp8A6EO6Z3qMtP5oxxyqR3GTdmBNTJi3EsRnMVrPVCbKr\nuSXz5incy+ZBmtzw/Ws1ngARr4llnyqMeGEVWj09Nl9zBKJnhZipuhFjN1pnzkya\nocYnRezRG14nd/9GS2J+zxzEPmxFAKE9is6nY+ff1vxBb4jU0QKCAQEA7DHwREZ0\nOTmQkuqjqfuqL9SL+O2fEewtYeL/L3AE9Yxbbkg/Z6XG9/KNa5lmuCce9eqmzTjo\nXP8YWvYKYeIR9h2cLaWViGra61xFRrVF71ufE4iaC3OSBFtPlEaAM9SNZJ75tMt2\ne0ThCraDRR5QS5dkaMU4Y+eX4jKdC0UCxfxPs+7K3UcC163lFa9j1HQ7901IJcuj\nTF6kFR6elDUuLLe2Xg2Ke359yqLIpeVAsXleoWvSpdNjPJI+xlT1/f9vO5lejrt6\nAVoK3I5fML7g4odb1IkT+siuxhEM2kNQoaARVKJ3g1Py5rAx6ai6cNDTuNaF5pzO\nyje7DOtGWdkNMQKCAQEAyfcqampVI+Bglpj/zSJC96Cx+nln7IiqwTGHahQYUdtg\nCf8h1q/2vJDrAREN4pori+y9pHyk6mNM4iZrOg1WepetF9Cl42ma8na3D2fBmIG/\n7oDERGiwsA3GGTagW2BgYoVD9OHbnzRw4pibl8IikmvsoqeZREFfa0GYjNPGJMZX\nT5Yer0VW9QFBhKvWXJ/Jo7Xbd040dpn8cE7/zMVgx2zFnBft7XFUtzQ6tzyPgnmg\ngk0o0GFuXNB+4SUjqPOZjf6dxDVDkV9mXk2iVwugXUYAPOavONX7ki9FEWyioHKi\nwZAdmVgFTIiwZ4e6TmLEJY3sZ5aFgxdyu5QJFYDbNQKCAQEA2Pe+yFkX5oFUp0DX\newxtd2Z99fsCBoq33ZWR6Ne0FoQKcTH43JNSRO4QrujJjRySukAFXbuK5/KFQvmE\n7AmpijYFA4F57UiLNW0bTiqyxX+aj20KZL6TQWFHpuNkXThBck7+/u9wNSg+uYKS\n72k7RVUarYuNk2hpAyaPUIziUVDHPnh67e2PVOSu7c6hm8XyV+gsAFwh88N0Ytov\nveFkOzu/UIKL1YmKsBv8yTfgx6bAIPRVGnMmU7vb4oClP9/nJA5s6BybpKY8GALI\nupR9LFo/JuuM6PB0bAm5jr4LUY0inmZn9sGk/fiYwRV3vq517vNRKVieNPAg6Wsu\nwtY54QKCAQEAmA6tMp2IKJDAZ+IdhZZsEQA9v7U0V1O2K+pcZ7NldAvUzPH3yimF\nfQcmyBDNAXTNoHXHelYV3BqTQhlm1bhBCd+0hJ+kpglWjYJv5PtbOLVHigwMuOyR\nSpu0MDt+lA2Fw+dN+MsrjTvwWcpIKwQQ/2ieKwBAVrFZY+lpL24qWnmyNstxoshz\n5dbiOz8dD3OGXumGqNaKjVj2RKBV2xgn+z2bsiAaFJElFSIPqvG/op5sCG6LcghJ\nDTw0qtJJfOSbEdtHcPghPQw0iH+u4BZy0IbpmvCbsBD7bV6Fg87kyiRFAbK9djxd\nEPhAyFHaJTYbM6MdAAjF0KMQ0MVt6XCwmQKCAQAluW0QVQVGYOUaMdN5t9ETtYrd\nQoFUNOG0oRHCJ2YLG1yl77iYfMaf326WfQ/nmI0wJHL4ruKfZqtTTBufGl8px4OU\npmv5Mx62weLZcYrEz/TnpjToj1PK2xrPLAeq5fzWIJMrfdizSApjH/ewyhYi6YMW\nJPgQGTe0h8wmQq1+xOJcGGmvzQo4jI7BHmqhvkknyWG4lPGvD44ddupaDaZPkeU3\nMkpSTSwn6MHj4vW77qYU63p/MbmbmvfqncyVyfjL5VXaIVgpgYVmntfDj6O+SLRe\n/QQ2C8xEWD3z8XTotpjIQHURYB0x+rCc28CBzgqDIWD1Wd/8ogBCE+bnTIU6\n-----END RSA PRIVATE KEY-----\n",
            "content_base64": null,
            "content_base64sha256": "7Js1TAl2oEM75qXVP/v4vr0eoJi+KQNTa9ykIMNGz0E=",
            "content_base64sha512": "Pmom1VKIhFFBKjGUPV4R5KukaEbTh8GWsheHQ4mLgDR4ME/nosSIQiGDf2A3k/kCexP7G1ntoY6fnHSXN3YJ8g==",
            "content_md5": "87335415106ca53377f065002605af6f",
            "content_sha1": "eedfee4b1fc7eb51529290fb10cf0b1bf7327e66",
            "content_sha256": "ec9b354c0976a0433be6a5d53ffbf8bebd1ea098be2903536bdca420c346cf41",
            "content_sha512": "3e6a26d552888451412a31943d5e11e4aba46846d387c196b2178743898b803478304fe7a2c4884221837f603793f9027b13fb1b59eda18e9f9c7497377609f2",
            "directory_permission": "0777",
            "file_permission": "0400",
            "filename": "./chave-cazia.pem",
            "id": "eedfee4b1fc7eb51529290fb10cf0b1bf7327e66",
            "sensitive_content": null,
            "source": null
          },
          "sensitive_attributes": [
            [
              {
                "type": "get_attr",
                "value": "content"
              }
            ],
            [
              {
                "type": "get_attr",
                "value": "sensitive_content"
              }
            ]
          ],
          "identity_schema_version": 0,
          "dependencies": [
            "tls_private_key.pk"
          ]
        }
      ]
    },
    {
      "mode": "managed",
      "type": "null_resource",
      "name": "run_ansible",
      "provider": "provider[\"registry.terraform.io/hashicorp/null\"]",
      "instances": [
        {
          "schema_version": 0,
          "attributes": {
            "id": "8916280519562202427",
            "triggers": {
              "inventory_content": "[haproxy]\n# CORREÇÃO: Linha única, usando o nome lógico 'haproxy' como inventory_hostname.\nhaproxy ansible_host=44.203.243.76 private_ip=10.0.101.19 ansible_port=60022\n    \n[swarm_managers]\n    swarm-manager-01 ansible_host=10.0.1.170 private_ip=10.0.1.170\n    swarm-manager-02 ansible_host=10.0.2.25 private_ip=10.0.2.25\n    swarm-manager-03 ansible_host=10.0.1.123 private_ip=10.0.1.123\n\n[workers]\n    swarm-worker-01 ansible_host=10.0.1.140 private_ip=10.0.1.140\n\n[gluster_nodes] \n    swarm-manager-01 ansible_host=10.0.1.170 private_ip=10.0.1.170\n    swarm-manager-02 ansible_host=10.0.2.25 private_ip=10.0.2.25\n    swarm-manager-03 ansible_host=10.0.1.123 private_ip=10.0.1.123\n\n[all:vars]\nansible_user=ubuntu\nansible_ssh_private_key_file=./chave-cazia.pem\ndevice2_hdd_dev=/dev/sdb\n# Configuração de Proxy para os hosts internos (Managers e Workers)\nansible_ssh_common_args='-o ProxyCommand=\"ssh -o StrictHostKeyChecking=no -o UserKnownHostsFile=/dev/null -p 60022 -i ./chave-cazia.pem -W %h:%p -q ubuntu@44.203.243.76\" -o StrictHostKeyChecking=no -o UserKnownHostsFile=/dev/null'\n"
            }
          },
          "sensitive_attributes": [],
          "identity_schema_version": 0,
          "dependencies": [
            "aws_instance.haproxy",
            "aws_instance.manager",
            "aws_instance.worker",
            "aws_key_pair.kp",
            "aws_security_group.haproxy_sg",
            "aws_security_group.swarm_sg",
            "cloudflare_dns_record.whoami",
            "data.aws_ami.ubuntu",
            "data.aws_availability_zones.available",
            "local_file.ansible_inventory",
            "module.vpc.aws_cloudwatch_log_group.flow_log",
            "module.vpc.aws_customer_gateway.this",
            "module.vpc.aws_db_subnet_group.database",
            "module.vpc.aws_default_network_acl.this",
            "module.vpc.aws_default_route_table.default",
            "module.vpc.aws_default_security_group.this",
            "module.vpc.aws_default_vpc.this",
            "module.vpc.aws_egress_only_internet_gateway.this",
            "module.vpc.aws_eip.nat",
            "module.vpc.aws_elasticache_subnet_group.elasticache",
            "module.vpc.aws_flow_log.this",
            "module.vpc.aws_iam_policy.vpc_flow_log_cloudwatch",
            "module.vpc.aws_iam_role.vpc_flow_log_cloudwatch",
            "module.vpc.aws_iam_role_policy_attachment.vpc_flow_log_cloudwatch",
            "module.vpc.aws_internet_gateway.this",
            "module.vpc.aws_nat_gateway.this",
            "module.vpc.aws_network_acl.database",
            "module.vpc.aws_network_acl.elasticache",
            "module.vpc.aws_network_acl.intra",
            "module.vpc.aws_network_acl.outpost",
            "module.vpc.aws_network_acl.private",
            "module.vpc.aws_network_acl.public",
            "module.vpc.aws_network_acl.redshift",
            "module.vpc.aws_network_acl_rule.database_inbound",
            "module.vpc.aws_network_acl_rule.database_outbound",
            "module.vpc.aws_network_acl_rule.elasticache_inbound",
            "module.vpc.aws_network_acl_rule.elasticache_outbound",
            "module.vpc.aws_network_acl_rule.intra_inbound",
            "module.vpc.aws_network_acl_rule.intra_outbound",
            "module.vpc.aws_network_acl_rule.outpost_inbound",
            "module.vpc.aws_network_acl_rule.outpost_outbound",
            "module.vpc.aws_network_acl_rule.private_inbound",
            "module.vpc.aws_network_acl_rule.private_outbound",
            "module.vpc.aws_network_acl_rule.public_inbound",
            "module.vpc.aws_network_acl_rule.public_outbound",
            "module.vpc.aws_network_acl_rule.redshift_inbound",
            "module.vpc.aws_network_acl_rule.redshift_outbound",
            "module.vpc.aws_redshift_subnet_group.redshift",
            "module.vpc.aws_route.database_dns64_nat_gateway",
            "module.vpc.aws_route.database_internet_gateway",
            "module.vpc.aws_route.database_ipv6_egress",
            "module.vpc.aws_route.database_nat_gateway",
            "module.vpc.aws_route.private_dns64_nat_gateway",
            "module.vpc.aws_route.private_ipv6_egress",
            "module.vpc.aws_route.private_nat_gateway",
            "module.vpc.aws_route.public_internet_gateway",
            "module.vpc.aws_route.public_internet_gateway_ipv6",
            "module.vpc.aws_route_table.database",
            "module.vpc.aws_route_table.elasticache",
            "module.vpc.aws_route_table.intra",
            "module.vpc.aws_route_table.private",
            "module.vpc.aws_route_table.public",
            "module.vpc.aws_route_table.redshift",
            "module.vpc.aws_route_table_association.database",
            "module.vpc.aws_route_table_association.elasticache",
            "module.vpc.aws_route_table_association.intra",
            "module.vpc.aws_route_table_association.outpost",
            "module.vpc.aws_route_table_association.private",
            "module.vpc.aws_route_table_association.public",
            "module.vpc.aws_route_table_association.redshift",
            "module.vpc.aws_route_table_association.redshift_public",
            "module.vpc.aws_subnet.database",
            "module.vpc.aws_subnet.elasticache",
            "module.vpc.aws_subnet.intra",
            "module.vpc.aws_subnet.outpost",
            "module.vpc.aws_subnet.private",
            "module.vpc.aws_subnet.public",
            "module.vpc.aws_subnet.redshift",
            "module.vpc.aws_vpc.this",
            "module.vpc.aws_vpc_dhcp_options.this",
            "module.vpc.aws_vpc_dhcp_options_association.this",
            "module.vpc.aws_vpc_ipv4_cidr_block_association.this",
            "module.vpc.aws_vpn_gateway.this",
            "module.vpc.aws_vpn_gateway_attachment.this",
            "module.vpc.aws_vpn_gateway_route_propagation.intra",
            "module.vpc.aws_vpn_gateway_route_propagation.private",
            "module.vpc.aws_vpn_gateway_route_propagation.public",
            "module.vpc.data.aws_iam_policy_document.flow_log_cloudwatch_assume_role",
            "module.vpc.data.aws_iam_policy_document.vpc_flow_log_cloudwatch",
            "tls_private_key.pk"
          ]
        }
      ]
    },
    {
      "mode": "managed",
      "type": "tls_private_key",
      "name": "pk",
      "provider": "provider[\"registry.terraform.io/hashicorp/tls\"]",
      "instances": [
        {
          "schema_version": 1,
          "attributes": {
            "algorithm": "RSA",
            "ecdsa_curve": "P224",
            "id": "48ab9b6c67fc7aea8ebab960bc75bb71e839142a",
            "private_key_openssh": "-----BEGIN OPENSSH PRIVATE KEY-----\nb3BlbnNzaC1rZXktdjEAAAAABG5vbmUAAAAEbm9uZQAAAAAAAAABAAACFwAAAAdz\nc2gtcnNhAAAAAwEAAQAAAgEAuldA9s1lJhCLEb23R0m4Yu0U3/58S0gf1/YDehpp\nDTIh27GaO4JkNFI9TEOub/yxv0TKC3GUPk7EX5XnqOR9wrwygfkAPIam+fTul2+8\nVtni2TQWxe2i2XY1nO8IjYg3xURcsoXXhiAhwfRMZjrACkW5TbCflcuxu1KPaOWu\n8KZ50jCRj00wFxeY0rxGS6L/s2NP0DBbKIeVwdV07b94gcEfe0qS1mpI30YnBFas\n5e2lxebzZDYpBqmDHGFXP4nv4taFXW4PLJzU6hW3ESWKYZz/UH/kRB/wrK7zYvNO\nJZ1X0yyo+bBI8pPok2JFkEQTpX4o8i6sPIDjk4p8O4iaFSKNeNzHlFRVe7m86HrL\nXVhA1gN/e4Lz2P8R5saOC3ubS6j6VJ050EZkBfWmsQsvJtate40N3xuctqk6g8X5\nxlMhRMUJ1i8Q9f2KtXIIxIv9A05qN/0r6uZJ6ugmnItFyW/XXiifjMIuug1w9mmQ\nDMJKUCXV6I10WrsskXGpzbj1bnPk48WJ8TUUCQXQhrikbAqvT4/KG3txWPeyzUdL\n8ILi7/QUiY0HleE0+xiIZ8ugO5AGk8u2HbVOpl+jhu7fuQjv0YdDxoJcdfCu+tX4\nYyMMNlWjW6HOAPDwGh6XQ3VoCqDN04GLbuRxgJhF9NuydrWKj678l52OSIppweW4\npiUAAAc4ZXcdJWV3HSUAAAAHc3NoLXJzYQAAAgEAuldA9s1lJhCLEb23R0m4Yu0U\n3/58S0gf1/YDehppDTIh27GaO4JkNFI9TEOub/yxv0TKC3GUPk7EX5XnqOR9wrwy\ngfkAPIam+fTul2+8Vtni2TQWxe2i2XY1nO8IjYg3xURcsoXXhiAhwfRMZjrACkW5\nTbCflcuxu1KPaOWu8KZ50jCRj00wFxeY0rxGS6L/s2NP0DBbKIeVwdV07b94gcEf\ne0qS1mpI30YnBFas5e2lxebzZDYpBqmDHGFXP4nv4taFXW4PLJzU6hW3ESWKYZz/\nUH/kRB/wrK7zYvNOJZ1X0yyo+bBI8pPok2JFkEQTpX4o8i6sPIDjk4p8O4iaFSKN\neNzHlFRVe7m86HrLXVhA1gN/e4Lz2P8R5saOC3ubS6j6VJ050EZkBfWmsQsvJtat\ne40N3xuctqk6g8X5xlMhRMUJ1i8Q9f2KtXIIxIv9A05qN/0r6uZJ6ugmnItFyW/X\nXiifjMIuug1w9mmQDMJKUCXV6I10WrsskXGpzbj1bnPk48WJ8TUUCQXQhrikbAqv\nT4/KG3txWPeyzUdL8ILi7/QUiY0HleE0+xiIZ8ugO5AGk8u2HbVOpl+jhu7fuQjv\n0YdDxoJcdfCu+tX4YyMMNlWjW6HOAPDwGh6XQ3VoCqDN04GLbuRxgJhF9NuydrWK\nj678l52OSIppweW4piUAAAADAQABAAACAA2ADFAagzvt12bWj/HS1LsavO2EiQ9F\nigRnXwrzNmNdxjJd7JQSpz1bgZ7l9BGfemY72YfY4k9dqAsFIovr2p5SQbYvwCq3\nwQmwyzIUBuO49J8yulKmhpWgOOlQ2msHRdkdfI903xo+d4ukg34llAEP2klsujHM\nAz6p0C4z88fHcTcp9yXCxxuT2qnWjkuPuIb6iI9crYINyVW00rxLKAkoi3tvJJ0d\nsAANxlO2uYnip4+4uC9YCtgKzcRaMLbFANOg900UpUtLZSk8ylmsQVlp790ZGESE\n7DbVPwNkfWfVaDCVFqdDtGlEui/RXxkBDEusDKiNJUPbPQGqYcPzaoxCiQasv/so\n9yVGZoEfmirGZ5MHBCqO6IpQpeEC/6pEbxbrfE+MXf7oFt98359mWtiWGeOsgr/S\nSH5afwFHiPQ9LFXD1qxlUtu1JeZRRZ6ZBEzZjsET4MaeryYWUlijTg+yqiBOKjEB\n3QSj9/0J74qj+APRRJtYy0HdyA1O1tuaWndKEYi1+njEIrOnwDoQ7pneoy0/mjHH\nKpHcZN2YE1MmLcSxGcxWs9UJsqu5JfPmKdzL5kGa3PD9azWeABGviWWfKox4YRVa\nPT02X3MEomeFmKm6EWM3WmfOTJqhxidF7NEbXid3/0ZLYn7PHMQ+bEUAoT2Kzqdj\n59/W/EFviNTRAAABACW5bRBVBUZg5Rox03m30RO1it1CgVQ04bShEcInZgsbXKXv\nuJh8xp/fbpZ9D+eYjTAkcviu4p9mq1NMG58aXynHg5Sma/kzHrbB4tlxisTP9Oem\nNOiPU8rbGs8sB6rl/NYgkyt92LNICmMf97DKFiLpgxYk+BAZN7SHzCZCrX7E4lwY\naa/NCjiMjsEeaqG+SSfJYbiU8a8Pjh126loNpk+R5TcySlJNLCfowePi9bvuphTr\nen8xuZua9+qdzJXJ+MvlVdohWCmBhWae18OPo75ItF79BDYLzERYPfPxdOi2mMhA\ndRFgHTH6sJzbwIHOCoMhYPVZ3/yiAEIT5udMhToAAAEBAOwx8ERGdDk5kJLqo6n7\nqi/Ui/jtnxHsLWHi/y9wBPWMW25IP2elxvfyjWuZZrgnHvXqps046Fz/GFr2CmHi\nEfYdnC2llYhq2utcRUa1Re9bnxOImgtzkgRbT5RGgDPUjWSe+bTLdntE4Qq2g0Ue\nUEuXZGjFOGPnl+IynQtFAsX8T7Puyt1HAtet5RWvY9R0O/dNSCXLo0xepBUenpQ1\nLiy3tl4Nint+fcqiyKXlQLF5XqFr0qXTYzySPsZU9f3/bzuZXo67egFaCtyOXzC+\n4OKHW9SJE/rIrsYRDNpDUKGgEVSid4NT8uawMemounDQ07jWheaczso3uwzrRlnZ\nDTEAAAEBAMn3KmpqVSPgYJaY/80iQvegsfp5Z+yIqsExh2oUGFHbYAn/Idav9ryQ\n6wERDeKaK4vsvaR8pOpjTOImazoNVnqXrRfQpeNpmvJ2tw9nwZiBv+6AxERosLAN\nxhk2oFtgYGKFQ/Th2580cOKYm5fCIpJr7KKnmURBX2tBmIzTxiTGV0+WHq9FVvUB\nQYSr1lyfyaO123dONHaZ/HBO/8zFYMdsxZwX7e1xVLc0Orc8j4J5oIJNKNBhblzQ\nfuElI6jzmY3+ncQ1Q5FfZl5NolcLoF1GADzmrzjV+5IvRRFsoqByosGQHZlYBUyI\nsGeHuk5ixCWN7GeWhYMXcruUCRWA2zUAAAAAAQID\n-----END OPENSSH PRIVATE KEY-----\n",
            "private_key_pem": "-----BEGIN RSA PRIVATE KEY-----\nMIIJKQIBAAKCAgEAuldA9s1lJhCLEb23R0m4Yu0U3/58S0gf1/YDehppDTIh27Ga\nO4JkNFI9TEOub/yxv0TKC3GUPk7EX5XnqOR9wrwygfkAPIam+fTul2+8Vtni2TQW\nxe2i2XY1nO8IjYg3xURcsoXXhiAhwfRMZjrACkW5TbCflcuxu1KPaOWu8KZ50jCR\nj00wFxeY0rxGS6L/s2NP0DBbKIeVwdV07b94gcEfe0qS1mpI30YnBFas5e2lxebz\nZDYpBqmDHGFXP4nv4taFXW4PLJzU6hW3ESWKYZz/UH/kRB/wrK7zYvNOJZ1X0yyo\n+bBI8pPok2JFkEQTpX4o8i6sPIDjk4p8O4iaFSKNeNzHlFRVe7m86HrLXVhA1gN/\ne4Lz2P8R5saOC3ubS6j6VJ050EZkBfWmsQsvJtate40N3xuctqk6g8X5xlMhRMUJ\n1i8Q9f2KtXIIxIv9A05qN/0r6uZJ6ugmnItFyW/XXiifjMIuug1w9mmQDMJKUCXV\n6I10WrsskXGpzbj1bnPk48WJ8TUUCQXQhrikbAqvT4/KG3txWPeyzUdL8ILi7/QU\niY0HleE0+xiIZ8ugO5AGk8u2HbVOpl+jhu7fuQjv0YdDxoJcdfCu+tX4YyMMNlWj\nW6HOAPDwGh6XQ3VoCqDN04GLbuRxgJhF9NuydrWKj678l52OSIppweW4piUCAwEA\nAQKCAgANgAxQGoM77ddm1o/x0tS7GrzthIkPRYoEZ18K8zZjXcYyXeyUEqc9W4Ge\n5fQRn3pmO9mH2OJPXagLBSKL69qeUkG2L8Aqt8EJsMsyFAbjuPSfMrpSpoaVoDjp\nUNprB0XZHXyPdN8aPneLpIN+JZQBD9pJbLoxzAM+qdAuM/PHx3E3Kfclwscbk9qp\n1o5Lj7iG+oiPXK2CDclVtNK8SygJKIt7bySdHbAADcZTtrmJ4qePuLgvWArYCs3E\nWjC2xQDToPdNFKVLS2UpPMpZrEFZae/dGRhEhOw21T8DZH1n1WgwlRanQ7RpRLov\n0V8ZAQxLrAyojSVD2z0BqmHD82qMQokGrL/7KPclRmaBH5oqxmeTBwQqjuiKUKXh\nAv+qRG8W63xPjF3+6BbffN+fZlrYlhnjrIK/0kh+Wn8BR4j0PSxVw9asZVLbtSXm\nUUWemQRM2Y7BE+DGnq8mFlJYo04PsqogTioxAd0Eo/f9Ce+Ko/gD0USbWMtB3cgN\nTtbbmlp3ShGItfp4xCKzp8A6EO6Z3qMtP5oxxyqR3GTdmBNTJi3EsRnMVrPVCbKr\nuSXz5incy+ZBmtzw/Ws1ngARr4llnyqMeGEVWj09Nl9zBKJnhZipuhFjN1pnzkya\nocYnRezRG14nd/9GS2J+zxzEPmxFAKE9is6nY+ff1vxBb4jU0QKCAQEA7DHwREZ0\nOTmQkuqjqfuqL9SL+O2fEewtYeL/L3AE9Yxbbkg/Z6XG9/KNa5lmuCce9eqmzTjo\nXP8YWvYKYeIR9h2cLaWViGra61xFRrVF71ufE4iaC3OSBFtPlEaAM9SNZJ75tMt2\ne0ThCraDRR5QS5dkaMU4Y+eX4jKdC0UCxfxPs+7K3UcC163lFa9j1HQ7901IJcuj\nTF6kFR6elDUuLLe2Xg2Ke359yqLIpeVAsXleoWvSpdNjPJI+xlT1/f9vO5lejrt6\nAVoK3I5fML7g4odb1IkT+siuxhEM2kNQoaARVKJ3g1Py5rAx6ai6cNDTuNaF5pzO\nyje7DOtGWdkNMQKCAQEAyfcqampVI+Bglpj/zSJC96Cx+nln7IiqwTGHahQYUdtg\nCf8h1q/2vJDrAREN4pori+y9pHyk6mNM4iZrOg1WepetF9Cl42ma8na3D2fBmIG/\n7oDERGiwsA3GGTagW2BgYoVD9OHbnzRw4pibl8IikmvsoqeZREFfa0GYjNPGJMZX\nT5Yer0VW9QFBhKvWXJ/Jo7Xbd040dpn8cE7/zMVgx2zFnBft7XFUtzQ6tzyPgnmg\ngk0o0GFuXNB+4SUjqPOZjf6dxDVDkV9mXk2iVwugXUYAPOavONX7ki9FEWyioHKi\nwZAdmVgFTIiwZ4e6TmLEJY3sZ5aFgxdyu5QJFYDbNQKCAQEA2Pe+yFkX5oFUp0DX\newxtd2Z99fsCBoq33ZWR6Ne0FoQKcTH43JNSRO4QrujJjRySukAFXbuK5/KFQvmE\n7AmpijYFA4F57UiLNW0bTiqyxX+aj20KZL6TQWFHpuNkXThBck7+/u9wNSg+uYKS\n72k7RVUarYuNk2hpAyaPUIziUVDHPnh67e2PVOSu7c6hm8XyV+gsAFwh88N0Ytov\nveFkOzu/UIKL1YmKsBv8yTfgx6bAIPRVGnMmU7vb4oClP9/nJA5s6BybpKY8GALI\nupR9LFo/JuuM6PB0bAm5jr4LUY0inmZn9sGk/fiYwRV3vq517vNRKVieNPAg6Wsu\nwtY54QKCAQEAmA6tMp2IKJDAZ+IdhZZsEQA9v7U0V1O2K+pcZ7NldAvUzPH3yimF\nfQcmyBDNAXTNoHXHelYV3BqTQhlm1bhBCd+0hJ+kpglWjYJv5PtbOLVHigwMuOyR\nSpu0MDt+lA2Fw+dN+MsrjTvwWcpIKwQQ/2ieKwBAVrFZY+lpL24qWnmyNstxoshz\n5dbiOz8dD3OGXumGqNaKjVj2RKBV2xgn+z2bsiAaFJElFSIPqvG/op5sCG6LcghJ\nDTw0qtJJfOSbEdtHcPghPQw0iH+u4BZy0IbpmvCbsBD7bV6Fg87kyiRFAbK9djxd\nEPhAyFHaJTYbM6MdAAjF0KMQ0MVt6XCwmQKCAQAluW0QVQVGYOUaMdN5t9ETtYrd\nQoFUNOG0oRHCJ2YLG1yl77iYfMaf326WfQ/nmI0wJHL4ruKfZqtTTBufGl8px4OU\npmv5Mx62weLZcYrEz/TnpjToj1PK2xrPLAeq5fzWIJMrfdizSApjH/ewyhYi6YMW\nJPgQGTe0h8wmQq1+xOJcGGmvzQo4jI7BHmqhvkknyWG4lPGvD44ddupaDaZPkeU3\nMkpSTSwn6MHj4vW77qYU63p/MbmbmvfqncyVyfjL5VXaIVgpgYVmntfDj6O+SLRe\n/QQ2C8xEWD3z8XTotpjIQHURYB0x+rCc28CBzgqDIWD1Wd/8ogBCE+bnTIU6\n-----END RSA PRIVATE KEY-----\n",
            "private_key_pem_pkcs8": "-----BEGIN PRIVATE KEY-----\nMIIJQwIBADANBgkqhkiG9w0BAQEFAASCCS0wggkpAgEAAoICAQC6V0D2zWUmEIsR\nvbdHSbhi7RTf/nxLSB/X9gN6GmkNMiHbsZo7gmQ0Uj1MQ65v/LG/RMoLcZQ+TsRf\nleeo5H3CvDKB+QA8hqb59O6Xb7xW2eLZNBbF7aLZdjWc7wiNiDfFRFyyhdeGICHB\n9ExmOsAKRblNsJ+Vy7G7Uo9o5a7wpnnSMJGPTTAXF5jSvEZLov+zY0/QMFsoh5XB\n1XTtv3iBwR97SpLWakjfRicEVqzl7aXF5vNkNikGqYMcYVc/ie/i1oVdbg8snNTq\nFbcRJYphnP9Qf+REH/CsrvNi804lnVfTLKj5sEjyk+iTYkWQRBOlfijyLqw8gOOT\ninw7iJoVIo143MeUVFV7ubzoestdWEDWA397gvPY/xHmxo4Le5tLqPpUnTnQRmQF\n9aaxCy8m1q17jQ3fG5y2qTqDxfnGUyFExQnWLxD1/Yq1cgjEi/0DTmo3/Svq5knq\n6Caci0XJb9deKJ+Mwi66DXD2aZAMwkpQJdXojXRauyyRcanNuPVuc+TjxYnxNRQJ\nBdCGuKRsCq9Pj8obe3FY97LNR0vwguLv9BSJjQeV4TT7GIhny6A7kAaTy7YdtU6m\nX6OG7t+5CO/Rh0PGglx18K761fhjIww2VaNboc4A8PAaHpdDdWgKoM3TgYtu5HGA\nmEX027J2tYqPrvyXnY5IimnB5bimJQIDAQABAoICAA2ADFAagzvt12bWj/HS1Lsa\nvO2EiQ9FigRnXwrzNmNdxjJd7JQSpz1bgZ7l9BGfemY72YfY4k9dqAsFIovr2p5S\nQbYvwCq3wQmwyzIUBuO49J8yulKmhpWgOOlQ2msHRdkdfI903xo+d4ukg34llAEP\n2klsujHMAz6p0C4z88fHcTcp9yXCxxuT2qnWjkuPuIb6iI9crYINyVW00rxLKAko\ni3tvJJ0dsAANxlO2uYnip4+4uC9YCtgKzcRaMLbFANOg900UpUtLZSk8ylmsQVlp\n790ZGESE7DbVPwNkfWfVaDCVFqdDtGlEui/RXxkBDEusDKiNJUPbPQGqYcPzaoxC\niQasv/so9yVGZoEfmirGZ5MHBCqO6IpQpeEC/6pEbxbrfE+MXf7oFt98359mWtiW\nGeOsgr/SSH5afwFHiPQ9LFXD1qxlUtu1JeZRRZ6ZBEzZjsET4MaeryYWUlijTg+y\nqiBOKjEB3QSj9/0J74qj+APRRJtYy0HdyA1O1tuaWndKEYi1+njEIrOnwDoQ7pne\noy0/mjHHKpHcZN2YE1MmLcSxGcxWs9UJsqu5JfPmKdzL5kGa3PD9azWeABGviWWf\nKox4YRVaPT02X3MEomeFmKm6EWM3WmfOTJqhxidF7NEbXid3/0ZLYn7PHMQ+bEUA\noT2Kzqdj59/W/EFviNTRAoIBAQDsMfBERnQ5OZCS6qOp+6ov1Iv47Z8R7C1h4v8v\ncAT1jFtuSD9npcb38o1rmWa4Jx716qbNOOhc/xha9gph4hH2HZwtpZWIatrrXEVG\ntUXvW58TiJoLc5IEW0+URoAz1I1knvm0y3Z7ROEKtoNFHlBLl2RoxThj55fiMp0L\nRQLF/E+z7srdRwLXreUVr2PUdDv3TUgly6NMXqQVHp6UNS4st7ZeDYp7fn3Kosil\n5UCxeV6ha9Kl02M8kj7GVPX9/287mV6Ou3oBWgrcjl8wvuDih1vUiRP6yK7GEQza\nQ1ChoBFUoneDU/LmsDHpqLpw0NO41oXmnM7KN7sM60ZZ2Q0xAoIBAQDJ9ypqalUj\n4GCWmP/NIkL3oLH6eWfsiKrBMYdqFBhR22AJ/yHWr/a8kOsBEQ3imiuL7L2kfKTq\nY0ziJms6DVZ6l60X0KXjaZrydrcPZ8GYgb/ugMREaLCwDcYZNqBbYGBihUP04duf\nNHDimJuXwiKSa+yip5lEQV9rQZiM08YkxldPlh6vRVb1AUGEq9Zcn8mjtdt3TjR2\nmfxwTv/MxWDHbMWcF+3tcVS3NDq3PI+CeaCCTSjQYW5c0H7hJSOo85mN/p3ENUOR\nX2ZeTaJXC6BdRgA85q841fuSL0URbKKgcqLBkB2ZWAVMiLBnh7pOYsQljexnloWD\nF3K7lAkVgNs1AoIBAQDY977IWRfmgVSnQNd7DG13Zn31+wIGirfdlZHo17QWhApx\nMfjck1JE7hCu6MmNHJK6QAVdu4rn8oVC+YTsCamKNgUDgXntSIs1bRtOKrLFf5qP\nbQpkvpNBYUem42RdOEFyTv7+73A1KD65gpLvaTtFVRqti42TaGkDJo9QjOJRUMc+\neHrt7Y9U5K7tzqGbxfJX6CwAXCHzw3Ri2i+94WQ7O79QgovViYqwG/zJN+DHpsAg\n9FUacyZTu9vigKU/3+ckDmzoHJukpjwYAsi6lH0sWj8m64zo8HRsCbmOvgtRjSKe\nZmf2waT9+JjBFXe+rnXu81EpWJ408CDpay7C1jnhAoIBAQCYDq0ynYgokMBn4h2F\nlmwRAD2/tTRXU7Yr6lxns2V0C9TM8ffKKYV9BybIEM0BdM2gdcd6VhXcGpNCGWbV\nuEEJ37SEn6SmCVaNgm/k+1s4tUeKDAy47JFKm7QwO36UDYXD5034yyuNO/BZykgr\nBBD/aJ4rAEBWsVlj6WkvbipaebI2y3GiyHPl1uI7Px0Pc4Ze6Yao1oqNWPZEoFXb\nGCf7PZuyIBoUkSUVIg+q8b+inmwIbotyCEkNPDSq0kl85JsR20dw+CE9DDSIf67g\nFnLQhuma8JuwEPttXoWDzuTKJEUBsr12PF0Q+EDIUdolNhszox0ACMXQoxDQxW3p\ncLCZAoIBACW5bRBVBUZg5Rox03m30RO1it1CgVQ04bShEcInZgsbXKXvuJh8xp/f\nbpZ9D+eYjTAkcviu4p9mq1NMG58aXynHg5Sma/kzHrbB4tlxisTP9OemNOiPU8rb\nGs8sB6rl/NYgkyt92LNICmMf97DKFiLpgxYk+BAZN7SHzCZCrX7E4lwYaa/NCjiM\njsEeaqG+SSfJYbiU8a8Pjh126loNpk+R5TcySlJNLCfowePi9bvuphTren8xuZua\n9+qdzJXJ+MvlVdohWCmBhWae18OPo75ItF79BDYLzERYPfPxdOi2mMhAdRFgHTH6\nsJzbwIHOCoMhYPVZ3/yiAEIT5udMhTo=\n-----END PRIVATE KEY-----\n",
            "public_key_fingerprint_md5": "f4:c0:ac:73:2e:51:12:71:3a:79:5e:fa:9b:a8:99:1e",
            "public_key_fingerprint_sha256": "SHA256:YHV42Oe6mahMe6ZNLtMTk6FyJXv/3HGhdTx9kqHr1nY",
            "public_key_openssh": "ssh-rsa AAAAB3NzaC1yc2EAAAADAQABAAACAQC6V0D2zWUmEIsRvbdHSbhi7RTf/nxLSB/X9gN6GmkNMiHbsZo7gmQ0Uj1MQ65v/LG/RMoLcZQ+TsRfleeo5H3CvDKB+QA8hqb59O6Xb7xW2eLZNBbF7aLZdjWc7wiNiDfFRFyyhdeGICHB9ExmOsAKRblNsJ+Vy7G7Uo9o5a7wpnnSMJGPTTAXF5jSvEZLov+zY0/QMFsoh5XB1XTtv3iBwR97SpLWakjfRicEVqzl7aXF5vNkNikGqYMcYVc/ie/i1oVdbg8snNTqFbcRJYphnP9Qf+REH/CsrvNi804lnVfTLKj5sEjyk+iTYkWQRBOlfijyLqw8gOOTinw7iJoVIo143MeUVFV7ubzoestdWEDWA397gvPY/xHmxo4Le5tLqPpUnTnQRmQF9aaxCy8m1q17jQ3fG5y2qTqDxfnGUyFExQnWLxD1/Yq1cgjEi/0DTmo3/Svq5knq6Caci0XJb9deKJ+Mwi66DXD2aZAMwkpQJdXojXRauyyRcanNuPVuc+TjxYnxNRQJBdCGuKRsCq9Pj8obe3FY97LNR0vwguLv9BSJjQeV4TT7GIhny6A7kAaTy7YdtU6mX6OG7t+5CO/Rh0PGglx18K761fhjIww2VaNboc4A8PAaHpdDdWgKoM3TgYtu5HGAmEX027J2tYqPrvyXnY5IimnB5bimJQ==\n",
            "public_key_pem": "-----BEGIN PUBLIC KEY-----\nMIICIjANBgkqhkiG9w0BAQEFAAOCAg8AMIICCgKCAgEAuldA9s1lJhCLEb23R0m4\nYu0U3/58S0gf1/YDehppDTIh27GaO4JkNFI9TEOub/yxv0TKC3GUPk7EX5XnqOR9\nwrwygfkAPIam+fTul2+8Vtni2TQWxe2i2XY1nO8IjYg3xURcsoXXhiAhwfRMZjrA\nCkW5TbCflcuxu1KPaOWu8KZ50jCRj00wFxeY0rxGS6L/s2NP0DBbKIeVwdV07b94\ngcEfe0qS1mpI30YnBFas5e2lxebzZDYpBqmDHGFXP4nv4taFXW4PLJzU6hW3ESWK\nYZz/UH/kRB/wrK7zYvNOJZ1X0yyo+bBI8pPok2JFkEQTpX4o8i6sPIDjk4p8O4ia\nFSKNeNzHlFRVe7m86HrLXVhA1gN/e4Lz2P8R5saOC3ubS6j6VJ050EZkBfWmsQsv\nJtate40N3xuctqk6g8X5xlMhRMUJ1i8Q9f2KtXIIxIv9A05qN/0r6uZJ6ugmnItF\nyW/XXiifjMIuug1w9mmQDMJKUCXV6I10WrsskXGpzbj1bnPk48WJ8TUUCQXQhrik\nbAqvT4/KG3txWPeyzUdL8ILi7/QUiY0HleE0+xiIZ8ugO5AGk8u2HbVOpl+jhu7f\nuQjv0YdDxoJcdfCu+tX4YyMMNlWjW6HOAPDwGh6XQ3VoCqDN04GLbuRxgJhF9Nuy\ndrWKj678l52OSIppweW4piUCAwEAAQ==\n-----END PUBLIC KEY-----\n",
            "rsa_bits": 4096
          },
          "sensitive_attributes": [
            [
              {
                "type": "get_attr",
                "value": "private_key_openssh"
              }
            ],
            [
              {
                "type": "get_attr",
                "value": "private_key_pem"
              }
            ],
            [
              {
                "type": "get_attr",
                "value": "private_key_pem_pkcs8"
              }
            ]
          ],
          "identity_schema_version": 0
        }
      ]
    },
    {
      "module": "module.vpc",
      "mode": "managed",
      "type": "aws_default_network_acl",
      "name": "this",
      "provider": "provider[\"registry.terraform.io/hashicorp/aws\"]",
      "instances": [
        {
          "index_key": 0,
          "schema_version": 0,
          "attributes": {
            "arn": "arn:aws:ec2:us-east-1:476064939890:network-acl/acl-0c89a870128a0d401",
            "default_network_acl_id": "acl-0c89a870128a0d401",
            "egress": [
              {
                "action": "allow",
                "cidr_block": "",
                "from_port": 0,
                "icmp_code": null,
                "icmp_type": null,
                "ipv6_cidr_block": "::/0",
                "protocol": "-1",
                "rule_no": 101,
                "to_port": 0
              },
              {
                "action": "allow",
                "cidr_block": "0.0.0.0/0",
                "from_port": 0,
                "icmp_code": null,
                "icmp_type": null,
                "ipv6_cidr_block": "",
                "protocol": "-1",
                "rule_no": 100,
                "to_port": 0
              }
            ],
            "id": "acl-0c89a870128a0d401",
            "ingress": [
              {
                "action": "allow",
                "cidr_block": "",
                "from_port": 0,
                "icmp_code": null,
                "icmp_type": null,
                "ipv6_cidr_block": "::/0",
                "protocol": "-1",
                "rule_no": 101,
                "to_port": 0
              },
              {
                "action": "allow",
                "cidr_block": "0.0.0.0/0",
                "from_port": 0,
                "icmp_code": null,
                "icmp_type": null,
                "ipv6_cidr_block": "",
                "protocol": "-1",
                "rule_no": 100,
                "to_port": 0
              }
            ],
            "owner_id": "476064939890",
            "region": "us-east-1",
            "subnet_ids": [
              "subnet-06d7d15907efb69d8",
              "subnet-07065f71d793c58f8",
              "subnet-0d3fc996079d56a2e",
              "subnet-0eadbaa0a0a94ceb0"
            ],
            "tags": {
              "Name": "cazia-vpc-default"
            },
            "tags_all": {
              "Name": "cazia-vpc-default"
            },
            "vpc_id": "vpc-0ffe2ef19ff4c57df"
          },
          "sensitive_attributes": [],
          "identity_schema_version": 0,
          "private": "bnVsbA==",
          "dependencies": [
            "module.vpc.aws_vpc.this"
          ]
        }
      ]
    },
    {
      "module": "module.vpc",
      "mode": "managed",
      "type": "aws_default_route_table",
      "name": "default",
      "provider": "provider[\"registry.terraform.io/hashicorp/aws\"]",
      "instances": [
        {
          "index_key": 0,
          "schema_version": 0,
          "attributes": {
            "arn": "arn:aws:ec2:us-east-1:476064939890:route-table/rtb-0709ca3f0d3ba1b5b",
            "default_route_table_id": "rtb-0709ca3f0d3ba1b5b",
            "id": "rtb-0709ca3f0d3ba1b5b",
            "owner_id": "476064939890",
            "propagating_vgws": null,
            "region": "us-east-1",
            "route": [],
            "tags": {
              "Name": "cazia-vpc-default"
            },
            "tags_all": {
              "Name": "cazia-vpc-default"
            },
            "timeouts": {
              "create": "5m",
              "update": "5m"
            },
            "vpc_id": "vpc-0ffe2ef19ff4c57df"
          },
          "sensitive_attributes": [],
          "identity_schema_version": 0,
          "private": "eyJlMmJmYjczMC1lY2FhLTExZTYtOGY4OC0zNDM2M2JjN2M0YzAiOnsiY3JlYXRlIjozMDAwMDAwMDAwMDAsInVwZGF0ZSI6MzAwMDAwMDAwMDAwfX0=",
          "dependencies": [
            "module.vpc.aws_vpc.this"
          ]
        }
      ]
    },
    {
      "module": "module.vpc",
      "mode": "managed",
      "type": "aws_default_security_group",
      "name": "this",
      "provider": "provider[\"registry.terraform.io/hashicorp/aws\"]",
      "instances": [
        {
          "index_key": 0,
          "schema_version": 1,
          "attributes": {
            "arn": "arn:aws:ec2:us-east-1:476064939890:security-group/sg-03507e61767c90fd0",
            "description": "default VPC security group",
            "egress": [],
            "id": "sg-03507e61767c90fd0",
            "ingress": [],
            "name": "default",
            "name_prefix": "",
            "owner_id": "476064939890",
            "region": "us-east-1",
            "revoke_rules_on_delete": false,
            "tags": {
              "Name": "cazia-vpc-default"
            },
            "tags_all": {
              "Name": "cazia-vpc-default"
            },
            "vpc_id": "vpc-0ffe2ef19ff4c57df"
          },
          "sensitive_attributes": [],
          "identity_schema_version": 0,
          "private": "eyJzY2hlbWFfdmVyc2lvbiI6IjEifQ==",
          "dependencies": [
            "module.vpc.aws_vpc.this"
          ]
        }
      ]
    },
    {
      "module": "module.vpc",
      "mode": "managed",
      "type": "aws_eip",
      "name": "nat",
      "provider": "provider[\"registry.terraform.io/hashicorp/aws\"]",
      "instances": [
        {
          "index_key": 0,
          "schema_version": 0,
          "attributes": {
            "address": null,
            "allocation_id": "eipalloc-0320543d357b05670",
            "arn": "arn:aws:ec2:us-east-1:476064939890:elastic-ip/eipalloc-0320543d357b05670",
            "associate_with_private_ip": null,
            "association_id": "",
            "carrier_ip": "",
            "customer_owned_ip": "",
            "customer_owned_ipv4_pool": "",
            "domain": "vpc",
            "id": "eipalloc-0320543d357b05670",
            "instance": "",
            "ipam_pool_id": null,
            "network_border_group": "us-east-1",
            "network_interface": "",
            "private_dns": null,
            "private_ip": "",
            "ptr_record": "",
            "public_dns": "ec2-52-5-46-86.compute-1.amazonaws.com",
            "public_ip": "52.5.46.86",
            "public_ipv4_pool": "amazon",
            "region": "us-east-1",
            "tags": {
              "Name": "cazia-vpc-us-east-1a"
            },
            "tags_all": {
              "Name": "cazia-vpc-us-east-1a"
            },
            "timeouts": null
          },
          "sensitive_attributes": [],
          "identity_schema_version": 0,
          "private": "eyJlMmJmYjczMC1lY2FhLTExZTYtOGY4OC0zNDM2M2JjN2M0YzAiOnsiZGVsZXRlIjoxODAwMDAwMDAwMDAsInJlYWQiOjkwMDAwMDAwMDAwMCwidXBkYXRlIjozMDAwMDAwMDAwMDB9fQ==",
          "dependencies": [
            "data.aws_availability_zones.available",
            "module.vpc.aws_internet_gateway.this",
            "module.vpc.aws_vpc.this",
            "module.vpc.aws_vpc_ipv4_cidr_block_association.this"
          ]
        },
        {
          "index_key": 1,
          "schema_version": 0,
          "attributes": {
            "address": null,
            "allocation_id": "eipalloc-04663f4868e367679",
            "arn": "arn:aws:ec2:us-east-1:476064939890:elastic-ip/eipalloc-04663f4868e367679",
            "associate_with_private_ip": null,
            "association_id": "",
            "carrier_ip": "",
            "customer_owned_ip": "",
            "customer_owned_ipv4_pool": "",
            "domain": "vpc",
            "id": "eipalloc-04663f4868e367679",
            "instance": "",
            "ipam_pool_id": null,
            "network_border_group": "us-east-1",
            "network_interface": "",
            "private_dns": null,
            "private_ip": "",
            "ptr_record": "",
            "public_dns": "ec2-54-225-144-141.compute-1.amazonaws.com",
            "public_ip": "54.225.144.141",
            "public_ipv4_pool": "amazon",
            "region": "us-east-1",
            "tags": {
              "Name": "cazia-vpc-us-east-1b"
            },
            "tags_all": {
              "Name": "cazia-vpc-us-east-1b"
            },
            "timeouts": null
          },
          "sensitive_attributes": [],
          "identity_schema_version": 0,
          "private": "eyJlMmJmYjczMC1lY2FhLTExZTYtOGY4OC0zNDM2M2JjN2M0YzAiOnsiZGVsZXRlIjoxODAwMDAwMDAwMDAsInJlYWQiOjkwMDAwMDAwMDAwMCwidXBkYXRlIjozMDAwMDAwMDAwMDB9fQ==",
          "dependencies": [
            "data.aws_availability_zones.available",
            "module.vpc.aws_internet_gateway.this",
            "module.vpc.aws_vpc.this",
            "module.vpc.aws_vpc_ipv4_cidr_block_association.this"
          ]
        }
      ]
    },
    {
      "module": "module.vpc",
      "mode": "managed",
      "type": "aws_internet_gateway",
      "name": "this",
      "provider": "provider[\"registry.terraform.io/hashicorp/aws\"]",
      "instances": [
        {
          "index_key": 0,
          "schema_version": 0,
          "attributes": {
            "arn": "arn:aws:ec2:us-east-1:476064939890:internet-gateway/igw-04ed8563a11dd4b5f",
            "id": "igw-04ed8563a11dd4b5f",
            "owner_id": "476064939890",
            "region": "us-east-1",
            "tags": {
              "Name": "cazia-vpc"
            },
            "tags_all": {
              "Name": "cazia-vpc"
            },
            "timeouts": null,
            "vpc_id": "vpc-0ffe2ef19ff4c57df"
          },
          "sensitive_attributes": [],
          "identity_schema_version": 0,
          "private": "eyJlMmJmYjczMC1lY2FhLTExZTYtOGY4OC0zNDM2M2JjN2M0YzAiOnsiY3JlYXRlIjoxMjAwMDAwMDAwMDAwLCJkZWxldGUiOjEyMDAwMDAwMDAwMDAsInVwZGF0ZSI6MTIwMDAwMDAwMDAwMH19",
          "dependencies": [
            "module.vpc.aws_vpc.this",
            "module.vpc.aws_vpc_ipv4_cidr_block_association.this"
          ]
        }
      ]
    },
    {
      "module": "module.vpc",
      "mode": "managed",
      "type": "aws_nat_gateway",
      "name": "this",
      "provider": "provider[\"registry.terraform.io/hashicorp/aws\"]",
      "instances": [
        {
          "index_key": 0,
          "schema_version": 0,
          "attributes": {
            "allocation_id": "eipalloc-0320543d357b05670",
            "association_id": "eipassoc-0f967d564ef47d855",
            "auto_provision_zones": null,
            "auto_scaling_ips": null,
            "availability_mode": "zonal",
            "availability_zone_address": [],
            "connectivity_type": "public",
            "id": "nat-0d9b9e50ede023979",
            "network_interface_id": "eni-0674af4e85592a750",
            "private_ip": "10.0.101.213",
            "public_ip": "52.5.46.86",
            "region": "us-east-1",
            "regional_nat_gateway_address": [],
            "regional_nat_gateway_auto_mode": null,
            "route_table_id": null,
            "secondary_allocation_ids": [],
            "secondary_private_ip_address_count": 0,
            "secondary_private_ip_addresses": [],
            "subnet_id": "subnet-07065f71d793c58f8",
            "tags": {
              "Name": "cazia-vpc-us-east-1a"
            },
            "tags_all": {
              "Name": "cazia-vpc-us-east-1a"
            },
            "timeouts": null,
            "vpc_id": "vpc-0ffe2ef19ff4c57df"
          },
          "sensitive_attributes": [],
          "identity_schema_version": 0,
          "private": "eyJlMmJmYjczMC1lY2FhLTExZTYtOGY4OC0zNDM2M2JjN2M0YzAiOnsiY3JlYXRlIjo2MDAwMDAwMDAwMDAsImRlbGV0ZSI6MTgwMDAwMDAwMDAwMCwidXBkYXRlIjo2MDAwMDAwMDAwMDB9fQ==",
          "dependencies": [
            "data.aws_availability_zones.available",
            "module.vpc.aws_eip.nat",
            "module.vpc.aws_internet_gateway.this",
            "module.vpc.aws_subnet.public",
            "module.vpc.aws_vpc.this",
            "module.vpc.aws_vpc_ipv4_cidr_block_association.this"
          ]
        },
        {
          "index_key": 1,
          "schema_version": 0,
          "attributes": {
            "allocation_id": "eipalloc-04663f4868e367679",
            "association_id": "eipassoc-01a8b397fa11e07fb",
            "auto_provision_zones": null,
            "auto_scaling_ips": null,
            "availability_mode": "zonal",
            "availability_zone_address": [],
            "connectivity_type": "public",
            "id": "nat-022447b6d8d057b87",
            "network_interface_id": "eni-0c3f2cdb93661f82c",
            "private_ip": "10.0.102.198",
            "public_ip": "54.225.144.141",
            "region": "us-east-1",
            "regional_nat_gateway_address": [],
            "regional_nat_gateway_auto_mode": null,
            "route_table_id": null,
            "secondary_allocation_ids": [],
            "secondary_private_ip_address_count": 0,
            "secondary_private_ip_addresses": [],
            "subnet_id": "subnet-0d3fc996079d56a2e",
            "tags": {
              "Name": "cazia-vpc-us-east-1b"
            },
            "tags_all": {
              "Name": "cazia-vpc-us-east-1b"
            },
            "timeouts": null,
            "vpc_id": "vpc-0ffe2ef19ff4c57df"
          },
          "sensitive_attributes": [],
          "identity_schema_version": 0,
          "private": "eyJlMmJmYjczMC1lY2FhLTExZTYtOGY4OC0zNDM2M2JjN2M0YzAiOnsiY3JlYXRlIjo2MDAwMDAwMDAwMDAsImRlbGV0ZSI6MTgwMDAwMDAwMDAwMCwidXBkYXRlIjo2MDAwMDAwMDAwMDB9fQ==",
          "dependencies": [
            "data.aws_availability_zones.available",
            "module.vpc.aws_eip.nat",
            "module.vpc.aws_internet_gateway.this",
            "module.vpc.aws_subnet.public",
            "module.vpc.aws_vpc.this",
            "module.vpc.aws_vpc_ipv4_cidr_block_association.this"
          ]
        }
      ]
    },
    {
      "module": "module.vpc",
      "mode": "managed",
      "type": "aws_route",
      "name": "private_nat_gateway",
      "provider": "provider[\"registry.terraform.io/hashicorp/aws\"]",
      "instances": [
        {
          "index_key": 0,
          "schema_version": 0,
          "attributes": {
            "carrier_gateway_id": "",
            "core_network_arn": "",
            "destination_cidr_block": "0.0.0.0/0",
            "destination_ipv6_cidr_block": "",
            "destination_prefix_list_id": "",
            "egress_only_gateway_id": "",
            "gateway_id": "",
            "id": "r-rtb-06d86440bf0d94c8b1080289494",
            "instance_id": "",
            "instance_owner_id": "",
            "local_gateway_id": "",
            "nat_gateway_id": "nat-0d9b9e50ede023979",
            "network_interface_id": "",
            "origin": "CreateRoute",
            "region": "us-east-1",
            "route_table_id": "rtb-06d86440bf0d94c8b",
            "state": "active",
            "timeouts": {
              "create": "5m",
              "delete": null,
              "update": null
            },
            "transit_gateway_id": "",
            "vpc_endpoint_id": "",
            "vpc_peering_connection_id": ""
          },
          "sensitive_attributes": [],
          "identity_schema_version": 0,
          "identity": {
            "account_id": "476064939890",
            "destination_cidr_block": "0.0.0.0/0",
            "destination_ipv6_cidr_block": null,
            "destination_prefix_list_id": null,
            "region": "us-east-1",
            "route_table_id": "rtb-06d86440bf0d94c8b"
          },
          "private": "eyJlMmJmYjczMC1lY2FhLTExZTYtOGY4OC0zNDM2M2JjN2M0YzAiOnsiY3JlYXRlIjozMDAwMDAwMDAwMDAsImRlbGV0ZSI6MzAwMDAwMDAwMDAwLCJ1cGRhdGUiOjEyMDAwMDAwMDAwMH19",
          "dependencies": [
            "data.aws_availability_zones.available",
            "module.vpc.aws_eip.nat",
            "module.vpc.aws_internet_gateway.this",
            "module.vpc.aws_nat_gateway.this",
            "module.vpc.aws_route_table.private",
            "module.vpc.aws_subnet.public",
            "module.vpc.aws_vpc.this",
            "module.vpc.aws_vpc_ipv4_cidr_block_association.this"
          ]
        },
        {
          "index_key": 1,
          "schema_version": 0,
          "attributes": {
            "carrier_gateway_id": "",
            "core_network_arn": "",
            "destination_cidr_block": "0.0.0.0/0",
            "destination_ipv6_cidr_block": "",
            "destination_prefix_list_id": "",
            "egress_only_gateway_id": "",
            "gateway_id": "",
            "id": "r-rtb-056a38dc34c4e0af61080289494",
            "instance_id": "",
            "instance_owner_id": "",
            "local_gateway_id": "",
            "nat_gateway_id": "nat-022447b6d8d057b87",
            "network_interface_id": "",
            "origin": "CreateRoute",
            "region": "us-east-1",
            "route_table_id": "rtb-056a38dc34c4e0af6",
            "state": "active",
            "timeouts": {
              "create": "5m",
              "delete": null,
              "update": null
            },
            "transit_gateway_id": "",
            "vpc_endpoint_id": "",
            "vpc_peering_connection_id": ""
          },
          "sensitive_attributes": [],
          "identity_schema_version": 0,
          "identity": {
            "account_id": "476064939890",
            "destination_cidr_block": "0.0.0.0/0",
            "destination_ipv6_cidr_block": null,
            "destination_prefix_list_id": null,
            "region": "us-east-1",
            "route_table_id": "rtb-056a38dc34c4e0af6"
          },
          "private": "eyJlMmJmYjczMC1lY2FhLTExZTYtOGY4OC0zNDM2M2JjN2M0YzAiOnsiY3JlYXRlIjozMDAwMDAwMDAwMDAsImRlbGV0ZSI6MzAwMDAwMDAwMDAwLCJ1cGRhdGUiOjEyMDAwMDAwMDAwMH19",
          "dependencies": [
            "data.aws_availability_zones.available",
            "module.vpc.aws_eip.nat",
            "module.vpc.aws_internet_gateway.this",
            "module.vpc.aws_nat_gateway.this",
            "module.vpc.aws_route_table.private",
            "module.vpc.aws_subnet.public",
            "module.vpc.aws_vpc.this",
            "module.vpc.aws_vpc_ipv4_cidr_block_association.this"
          ]
        }
      ]
    },
    {
      "module": "module.vpc",
      "mode": "managed",
      "type": "aws_route",
      "name": "public_internet_gateway",
      "provider": "provider[\"registry.terraform.io/hashicorp/aws\"]",
      "instances": [
        {
          "index_key": 0,
          "schema_version": 0,
          "attributes": {
            "carrier_gateway_id": "",
            "core_network_arn": "",
            "destination_cidr_block": "0.0.0.0/0",
            "destination_ipv6_cidr_block": "",
            "destination_prefix_list_id": "",
            "egress_only_gateway_id": "",
            "gateway_id": "igw-04ed8563a11dd4b5f",
            "id": "r-rtb-0100628bcd4d6e4191080289494",
            "instance_id": "",
            "instance_owner_id": "",
            "local_gateway_id": "",
            "nat_gateway_id": "",
            "network_interface_id": "",
            "origin": "CreateRoute",
            "region": "us-east-1",
            "route_table_id": "rtb-0100628bcd4d6e419",
            "state": "active",
            "timeouts": {
              "create": "5m",
              "delete": null,
              "update": null
            },
            "transit_gateway_id": "",
            "vpc_endpoint_id": "",
            "vpc_peering_connection_id": ""
          },
          "sensitive_attributes": [],
          "identity_schema_version": 0,
          "identity": {
            "account_id": "476064939890",
            "destination_cidr_block": "0.0.0.0/0",
            "destination_ipv6_cidr_block": null,
            "destination_prefix_list_id": null,
            "region": "us-east-1",
            "route_table_id": "rtb-0100628bcd4d6e419"
          },
          "private": "eyJlMmJmYjczMC1lY2FhLTExZTYtOGY4OC0zNDM2M2JjN2M0YzAiOnsiY3JlYXRlIjozMDAwMDAwMDAwMDAsImRlbGV0ZSI6MzAwMDAwMDAwMDAwLCJ1cGRhdGUiOjEyMDAwMDAwMDAwMH19",
          "dependencies": [
            "module.vpc.aws_internet_gateway.this",
            "module.vpc.aws_route_table.public",
            "module.vpc.aws_vpc.this",
            "module.vpc.aws_vpc_ipv4_cidr_block_association.this"
          ]
        }
      ]
    },
    {
      "module": "module.vpc",
      "mode": "managed",
      "type": "aws_route_table",
      "name": "private",
      "provider": "provider[\"registry.terraform.io/hashicorp/aws\"]",
      "instances": [
        {
          "index_key": 0,
          "schema_version": 0,
          "attributes": {
            "arn": "arn:aws:ec2:us-east-1:476064939890:route-table/rtb-06d86440bf0d94c8b",
            "id": "rtb-06d86440bf0d94c8b",
            "owner_id": "476064939890",
            "propagating_vgws": [],
            "region": "us-east-1",
            "route": [],
            "tags": {
              "Name": "cazia-vpc-private-us-east-1a"
            },
            "tags_all": {
              "Name": "cazia-vpc-private-us-east-1a"
            },
            "timeouts": null,
            "vpc_id": "vpc-0ffe2ef19ff4c57df"
          },
          "sensitive_attributes": [],
          "identity_schema_version": 0,
          "identity": {
            "account_id": "476064939890",
            "id": "rtb-06d86440bf0d94c8b",
            "region": "us-east-1"
          },
          "private": "eyJlMmJmYjczMC1lY2FhLTExZTYtOGY4OC0zNDM2M2JjN2M0YzAiOnsiY3JlYXRlIjozMDAwMDAwMDAwMDAsImRlbGV0ZSI6MzAwMDAwMDAwMDAwLCJ1cGRhdGUiOjEyMDAwMDAwMDAwMH19",
          "dependencies": [
            "data.aws_availability_zones.available",
            "module.vpc.aws_vpc.this",
            "module.vpc.aws_vpc_ipv4_cidr_block_association.this"
          ]
        },
        {
          "index_key": 1,
          "schema_version": 0,
          "attributes": {
            "arn": "arn:aws:ec2:us-east-1:476064939890:route-table/rtb-056a38dc34c4e0af6",
            "id": "rtb-056a38dc34c4e0af6",
            "owner_id": "476064939890",
            "propagating_vgws": [],
            "region": "us-east-1",
            "route": [],
            "tags": {
              "Name": "cazia-vpc-private-us-east-1b"
            },
            "tags_all": {
              "Name": "cazia-vpc-private-us-east-1b"
            },
            "timeouts": null,
            "vpc_id": "vpc-0ffe2ef19ff4c57df"
          },
          "sensitive_attributes": [],
          "identity_schema_version": 0,
          "identity": {
            "account_id": "476064939890",
            "id": "rtb-056a38dc34c4e0af6",
            "region": "us-east-1"
          },
          "private": "eyJlMmJmYjczMC1lY2FhLTExZTYtOGY4OC0zNDM2M2JjN2M0YzAiOnsiY3JlYXRlIjozMDAwMDAwMDAwMDAsImRlbGV0ZSI6MzAwMDAwMDAwMDAwLCJ1cGRhdGUiOjEyMDAwMDAwMDAwMH19",
          "dependencies": [
            "data.aws_availability_zones.available",
            "module.vpc.aws_vpc.this",
            "module.vpc.aws_vpc_ipv4_cidr_block_association.this"
          ]
        }
      ]
    },
    {
      "module": "module.vpc",
      "mode": "managed",
      "type": "aws_route_table",
      "name": "public",
      "provider": "provider[\"registry.terraform.io/hashicorp/aws\"]",
      "instances": [
        {
          "index_key": 0,
          "schema_version": 0,
          "attributes": {
            "arn": "arn:aws:ec2:us-east-1:476064939890:route-table/rtb-0100628bcd4d6e419",
            "id": "rtb-0100628bcd4d6e419",
            "owner_id": "476064939890",
            "propagating_vgws": [],
            "region": "us-east-1",
            "route": [],
            "tags": {
              "Name": "cazia-vpc-public"
            },
            "tags_all": {
              "Name": "cazia-vpc-public"
            },
            "timeouts": null,
            "vpc_id": "vpc-0ffe2ef19ff4c57df"
          },
          "sensitive_attributes": [],
          "identity_schema_version": 0,
          "identity": {
            "account_id": "476064939890",
            "id": "rtb-0100628bcd4d6e419",
            "region": "us-east-1"
          },
          "private": "eyJlMmJmYjczMC1lY2FhLTExZTYtOGY4OC0zNDM2M2JjN2M0YzAiOnsiY3JlYXRlIjozMDAwMDAwMDAwMDAsImRlbGV0ZSI6MzAwMDAwMDAwMDAwLCJ1cGRhdGUiOjEyMDAwMDAwMDAwMH19",
          "dependencies": [
            "module.vpc.aws_vpc.this",
            "module.vpc.aws_vpc_ipv4_cidr_block_association.this"
          ]
        }
      ]
    },
    {
      "module": "module.vpc",
      "mode": "managed",
      "type": "aws_route_table_association",
      "name": "private",
      "provider": "provider[\"registry.terraform.io/hashicorp/aws\"]",
      "instances": [
        {
          "index_key": 0,
          "schema_version": 0,
          "attributes": {
            "gateway_id": "",
            "id": "rtbassoc-0cca470170a4ac7ce",
            "region": "us-east-1",
            "route_table_id": "rtb-06d86440bf0d94c8b",
            "subnet_id": "subnet-0eadbaa0a0a94ceb0",
            "timeouts": null
          },
          "sensitive_attributes": [],
          "identity_schema_version": 0,
          "private": "eyJlMmJmYjczMC1lY2FhLTExZTYtOGY4OC0zNDM2M2JjN2M0YzAiOnsiY3JlYXRlIjozMDAwMDAwMDAwMDAsImRlbGV0ZSI6MzAwMDAwMDAwMDAwLCJ1cGRhdGUiOjEyMDAwMDAwMDAwMH19",
          "dependencies": [
            "data.aws_availability_zones.available",
            "module.vpc.aws_route_table.private",
            "module.vpc.aws_subnet.private",
            "module.vpc.aws_vpc.this",
            "module.vpc.aws_vpc_ipv4_cidr_block_association.this"
          ]
        },
        {
          "index_key": 1,
          "schema_version": 0,
          "attributes": {
            "gateway_id": "",
            "id": "rtbassoc-0133ea30d7a0b9e49",
            "region": "us-east-1",
            "route_table_id": "rtb-056a38dc34c4e0af6",
            "subnet_id": "subnet-06d7d15907efb69d8",
            "timeouts": null
          },
          "sensitive_attributes": [],
          "identity_schema_version": 0,
          "private": "eyJlMmJmYjczMC1lY2FhLTExZTYtOGY4OC0zNDM2M2JjN2M0YzAiOnsiY3JlYXRlIjozMDAwMDAwMDAwMDAsImRlbGV0ZSI6MzAwMDAwMDAwMDAwLCJ1cGRhdGUiOjEyMDAwMDAwMDAwMH19",
          "dependencies": [
            "data.aws_availability_zones.available",
            "module.vpc.aws_route_table.private",
            "module.vpc.aws_subnet.private",
            "module.vpc.aws_vpc.this",
            "module.vpc.aws_vpc_ipv4_cidr_block_association.this"
          ]
        }
      ]
    },
    {
      "module": "module.vpc",
      "mode": "managed",
      "type": "aws_route_table_association",
      "name": "public",
      "provider": "provider[\"registry.terraform.io/hashicorp/aws\"]",
      "instances": [
        {
          "index_key": 0,
          "schema_version": 0,
          "attributes": {
            "gateway_id": "",
            "id": "rtbassoc-0472fa7cfaa6f4eb3",
            "region": "us-east-1",
            "route_table_id": "rtb-0100628bcd4d6e419",
            "subnet_id": "subnet-07065f71d793c58f8",
            "timeouts": null
          },
          "sensitive_attributes": [],
          "identity_schema_version": 0,
          "private": "eyJlMmJmYjczMC1lY2FhLTExZTYtOGY4OC0zNDM2M2JjN2M0YzAiOnsiY3JlYXRlIjozMDAwMDAwMDAwMDAsImRlbGV0ZSI6MzAwMDAwMDAwMDAwLCJ1cGRhdGUiOjEyMDAwMDAwMDAwMH19",
          "dependencies": [
            "data.aws_availability_zones.available",
            "module.vpc.aws_route_table.public",
            "module.vpc.aws_subnet.public",
            "module.vpc.aws_vpc.this",
            "module.vpc.aws_vpc_ipv4_cidr_block_association.this"
          ]
        },
        {
          "index_key": 1,
          "schema_version": 0,
          "attributes": {
            "gateway_id": "",
            "id": "rtbassoc-02acd06e1864517f3",
            "region": "us-east-1",
            "route_table_id": "rtb-0100628bcd4d6e419",
            "subnet_id": "subnet-0d3fc996079d56a2e",
            "timeouts": null
          },
          "sensitive_attributes": [],
          "identity_schema_version": 0,
          "private": "eyJlMmJmYjczMC1lY2FhLTExZTYtOGY4OC0zNDM2M2JjN2M0YzAiOnsiY3JlYXRlIjozMDAwMDAwMDAwMDAsImRlbGV0ZSI6MzAwMDAwMDAwMDAwLCJ1cGRhdGUiOjEyMDAwMDAwMDAwMH19",
          "dependencies": [
            "data.aws_availability_zones.available",
            "module.vpc.aws_route_table.public",
            "module.vpc.aws_subnet.public",
            "module.vpc.aws_vpc.this",
            "module.vpc.aws_vpc_ipv4_cidr_block_association.this"
          ]
        }
      ]
    },
    {
      "module": "module.vpc",
      "mode": "managed",
      "type": "aws_subnet",
      "name": "private",
      "provider": "provider[\"registry.terraform.io/hashicorp/aws\"]",
      "instances": [
        {
          "index_key": 0,
          "schema_version": 1,
          "attributes": {
            "arn": "arn:aws:ec2:us-east-1:476064939890:subnet/subnet-0eadbaa0a0a94ceb0",
            "assign_ipv6_address_on_creation": false,
            "availability_zone": "us-east-1a",
            "availability_zone_id": "use1-az1",
            "cidr_block": "10.0.1.0/24",
            "customer_owned_ipv4_pool": "",
            "enable_dns64": false,
            "enable_lni_at_device_index": 0,
            "enable_resource_name_dns_a_record_on_launch": false,
            "enable_resource_name_dns_aaaa_record_on_launch": false,
            "id": "subnet-0eadbaa0a0a94ceb0",
            "ipv6_cidr_block": "",
            "ipv6_cidr_block_association_id": "",
            "ipv6_native": false,
            "map_customer_owned_ip_on_launch": false,
            "map_public_ip_on_launch": false,
            "outpost_arn": "",
            "owner_id": "476064939890",
            "private_dns_hostname_type_on_launch": "ip-name",
            "region": "us-east-1",
            "tags": {
              "Name": "cazia-vpc-private-us-east-1a"
            },
            "tags_all": {
              "Name": "cazia-vpc-private-us-east-1a"
            },
            "timeouts": null,
            "vpc_id": "vpc-0ffe2ef19ff4c57df"
          },
          "sensitive_attributes": [],
          "identity_schema_version": 0,
          "identity": {
            "account_id": "476064939890",
            "id": "subnet-0eadbaa0a0a94ceb0",
            "region": "us-east-1"
          },
          "private": "eyJlMmJmYjczMC1lY2FhLTExZTYtOGY4OC0zNDM2M2JjN2M0YzAiOnsiY3JlYXRlIjo2MDAwMDAwMDAwMDAsImRlbGV0ZSI6MTIwMDAwMDAwMDAwMH0sInNjaGVtYV92ZXJzaW9uIjoiMSJ9",
          "dependencies": [
            "data.aws_availability_zones.available",
            "module.vpc.aws_vpc.this",
            "module.vpc.aws_vpc_ipv4_cidr_block_association.this"
          ]
        },
        {
          "index_key": 1,
          "schema_version": 1,
          "attributes": {
            "arn": "arn:aws:ec2:us-east-1:476064939890:subnet/subnet-06d7d15907efb69d8",
            "assign_ipv6_address_on_creation": false,
            "availability_zone": "us-east-1b",
            "availability_zone_id": "use1-az2",
            "cidr_block": "10.0.2.0/24",
            "customer_owned_ipv4_pool": "",
            "enable_dns64": false,
            "enable_lni_at_device_index": 0,
            "enable_resource_name_dns_a_record_on_launch": false,
            "enable_resource_name_dns_aaaa_record_on_launch": false,
            "id": "subnet-06d7d15907efb69d8",
            "ipv6_cidr_block": "",
            "ipv6_cidr_block_association_id": "",
            "ipv6_native": false,
            "map_customer_owned_ip_on_launch": false,
            "map_public_ip_on_launch": false,
            "outpost_arn": "",
            "owner_id": "476064939890",
            "private_dns_hostname_type_on_launch": "ip-name",
            "region": "us-east-1",
            "tags": {
              "Name": "cazia-vpc-private-us-east-1b"
            },
            "tags_all": {
              "Name": "cazia-vpc-private-us-east-1b"
            },
            "timeouts": null,
            "vpc_id": "vpc-0ffe2ef19ff4c57df"
          },
          "sensitive_attributes": [],
          "identity_schema_version": 0,
          "identity": {
            "account_id": "476064939890",
            "id": "subnet-06d7d15907efb69d8",
            "region": "us-east-1"
          },
          "private": "eyJlMmJmYjczMC1lY2FhLTExZTYtOGY4OC0zNDM2M2JjN2M0YzAiOnsiY3JlYXRlIjo2MDAwMDAwMDAwMDAsImRlbGV0ZSI6MTIwMDAwMDAwMDAwMH0sInNjaGVtYV92ZXJzaW9uIjoiMSJ9",
          "dependencies": [
            "data.aws_availability_zones.available",
            "module.vpc.aws_vpc.this",
            "module.vpc.aws_vpc_ipv4_cidr_block_association.this"
          ]
        }
      ]
    },
    {
      "module": "module.vpc",
      "mode": "managed",
      "type": "aws_subnet",
      "name": "public",
      "provider": "provider[\"registry.terraform.io/hashicorp/aws\"]",
      "instances": [
        {
          "index_key": 0,
          "schema_version": 1,
          "attributes": {
            "arn": "arn:aws:ec2:us-east-1:476064939890:subnet/subnet-07065f71d793c58f8",
            "assign_ipv6_address_on_creation": false,
            "availability_zone": "us-east-1a",
            "availability_zone_id": "use1-az1",
            "cidr_block": "10.0.101.0/24",
            "customer_owned_ipv4_pool": "",
            "enable_dns64": false,
            "enable_lni_at_device_index": 0,
            "enable_resource_name_dns_a_record_on_launch": false,
            "enable_resource_name_dns_aaaa_record_on_launch": false,
            "id": "subnet-07065f71d793c58f8",
            "ipv6_cidr_block": "",
            "ipv6_cidr_block_association_id": "",
            "ipv6_native": false,
            "map_customer_owned_ip_on_launch": false,
            "map_public_ip_on_launch": false,
            "outpost_arn": "",
            "owner_id": "476064939890",
            "private_dns_hostname_type_on_launch": "ip-name",
            "region": "us-east-1",
            "tags": {
              "Name": "cazia-vpc-public-us-east-1a"
            },
            "tags_all": {
              "Name": "cazia-vpc-public-us-east-1a"
            },
            "timeouts": null,
            "vpc_id": "vpc-0ffe2ef19ff4c57df"
          },
          "sensitive_attributes": [],
          "identity_schema_version": 0,
          "identity": {
            "account_id": "476064939890",
            "id": "subnet-07065f71d793c58f8",
            "region": "us-east-1"
          },
          "private": "eyJlMmJmYjczMC1lY2FhLTExZTYtOGY4OC0zNDM2M2JjN2M0YzAiOnsiY3JlYXRlIjo2MDAwMDAwMDAwMDAsImRlbGV0ZSI6MTIwMDAwMDAwMDAwMH0sInNjaGVtYV92ZXJzaW9uIjoiMSJ9",
          "dependencies": [
            "data.aws_availability_zones.available",
            "module.vpc.aws_vpc.this",
            "module.vpc.aws_vpc_ipv4_cidr_block_association.this"
          ]
        },
        {
          "index_key": 1,
          "schema_version": 1,
          "attributes": {
            "arn": "arn:aws:ec2:us-east-1:476064939890:subnet/subnet-0d3fc996079d56a2e",
            "assign_ipv6_address_on_creation": false,
            "availability_zone": "us-east-1b",
            "availability_zone_id": "use1-az2",
            "cidr_block": "10.0.102.0/24",
            "customer_owned_ipv4_pool": "",
            "enable_dns64": false,
            "enable_lni_at_device_index": 0,
            "enable_resource_name_dns_a_record_on_launch": false,
            "enable_resource_name_dns_aaaa_record_on_launch": false,
            "id": "subnet-0d3fc996079d56a2e",
            "ipv6_cidr_block": "",
            "ipv6_cidr_block_association_id": "",
            "ipv6_native": false,
            "map_customer_owned_ip_on_launch": false,
            "map_public_ip_on_launch": false,
            "outpost_arn": "",
            "owner_id": "476064939890",
            "private_dns_hostname_type_on_launch": "ip-name",
            "region": "us-east-1",
            "tags": {
              "Name": "cazia-vpc-public-us-east-1b"
            },
            "tags_all": {
              "Name": "cazia-vpc-public-us-east-1b"
            },
            "timeouts": null,
            "vpc_id": "vpc-0ffe2ef19ff4c57df"
          },
          "sensitive_attributes": [],
          "identity_schema_version": 0,
          "identity": {
            "account_id": "476064939890",
            "id": "subnet-0d3fc996079d56a2e",
            "region": "us-east-1"
          },
          "private": "eyJlMmJmYjczMC1lY2FhLTExZTYtOGY4OC0zNDM2M2JjN2M0YzAiOnsiY3JlYXRlIjo2MDAwMDAwMDAwMDAsImRlbGV0ZSI6MTIwMDAwMDAwMDAwMH0sInNjaGVtYV92ZXJzaW9uIjoiMSJ9",
          "dependencies": [
            "data.aws_availability_zones.available",
            "module.vpc.aws_vpc.this",
            "module.vpc.aws_vpc_ipv4_cidr_block_association.this"
          ]
        }
      ]
    },
    {
      "module": "module.vpc",
      "mode": "managed",
      "type": "aws_vpc",
      "name": "this",
      "provider": "provider[\"registry.terraform.io/hashicorp/aws\"]",
      "instances": [
        {
          "index_key": 0,
          "schema_version": 1,
          "attributes": {
            "arn": "arn:aws:ec2:us-east-1:476064939890:vpc/vpc-0ffe2ef19ff4c57df",
            "assign_generated_ipv6_cidr_block": false,
            "cidr_block": "10.0.0.0/16",
            "default_network_acl_id": "acl-0c89a870128a0d401",
            "default_route_table_id": "rtb-0709ca3f0d3ba1b5b",
            "default_security_group_id": "sg-03507e61767c90fd0",
            "dhcp_options_id": "dopt-0a6bba57926fb62d9",
            "enable_dns_hostnames": true,
            "enable_dns_support": true,
            "enable_network_address_usage_metrics": false,
            "id": "vpc-0ffe2ef19ff4c57df",
            "instance_tenancy": "default",
            "ipv4_ipam_pool_id": null,
            "ipv4_netmask_length": null,
            "ipv6_association_id": "",
            "ipv6_cidr_block": "",
            "ipv6_cidr_block_network_border_group": "",
            "ipv6_ipam_pool_id": "",
            "ipv6_netmask_length": 0,
            "main_route_table_id": "rtb-0709ca3f0d3ba1b5b",
            "owner_id": "476064939890",
            "region": "us-east-1",
            "tags": {
              "Name": "cazia-vpc"
            },
            "tags_all": {
              "Name": "cazia-vpc"
            }
          },
          "sensitive_attributes": [],
          "identity_schema_version": 0,
          "identity": {
            "account_id": "476064939890",
            "id": "vpc-0ffe2ef19ff4c57df",
            "region": "us-east-1"
          },
          "private": "eyJzY2hlbWFfdmVyc2lvbiI6IjEifQ=="
        }
      ]
    }
  ],
  "check_results": null
}
