{
  "version": 4,
  "terraform_version": "1.13.5",
  "serial": 762,
  "lineage": "d89c8349-d420-3eae-37b9-db256d238c56",
  "outputs": {},
  "resources": [
    {
      "mode": "data",
      "type": "aws_ami",
      "name": "ubuntu",
      "provider": "provider[\"registry.terraform.io/hashicorp/aws\"]",
      "instances": [
        {
          "schema_version": 0,
          "attributes": {
            "allow_unsafe_filter": null,
            "architecture": "x86_64",
            "arn": "arn:aws:ec2:us-east-1::image/ami-03deb8c961063af8c",
            "block_device_mappings": [
              {
                "device_name": "/dev/sda1",
                "ebs": {
                  "delete_on_termination": "true",
                  "encrypted": "false",
                  "iops": "0",
                  "snapshot_id": "snap-0857ccdc177548e96",
                  "throughput": "0",
                  "volume_initialization_rate": "0",
                  "volume_size": "8",
                  "volume_type": "gp2"
                },
                "no_device": "",
                "virtual_name": ""
              },
              {
                "device_name": "/dev/sdb",
                "ebs": {},
                "no_device": "",
                "virtual_name": "ephemeral0"
              },
              {
                "device_name": "/dev/sdc",
                "ebs": {},
                "no_device": "",
                "virtual_name": "ephemeral1"
              }
            ],
            "boot_mode": "uefi-preferred",
            "creation_date": "2025-11-22T06:49:32.000Z",
            "deprecation_time": "2027-11-22T06:49:32.000Z",
            "description": "Canonical, Ubuntu, 22.04, amd64 jammy image",
            "ena_support": true,
            "executable_users": null,
            "filter": [
              {
                "name": "name",
                "values": [
                  "ubuntu/images/hvm-ssd/ubuntu-jammy-22.04-amd64-server-*"
                ]
              },
              {
                "name": "virtualization-type",
                "values": [
                  "hvm"
                ]
              }
            ],
            "hypervisor": "xen",
            "id": "ami-03deb8c961063af8c",
            "image_id": "ami-03deb8c961063af8c",
            "image_location": "amazon/ubuntu/images/hvm-ssd/ubuntu-jammy-22.04-amd64-server-20251122",
            "image_owner_alias": "amazon",
            "image_type": "machine",
            "imds_support": "",
            "include_deprecated": false,
            "kernel_id": "",
            "last_launched_time": "",
            "most_recent": true,
            "name": "ubuntu/images/hvm-ssd/ubuntu-jammy-22.04-amd64-server-20251122",
            "name_regex": null,
            "owner_id": "099720109477",
            "owners": [
              "099720109477"
            ],
            "platform": "",
            "platform_details": "Linux/UNIX",
            "product_codes": [],
            "public": true,
            "ramdisk_id": "",
            "region": "us-east-1",
            "root_device_name": "/dev/sda1",
            "root_device_type": "ebs",
            "root_snapshot_id": "snap-0857ccdc177548e96",
            "sriov_net_support": "simple",
            "state": "available",
            "state_reason": {
              "code": "UNSET",
              "message": "UNSET"
            },
            "tags": {},
            "timeouts": null,
            "tpm_support": "",
            "uefi_data": null,
            "usage_operation": "RunInstances",
            "virtualization_type": "hvm"
          },
          "sensitive_attributes": [],
          "identity_schema_version": 0
        }
      ]
    },
    {
      "mode": "data",
      "type": "aws_availability_zones",
      "name": "available",
      "provider": "provider[\"registry.terraform.io/hashicorp/aws\"]",
      "instances": [
        {
          "schema_version": 0,
          "attributes": {
            "all_availability_zones": null,
            "exclude_names": null,
            "exclude_zone_ids": null,
            "filter": null,
            "group_names": [
              "us-east-1-zg-1"
            ],
            "id": "us-east-1",
            "names": [
              "us-east-1a",
              "us-east-1b",
              "us-east-1c",
              "us-east-1d",
              "us-east-1e",
              "us-east-1f"
            ],
            "region": "us-east-1",
            "state": "available",
            "timeouts": null,
            "zone_ids": [
              "use1-az1",
              "use1-az2",
              "use1-az4",
              "use1-az6",
              "use1-az3",
              "use1-az5"
            ]
          },
          "sensitive_attributes": [],
          "identity_schema_version": 0
        }
      ]
    },
    {
      "mode": "managed",
      "type": "aws_instance",
      "name": "bastion",
      "provider": "provider[\"registry.terraform.io/hashicorp/aws\"]",
      "instances": [
        {
          "schema_version": 2,
          "attributes": {
            "ami": "ami-03deb8c961063af8c",
            "arn": "arn:aws:ec2:us-east-1:476064939890:instance/i-0756acde3ff54fbc7",
            "associate_public_ip_address": true,
            "availability_zone": "us-east-1a",
            "capacity_reservation_specification": [
              {
                "capacity_reservation_preference": "open",
                "capacity_reservation_target": []
              }
            ],
            "cpu_options": [
              {
                "amd_sev_snp": "",
                "core_count": 1,
                "threads_per_core": 1
              }
            ],
            "credit_specification": [
              {
                "cpu_credits": "standard"
              }
            ],
            "disable_api_stop": false,
            "disable_api_termination": false,
            "ebs_block_device": [],
            "ebs_optimized": false,
            "enable_primary_ipv6": null,
            "enclave_options": [
              {
                "enabled": false
              }
            ],
            "ephemeral_block_device": [],
            "force_destroy": false,
            "get_password_data": false,
            "hibernation": false,
            "host_id": "",
            "host_resource_group_arn": null,
            "iam_instance_profile": "",
            "id": "i-0756acde3ff54fbc7",
            "instance_initiated_shutdown_behavior": "stop",
            "instance_lifecycle": "",
            "instance_market_options": [],
            "instance_state": "running",
            "instance_type": "t2.micro",
            "ipv6_address_count": 0,
            "ipv6_addresses": [],
            "key_name": "chave-cazia-ansible",
            "launch_template": [],
            "maintenance_options": [
              {
                "auto_recovery": "default"
              }
            ],
            "metadata_options": [
              {
                "http_endpoint": "enabled",
                "http_protocol_ipv6": "disabled",
                "http_put_response_hop_limit": 1,
                "http_tokens": "optional",
                "instance_metadata_tags": "disabled"
              }
            ],
            "monitoring": false,
            "network_interface": [],
            "outpost_arn": "",
            "password_data": "",
            "placement_group": "",
            "placement_group_id": "",
            "placement_partition_number": 0,
            "primary_network_interface": [
              {
                "delete_on_termination": true,
                "network_interface_id": "eni-05db7b6d68d6b8dd0"
              }
            ],
            "primary_network_interface_id": "eni-05db7b6d68d6b8dd0",
            "private_dns": "ip-10-0-101-30.ec2.internal",
            "private_dns_name_options": [
              {
                "enable_resource_name_dns_a_record": false,
                "enable_resource_name_dns_aaaa_record": false,
                "hostname_type": "ip-name"
              }
            ],
            "private_ip": "10.0.101.30",
            "public_dns": "ec2-23-21-29-238.compute-1.amazonaws.com",
            "public_ip": "23.21.29.238",
            "region": "us-east-1",
            "root_block_device": [
              {
                "delete_on_termination": true,
                "device_name": "/dev/sda1",
                "encrypted": false,
                "iops": 100,
                "kms_key_id": "",
                "tags": {},
                "tags_all": {},
                "throughput": 0,
                "volume_id": "vol-0081fdf4e00c841a4",
                "volume_size": 8,
                "volume_type": "gp2"
              }
            ],
            "secondary_private_ips": [],
            "security_groups": [],
            "source_dest_check": true,
            "spot_instance_request_id": "",
            "subnet_id": "subnet-0d520c9046e1aaf16",
            "tags": {
              "Name": "Bastion"
            },
            "tags_all": {
              "Name": "Bastion"
            },
            "tenancy": "default",
            "timeouts": null,
            "user_data": "#!/bin/bash\necho \"Port 60022\" \u003e\u003e /etc/ssh/sshd_config\nyum install -y policycoreutils-python\nsemanage port -a -t ssh_port_t -p tcp 60022 || true\nsystemctl restart sshd\n",
            "user_data_base64": null,
            "user_data_replace_on_change": false,
            "volume_tags": null,
            "vpc_security_group_ids": [
              "sg-03a498ebb14a68a28"
            ]
          },
          "sensitive_attributes": [],
          "identity_schema_version": 0,
          "identity": {
            "account_id": "476064939890",
            "id": "i-0756acde3ff54fbc7",
            "region": "us-east-1"
          },
          "private": "eyJlMmJmYjczMC1lY2FhLTExZTYtOGY4OC0zNDM2M2JjN2M0YzAiOnsiY3JlYXRlIjo2MDAwMDAwMDAwMDAsImRlbGV0ZSI6MTIwMDAwMDAwMDAwMCwicmVhZCI6OTAwMDAwMDAwMDAwLCJ1cGRhdGUiOjYwMDAwMDAwMDAwMH0sInNjaGVtYV92ZXJzaW9uIjoiMiJ9",
          "dependencies": [
            "aws_key_pair.kp",
            "aws_security_group.bastion_sg",
            "data.aws_ami.ubuntu",
            "data.aws_availability_zones.available",
            "module.vpc.aws_subnet.public",
            "module.vpc.aws_vpc.this",
            "module.vpc.aws_vpc_ipv4_cidr_block_association.this",
            "tls_private_key.pk"
          ]
        }
      ]
    },
    {
      "mode": "managed",
      "type": "aws_instance",
      "name": "manager",
      "provider": "provider[\"registry.terraform.io/hashicorp/aws\"]",
      "instances": [
        {
          "index_key": "swarm-manager-01",
          "schema_version": 2,
          "attributes": {
            "ami": "ami-03deb8c961063af8c",
            "arn": "arn:aws:ec2:us-east-1:476064939890:instance/i-02ce3296f8440a0cb",
            "associate_public_ip_address": false,
            "availability_zone": "us-east-1a",
            "capacity_reservation_specification": [
              {
                "capacity_reservation_preference": "open",
                "capacity_reservation_target": []
              }
            ],
            "cpu_options": [
              {
                "amd_sev_snp": "",
                "core_count": 1,
                "threads_per_core": 2
              }
            ],
            "credit_specification": [
              {
                "cpu_credits": "unlimited"
              }
            ],
            "disable_api_stop": false,
            "disable_api_termination": false,
            "ebs_block_device": [],
            "ebs_optimized": false,
            "enable_primary_ipv6": null,
            "enclave_options": [
              {
                "enabled": false
              }
            ],
            "ephemeral_block_device": [],
            "force_destroy": false,
            "get_password_data": false,
            "hibernation": false,
            "host_id": "",
            "host_resource_group_arn": null,
            "iam_instance_profile": "",
            "id": "i-02ce3296f8440a0cb",
            "instance_initiated_shutdown_behavior": "stop",
            "instance_lifecycle": "",
            "instance_market_options": [],
            "instance_state": "running",
            "instance_type": "t3.medium",
            "ipv6_address_count": 0,
            "ipv6_addresses": [],
            "key_name": "chave-cazia-ansible",
            "launch_template": [],
            "maintenance_options": [
              {
                "auto_recovery": "default"
              }
            ],
            "metadata_options": [
              {
                "http_endpoint": "enabled",
                "http_protocol_ipv6": "disabled",
                "http_put_response_hop_limit": 1,
                "http_tokens": "optional",
                "instance_metadata_tags": "disabled"
              }
            ],
            "monitoring": false,
            "network_interface": [],
            "outpost_arn": "",
            "password_data": "",
            "placement_group": "",
            "placement_group_id": "",
            "placement_partition_number": 0,
            "primary_network_interface": [
              {
                "delete_on_termination": true,
                "network_interface_id": "eni-0820665f2e7abc92f"
              }
            ],
            "primary_network_interface_id": "eni-0820665f2e7abc92f",
            "private_dns": "ip-10-0-1-35.ec2.internal",
            "private_dns_name_options": [
              {
                "enable_resource_name_dns_a_record": false,
                "enable_resource_name_dns_aaaa_record": false,
                "hostname_type": "ip-name"
              }
            ],
            "private_ip": "10.0.1.35",
            "public_dns": "",
            "public_ip": "",
            "region": "us-east-1",
            "root_block_device": [
              {
                "delete_on_termination": true,
                "device_name": "/dev/sda1",
                "encrypted": false,
                "iops": 100,
                "kms_key_id": "",
                "tags": {},
                "tags_all": {},
                "throughput": 0,
                "volume_id": "vol-053c8ea7e913e8433",
                "volume_size": 8,
                "volume_type": "gp2"
              }
            ],
            "secondary_private_ips": [],
            "security_groups": [],
            "source_dest_check": true,
            "spot_instance_request_id": "",
            "subnet_id": "subnet-01d6bb71c441dee26",
            "tags": {
              "Name": "swarm-manager-01",
              "Role": "Manager"
            },
            "tags_all": {
              "Name": "swarm-manager-01",
              "Role": "Manager"
            },
            "tenancy": "default",
            "timeouts": null,
            "user_data": null,
            "user_data_base64": null,
            "user_data_replace_on_change": false,
            "volume_tags": null,
            "vpc_security_group_ids": [
              "sg-01146dc5fd10a6575"
            ]
          },
          "sensitive_attributes": [],
          "identity_schema_version": 0,
          "identity": {
            "account_id": "476064939890",
            "id": "i-02ce3296f8440a0cb",
            "region": "us-east-1"
          },
          "private": "eyJlMmJmYjczMC1lY2FhLTExZTYtOGY4OC0zNDM2M2JjN2M0YzAiOnsiY3JlYXRlIjo2MDAwMDAwMDAwMDAsImRlbGV0ZSI6MTIwMDAwMDAwMDAwMCwicmVhZCI6OTAwMDAwMDAwMDAwLCJ1cGRhdGUiOjYwMDAwMDAwMDAwMH0sInNjaGVtYV92ZXJzaW9uIjoiMiJ9",
          "dependencies": [
            "aws_key_pair.kp",
            "aws_security_group.bastion_sg",
            "aws_security_group.swarm_sg",
            "data.aws_ami.ubuntu",
            "data.aws_availability_zones.available",
            "module.vpc.aws_subnet.private",
            "module.vpc.aws_vpc.this",
            "module.vpc.aws_vpc_ipv4_cidr_block_association.this",
            "tls_private_key.pk"
          ]
        },
        {
          "index_key": "swarm-manager-02",
          "schema_version": 2,
          "attributes": {
            "ami": "ami-03deb8c961063af8c",
            "arn": "arn:aws:ec2:us-east-1:476064939890:instance/i-0f1b9f67b3a23e93f",
            "associate_public_ip_address": false,
            "availability_zone": "us-east-1b",
            "capacity_reservation_specification": [
              {
                "capacity_reservation_preference": "open",
                "capacity_reservation_target": []
              }
            ],
            "cpu_options": [
              {
                "amd_sev_snp": "",
                "core_count": 1,
                "threads_per_core": 2
              }
            ],
            "credit_specification": [
              {
                "cpu_credits": "unlimited"
              }
            ],
            "disable_api_stop": false,
            "disable_api_termination": false,
            "ebs_block_device": [],
            "ebs_optimized": false,
            "enable_primary_ipv6": null,
            "enclave_options": [
              {
                "enabled": false
              }
            ],
            "ephemeral_block_device": [],
            "force_destroy": false,
            "get_password_data": false,
            "hibernation": false,
            "host_id": "",
            "host_resource_group_arn": null,
            "iam_instance_profile": "",
            "id": "i-0f1b9f67b3a23e93f",
            "instance_initiated_shutdown_behavior": "stop",
            "instance_lifecycle": "",
            "instance_market_options": [],
            "instance_state": "running",
            "instance_type": "t3.medium",
            "ipv6_address_count": 0,
            "ipv6_addresses": [],
            "key_name": "chave-cazia-ansible",
            "launch_template": [],
            "maintenance_options": [
              {
                "auto_recovery": "default"
              }
            ],
            "metadata_options": [
              {
                "http_endpoint": "enabled",
                "http_protocol_ipv6": "disabled",
                "http_put_response_hop_limit": 1,
                "http_tokens": "optional",
                "instance_metadata_tags": "disabled"
              }
            ],
            "monitoring": false,
            "network_interface": [],
            "outpost_arn": "",
            "password_data": "",
            "placement_group": "",
            "placement_group_id": "",
            "placement_partition_number": 0,
            "primary_network_interface": [
              {
                "delete_on_termination": true,
                "network_interface_id": "eni-0175e16adfb6021c7"
              }
            ],
            "primary_network_interface_id": "eni-0175e16adfb6021c7",
            "private_dns": "ip-10-0-2-72.ec2.internal",
            "private_dns_name_options": [
              {
                "enable_resource_name_dns_a_record": false,
                "enable_resource_name_dns_aaaa_record": false,
                "hostname_type": "ip-name"
              }
            ],
            "private_ip": "10.0.2.72",
            "public_dns": "",
            "public_ip": "",
            "region": "us-east-1",
            "root_block_device": [
              {
                "delete_on_termination": true,
                "device_name": "/dev/sda1",
                "encrypted": false,
                "iops": 100,
                "kms_key_id": "",
                "tags": {},
                "tags_all": {},
                "throughput": 0,
                "volume_id": "vol-09539deb9c73c718e",
                "volume_size": 8,
                "volume_type": "gp2"
              }
            ],
            "secondary_private_ips": [],
            "security_groups": [],
            "source_dest_check": true,
            "spot_instance_request_id": "",
            "subnet_id": "subnet-03a25789eab58e816",
            "tags": {
              "Name": "swarm-manager-02",
              "Role": "Manager"
            },
            "tags_all": {
              "Name": "swarm-manager-02",
              "Role": "Manager"
            },
            "tenancy": "default",
            "timeouts": null,
            "user_data": null,
            "user_data_base64": null,
            "user_data_replace_on_change": false,
            "volume_tags": null,
            "vpc_security_group_ids": [
              "sg-01146dc5fd10a6575"
            ]
          },
          "sensitive_attributes": [],
          "identity_schema_version": 0,
          "identity": {
            "account_id": "476064939890",
            "id": "i-0f1b9f67b3a23e93f",
            "region": "us-east-1"
          },
          "private": "eyJlMmJmYjczMC1lY2FhLTExZTYtOGY4OC0zNDM2M2JjN2M0YzAiOnsiY3JlYXRlIjo2MDAwMDAwMDAwMDAsImRlbGV0ZSI6MTIwMDAwMDAwMDAwMCwicmVhZCI6OTAwMDAwMDAwMDAwLCJ1cGRhdGUiOjYwMDAwMDAwMDAwMH0sInNjaGVtYV92ZXJzaW9uIjoiMiJ9",
          "dependencies": [
            "aws_key_pair.kp",
            "aws_security_group.bastion_sg",
            "aws_security_group.swarm_sg",
            "data.aws_ami.ubuntu",
            "data.aws_availability_zones.available",
            "module.vpc.aws_subnet.private",
            "module.vpc.aws_vpc.this",
            "module.vpc.aws_vpc_ipv4_cidr_block_association.this",
            "tls_private_key.pk"
          ]
        },
        {
          "index_key": "swarm-manager-03",
          "schema_version": 2,
          "attributes": {
            "ami": "ami-03deb8c961063af8c",
            "arn": "arn:aws:ec2:us-east-1:476064939890:instance/i-082a2b3465f9ab425",
            "associate_public_ip_address": false,
            "availability_zone": "us-east-1a",
            "capacity_reservation_specification": [
              {
                "capacity_reservation_preference": "open",
                "capacity_reservation_target": []
              }
            ],
            "cpu_options": [
              {
                "amd_sev_snp": "",
                "core_count": 1,
                "threads_per_core": 2
              }
            ],
            "credit_specification": [
              {
                "cpu_credits": "unlimited"
              }
            ],
            "disable_api_stop": false,
            "disable_api_termination": false,
            "ebs_block_device": [],
            "ebs_optimized": false,
            "enable_primary_ipv6": null,
            "enclave_options": [
              {
                "enabled": false
              }
            ],
            "ephemeral_block_device": [],
            "force_destroy": false,
            "get_password_data": false,
            "hibernation": false,
            "host_id": "",
            "host_resource_group_arn": null,
            "iam_instance_profile": "",
            "id": "i-082a2b3465f9ab425",
            "instance_initiated_shutdown_behavior": "stop",
            "instance_lifecycle": "",
            "instance_market_options": [],
            "instance_state": "running",
            "instance_type": "t3.medium",
            "ipv6_address_count": 0,
            "ipv6_addresses": [],
            "key_name": "chave-cazia-ansible",
            "launch_template": [],
            "maintenance_options": [
              {
                "auto_recovery": "default"
              }
            ],
            "metadata_options": [
              {
                "http_endpoint": "enabled",
                "http_protocol_ipv6": "disabled",
                "http_put_response_hop_limit": 1,
                "http_tokens": "optional",
                "instance_metadata_tags": "disabled"
              }
            ],
            "monitoring": false,
            "network_interface": [],
            "outpost_arn": "",
            "password_data": "",
            "placement_group": "",
            "placement_group_id": "",
            "placement_partition_number": 0,
            "primary_network_interface": [
              {
                "delete_on_termination": true,
                "network_interface_id": "eni-0157949237388ce26"
              }
            ],
            "primary_network_interface_id": "eni-0157949237388ce26",
            "private_dns": "ip-10-0-1-34.ec2.internal",
            "private_dns_name_options": [
              {
                "enable_resource_name_dns_a_record": false,
                "enable_resource_name_dns_aaaa_record": false,
                "hostname_type": "ip-name"
              }
            ],
            "private_ip": "10.0.1.34",
            "public_dns": "",
            "public_ip": "",
            "region": "us-east-1",
            "root_block_device": [
              {
                "delete_on_termination": true,
                "device_name": "/dev/sda1",
                "encrypted": false,
                "iops": 100,
                "kms_key_id": "",
                "tags": {},
                "tags_all": {},
                "throughput": 0,
                "volume_id": "vol-0fdded9b96d0c459d",
                "volume_size": 8,
                "volume_type": "gp2"
              }
            ],
            "secondary_private_ips": [],
            "security_groups": [],
            "source_dest_check": true,
            "spot_instance_request_id": "",
            "subnet_id": "subnet-01d6bb71c441dee26",
            "tags": {
              "Name": "swarm-manager-03",
              "Role": "Manager"
            },
            "tags_all": {
              "Name": "swarm-manager-03",
              "Role": "Manager"
            },
            "tenancy": "default",
            "timeouts": null,
            "user_data": null,
            "user_data_base64": null,
            "user_data_replace_on_change": false,
            "volume_tags": null,
            "vpc_security_group_ids": [
              "sg-01146dc5fd10a6575"
            ]
          },
          "sensitive_attributes": [],
          "identity_schema_version": 0,
          "identity": {
            "account_id": "476064939890",
            "id": "i-082a2b3465f9ab425",
            "region": "us-east-1"
          },
          "private": "eyJlMmJmYjczMC1lY2FhLTExZTYtOGY4OC0zNDM2M2JjN2M0YzAiOnsiY3JlYXRlIjo2MDAwMDAwMDAwMDAsImRlbGV0ZSI6MTIwMDAwMDAwMDAwMCwicmVhZCI6OTAwMDAwMDAwMDAwLCJ1cGRhdGUiOjYwMDAwMDAwMDAwMH0sInNjaGVtYV92ZXJzaW9uIjoiMiJ9",
          "dependencies": [
            "aws_key_pair.kp",
            "aws_security_group.bastion_sg",
            "aws_security_group.swarm_sg",
            "data.aws_ami.ubuntu",
            "data.aws_availability_zones.available",
            "module.vpc.aws_subnet.private",
            "module.vpc.aws_vpc.this",
            "module.vpc.aws_vpc_ipv4_cidr_block_association.this",
            "tls_private_key.pk"
          ]
        }
      ]
    },
    {
      "mode": "managed",
      "type": "aws_instance",
      "name": "worker",
      "provider": "provider[\"registry.terraform.io/hashicorp/aws\"]",
      "instances": [
        {
          "index_key": "swarm-worker-01",
          "schema_version": 2,
          "attributes": {
            "ami": "ami-03deb8c961063af8c",
            "arn": "arn:aws:ec2:us-east-1:476064939890:instance/i-0ec958d87bc062f4e",
            "associate_public_ip_address": false,
            "availability_zone": "us-east-1a",
            "capacity_reservation_specification": [
              {
                "capacity_reservation_preference": "open",
                "capacity_reservation_target": []
              }
            ],
            "cpu_options": [
              {
                "amd_sev_snp": "",
                "core_count": 1,
                "threads_per_core": 2
              }
            ],
            "credit_specification": [
              {
                "cpu_credits": "unlimited"
              }
            ],
            "disable_api_stop": false,
            "disable_api_termination": false,
            "ebs_block_device": [],
            "ebs_optimized": false,
            "enable_primary_ipv6": null,
            "enclave_options": [
              {
                "enabled": false
              }
            ],
            "ephemeral_block_device": [],
            "force_destroy": false,
            "get_password_data": false,
            "hibernation": false,
            "host_id": "",
            "host_resource_group_arn": null,
            "iam_instance_profile": "",
            "id": "i-0ec958d87bc062f4e",
            "instance_initiated_shutdown_behavior": "stop",
            "instance_lifecycle": "",
            "instance_market_options": [],
            "instance_state": "running",
            "instance_type": "t3.small",
            "ipv6_address_count": 0,
            "ipv6_addresses": [],
            "key_name": "chave-cazia-ansible",
            "launch_template": [],
            "maintenance_options": [
              {
                "auto_recovery": "default"
              }
            ],
            "metadata_options": [
              {
                "http_endpoint": "enabled",
                "http_protocol_ipv6": "disabled",
                "http_put_response_hop_limit": 1,
                "http_tokens": "optional",
                "instance_metadata_tags": "disabled"
              }
            ],
            "monitoring": false,
            "network_interface": [],
            "outpost_arn": "",
            "password_data": "",
            "placement_group": "",
            "placement_group_id": "",
            "placement_partition_number": 0,
            "primary_network_interface": [
              {
                "delete_on_termination": true,
                "network_interface_id": "eni-0ba65b3ffa7637054"
              }
            ],
            "primary_network_interface_id": "eni-0ba65b3ffa7637054",
            "private_dns": "ip-10-0-1-222.ec2.internal",
            "private_dns_name_options": [
              {
                "enable_resource_name_dns_a_record": false,
                "enable_resource_name_dns_aaaa_record": false,
                "hostname_type": "ip-name"
              }
            ],
            "private_ip": "10.0.1.222",
            "public_dns": "",
            "public_ip": "",
            "region": "us-east-1",
            "root_block_device": [
              {
                "delete_on_termination": true,
                "device_name": "/dev/sda1",
                "encrypted": false,
                "iops": 100,
                "kms_key_id": "",
                "tags": {},
                "tags_all": {},
                "throughput": 0,
                "volume_id": "vol-00c75ee3f58a40999",
                "volume_size": 8,
                "volume_type": "gp2"
              }
            ],
            "secondary_private_ips": [],
            "security_groups": [],
            "source_dest_check": true,
            "spot_instance_request_id": "",
            "subnet_id": "subnet-01d6bb71c441dee26",
            "tags": {
              "Name": "swarm-worker-01",
              "Role": "Worker"
            },
            "tags_all": {
              "Name": "swarm-worker-01",
              "Role": "Worker"
            },
            "tenancy": "default",
            "timeouts": null,
            "user_data": null,
            "user_data_base64": null,
            "user_data_replace_on_change": false,
            "volume_tags": null,
            "vpc_security_group_ids": [
              "sg-01146dc5fd10a6575"
            ]
          },
          "sensitive_attributes": [],
          "identity_schema_version": 0,
          "identity": {
            "account_id": "476064939890",
            "id": "i-0ec958d87bc062f4e",
            "region": "us-east-1"
          },
          "private": "eyJlMmJmYjczMC1lY2FhLTExZTYtOGY4OC0zNDM2M2JjN2M0YzAiOnsiY3JlYXRlIjo2MDAwMDAwMDAwMDAsImRlbGV0ZSI6MTIwMDAwMDAwMDAwMCwicmVhZCI6OTAwMDAwMDAwMDAwLCJ1cGRhdGUiOjYwMDAwMDAwMDAwMH0sInNjaGVtYV92ZXJzaW9uIjoiMiJ9",
          "dependencies": [
            "aws_key_pair.kp",
            "aws_security_group.bastion_sg",
            "aws_security_group.swarm_sg",
            "data.aws_ami.ubuntu",
            "data.aws_availability_zones.available",
            "module.vpc.aws_subnet.private",
            "module.vpc.aws_vpc.this",
            "module.vpc.aws_vpc_ipv4_cidr_block_association.this",
            "tls_private_key.pk"
          ]
        },
        {
          "index_key": "swarm-worker-02",
          "schema_version": 2,
          "attributes": {
            "ami": "ami-03deb8c961063af8c",
            "arn": "arn:aws:ec2:us-east-1:476064939890:instance/i-04d2e24ab0d656797",
            "associate_public_ip_address": false,
            "availability_zone": "us-east-1b",
            "capacity_reservation_specification": [
              {
                "capacity_reservation_preference": "open",
                "capacity_reservation_target": []
              }
            ],
            "cpu_options": [
              {
                "amd_sev_snp": "",
                "core_count": 1,
                "threads_per_core": 2
              }
            ],
            "credit_specification": [
              {
                "cpu_credits": "unlimited"
              }
            ],
            "disable_api_stop": false,
            "disable_api_termination": false,
            "ebs_block_device": [],
            "ebs_optimized": false,
            "enable_primary_ipv6": null,
            "enclave_options": [
              {
                "enabled": false
              }
            ],
            "ephemeral_block_device": [],
            "force_destroy": false,
            "get_password_data": false,
            "hibernation": false,
            "host_id": "",
            "host_resource_group_arn": null,
            "iam_instance_profile": "",
            "id": "i-04d2e24ab0d656797",
            "instance_initiated_shutdown_behavior": "stop",
            "instance_lifecycle": "",
            "instance_market_options": [],
            "instance_state": "running",
            "instance_type": "t3.small",
            "ipv6_address_count": 0,
            "ipv6_addresses": [],
            "key_name": "chave-cazia-ansible",
            "launch_template": [],
            "maintenance_options": [
              {
                "auto_recovery": "default"
              }
            ],
            "metadata_options": [
              {
                "http_endpoint": "enabled",
                "http_protocol_ipv6": "disabled",
                "http_put_response_hop_limit": 1,
                "http_tokens": "optional",
                "instance_metadata_tags": "disabled"
              }
            ],
            "monitoring": false,
            "network_interface": [],
            "outpost_arn": "",
            "password_data": "",
            "placement_group": "",
            "placement_group_id": "",
            "placement_partition_number": 0,
            "primary_network_interface": [
              {
                "delete_on_termination": true,
                "network_interface_id": "eni-083ddaa8397d53a99"
              }
            ],
            "primary_network_interface_id": "eni-083ddaa8397d53a99",
            "private_dns": "ip-10-0-2-74.ec2.internal",
            "private_dns_name_options": [
              {
                "enable_resource_name_dns_a_record": false,
                "enable_resource_name_dns_aaaa_record": false,
                "hostname_type": "ip-name"
              }
            ],
            "private_ip": "10.0.2.74",
            "public_dns": "",
            "public_ip": "",
            "region": "us-east-1",
            "root_block_device": [
              {
                "delete_on_termination": true,
                "device_name": "/dev/sda1",
                "encrypted": false,
                "iops": 100,
                "kms_key_id": "",
                "tags": {},
                "tags_all": {},
                "throughput": 0,
                "volume_id": "vol-06f89dac1a71a4f78",
                "volume_size": 8,
                "volume_type": "gp2"
              }
            ],
            "secondary_private_ips": [],
            "security_groups": [],
            "source_dest_check": true,
            "spot_instance_request_id": "",
            "subnet_id": "subnet-03a25789eab58e816",
            "tags": {
              "Name": "swarm-worker-02",
              "Role": "Worker"
            },
            "tags_all": {
              "Name": "swarm-worker-02",
              "Role": "Worker"
            },
            "tenancy": "default",
            "timeouts": null,
            "user_data": null,
            "user_data_base64": null,
            "user_data_replace_on_change": false,
            "volume_tags": null,
            "vpc_security_group_ids": [
              "sg-01146dc5fd10a6575"
            ]
          },
          "sensitive_attributes": [],
          "identity_schema_version": 0,
          "identity": {
            "account_id": "476064939890",
            "id": "i-04d2e24ab0d656797",
            "region": "us-east-1"
          },
          "private": "eyJlMmJmYjczMC1lY2FhLTExZTYtOGY4OC0zNDM2M2JjN2M0YzAiOnsiY3JlYXRlIjo2MDAwMDAwMDAwMDAsImRlbGV0ZSI6MTIwMDAwMDAwMDAwMCwicmVhZCI6OTAwMDAwMDAwMDAwLCJ1cGRhdGUiOjYwMDAwMDAwMDAwMH0sInNjaGVtYV92ZXJzaW9uIjoiMiJ9",
          "dependencies": [
            "aws_key_pair.kp",
            "aws_security_group.bastion_sg",
            "aws_security_group.swarm_sg",
            "data.aws_ami.ubuntu",
            "data.aws_availability_zones.available",
            "module.vpc.aws_subnet.private",
            "module.vpc.aws_vpc.this",
            "module.vpc.aws_vpc_ipv4_cidr_block_association.this",
            "tls_private_key.pk"
          ]
        }
      ]
    },
    {
      "mode": "managed",
      "type": "aws_key_pair",
      "name": "kp",
      "provider": "provider[\"registry.terraform.io/hashicorp/aws\"]",
      "instances": [
        {
          "schema_version": 1,
          "attributes": {
            "arn": "arn:aws:ec2:us-east-1:476064939890:key-pair/chave-cazia-ansible",
            "fingerprint": "3d:b1:f9:e8:77:6f:4d:93:85:f7:23:d4:0e:fc:97:d0",
            "id": "chave-cazia-ansible",
            "key_name": "chave-cazia-ansible",
            "key_name_prefix": "",
            "key_pair_id": "key-07eaaa2c500edf987",
            "key_type": "rsa",
            "public_key": "ssh-rsa AAAAB3NzaC1yc2EAAAADAQABAAACAQDUa5A6Kmd3RpCsVGGgd5ltAyT/ahGk5XE7+qTpYqsz7vBgTg9ixjiEHBKm570tp95kZBP61j78d43yKJwGv29ac4e8VmTrSQkwTiPrESmc+H15dS+fIE388a9iZi3Vna1yjeTpUJX7zYZK0oqroPAs+bfuiIKY2hM7hVNuYQYTOVTTFnDLrbScsUthkBBhRphkBKXGFXfQcwL+19fZ9ahDjz9tLRnaBiJ2MgvLuU0UgKRsgjssBgFfiqOjwTuwypJisCjD5Ur5Xs6iFAye1Mqgb0fYh93C53m8hfIVOxoz6JpQmQGsHSp6E+ohRvVumQRUDDr5yPV8WvAfj1kABmlOBGWIbhb6roFaC+jhsNDxIvbD4HBYZ857mjJwh/QfZuFrau4P8DiIc5tP2fKVnCEvvcgoUwtoMX2plkFGCTsJmlYqimxJPLqp4eKITohmHyituhAzGSAAJFG+zYWzacl7edPrhYiRfFB7hZEjkO2o/VwSW5vOM5uG8Ey/KII054dFnVSTvgRKU2dOw6mv55lNcRJkWtI9ymA0tpexmMhSGtB494J9wXHQk6OFGnnjedAhmbRoLuLQUsdiHRNJmbM8f4upBJsEqTYyhnD9eGnZS9bUBrkE3/YqQdqwA0AA+wqqkzX9nWo7irORlS4r5hCzpQzSGGV2FTvRzHpwQnhEew==",
            "region": "us-east-1",
            "tags": {},
            "tags_all": {}
          },
          "sensitive_attributes": [],
          "identity_schema_version": 0,
          "private": "eyJzY2hlbWFfdmVyc2lvbiI6IjEifQ==",
          "dependencies": [
            "tls_private_key.pk"
          ]
        }
      ]
    },
    {
      "mode": "managed",
      "type": "aws_lb",
      "name": "swarm_nlb",
      "provider": "provider[\"registry.terraform.io/hashicorp/aws\"]",
      "instances": [
        {
          "schema_version": 0,
          "attributes": {
            "access_logs": [
              {
                "bucket": "",
                "enabled": false,
                "prefix": ""
              }
            ],
            "arn": "arn:aws:elasticloadbalancing:us-east-1:476064939890:loadbalancer/net/swarm-nlb/50d038d1f1ff2480",
            "arn_suffix": "net/swarm-nlb/50d038d1f1ff2480",
            "client_keep_alive": null,
            "connection_logs": [],
            "customer_owned_ipv4_pool": "",
            "desync_mitigation_mode": null,
            "dns_name": "swarm-nlb-50d038d1f1ff2480.elb.us-east-1.amazonaws.com",
            "dns_record_client_routing_policy": "any_availability_zone",
            "drop_invalid_header_fields": null,
            "enable_cross_zone_load_balancing": true,
            "enable_deletion_protection": false,
            "enable_http2": null,
            "enable_tls_version_and_cipher_suite_headers": null,
            "enable_waf_fail_open": null,
            "enable_xff_client_port": null,
            "enable_zonal_shift": false,
            "enforce_security_group_inbound_rules_on_private_link_traffic": "",
            "id": "arn:aws:elasticloadbalancing:us-east-1:476064939890:loadbalancer/net/swarm-nlb/50d038d1f1ff2480",
            "idle_timeout": null,
            "internal": false,
            "ip_address_type": "ipv4",
            "ipam_pools": [],
            "load_balancer_type": "network",
            "minimum_load_balancer_capacity": [],
            "name": "swarm-nlb",
            "name_prefix": "",
            "preserve_host_header": null,
            "region": "us-east-1",
            "secondary_ips_auto_assigned_per_subnet": 0,
            "security_groups": [],
            "subnet_mapping": [
              {
                "allocation_id": "",
                "ipv6_address": "",
                "outpost_id": "",
                "private_ipv4_address": "",
                "subnet_id": "subnet-0a47beffe8444819b"
              },
              {
                "allocation_id": "",
                "ipv6_address": "",
                "outpost_id": "",
                "private_ipv4_address": "",
                "subnet_id": "subnet-0d520c9046e1aaf16"
              }
            ],
            "subnets": [
              "subnet-0a47beffe8444819b",
              "subnet-0d520c9046e1aaf16"
            ],
            "tags": {},
            "tags_all": {},
            "timeouts": null,
            "vpc_id": "vpc-095f43fc302dbc6aa",
            "xff_header_processing_mode": null,
            "zone_id": "Z26RNL4JYFTOTI"
          },
          "sensitive_attributes": [],
          "identity_schema_version": 0,
          "identity": {
            "arn": "arn:aws:elasticloadbalancing:us-east-1:476064939890:loadbalancer/net/swarm-nlb/50d038d1f1ff2480"
          },
          "private": "eyJlMmJmYjczMC1lY2FhLTExZTYtOGY4OC0zNDM2M2JjN2M0YzAiOnsiY3JlYXRlIjo2MDAwMDAwMDAwMDAsImRlbGV0ZSI6NjAwMDAwMDAwMDAwLCJ1cGRhdGUiOjYwMDAwMDAwMDAwMH19",
          "dependencies": [
            "data.aws_availability_zones.available",
            "module.vpc.aws_subnet.public",
            "module.vpc.aws_vpc.this",
            "module.vpc.aws_vpc_ipv4_cidr_block_association.this"
          ]
        }
      ]
    },
    {
      "mode": "managed",
      "type": "aws_security_group",
      "name": "bastion_sg",
      "provider": "provider[\"registry.terraform.io/hashicorp/aws\"]",
      "instances": [
        {
          "schema_version": 1,
          "attributes": {
            "arn": "arn:aws:ec2:us-east-1:476064939890:security-group/sg-03a498ebb14a68a28",
            "description": "Managed by Terraform",
            "egress": [
              {
                "cidr_blocks": [
                  "0.0.0.0/0"
                ],
                "description": "",
                "from_port": 0,
                "ipv6_cidr_blocks": [],
                "prefix_list_ids": [],
                "protocol": "-1",
                "security_groups": [],
                "self": false,
                "to_port": 0
              }
            ],
            "id": "sg-03a498ebb14a68a28",
            "ingress": [
              {
                "cidr_blocks": [
                  "0.0.0.0/0"
                ],
                "description": "",
                "from_port": 60022,
                "ipv6_cidr_blocks": [],
                "prefix_list_ids": [],
                "protocol": "tcp",
                "security_groups": [],
                "self": false,
                "to_port": 60022
              }
            ],
            "name": "bastion-sg",
            "name_prefix": "",
            "owner_id": "476064939890",
            "region": "us-east-1",
            "revoke_rules_on_delete": false,
            "tags": {},
            "tags_all": {},
            "timeouts": null,
            "vpc_id": "vpc-095f43fc302dbc6aa"
          },
          "sensitive_attributes": [],
          "identity_schema_version": 0,
          "identity": {
            "account_id": "476064939890",
            "id": "sg-03a498ebb14a68a28",
            "region": "us-east-1"
          },
          "private": "eyJlMmJmYjczMC1lY2FhLTExZTYtOGY4OC0zNDM2M2JjN2M0YzAiOnsiY3JlYXRlIjo2MDAwMDAwMDAwMDAsImRlbGV0ZSI6OTAwMDAwMDAwMDAwfSwic2NoZW1hX3ZlcnNpb24iOiIxIn0=",
          "dependencies": [
            "module.vpc.aws_vpc.this"
          ]
        }
      ]
    },
    {
      "mode": "managed",
      "type": "aws_security_group",
      "name": "swarm_sg",
      "provider": "provider[\"registry.terraform.io/hashicorp/aws\"]",
      "instances": [
        {
          "schema_version": 1,
          "attributes": {
            "arn": "arn:aws:ec2:us-east-1:476064939890:security-group/sg-01146dc5fd10a6575",
            "description": "Managed by Terraform",
            "egress": [
              {
                "cidr_blocks": [
                  "0.0.0.0/0"
                ],
                "description": "",
                "from_port": 0,
                "ipv6_cidr_blocks": [],
                "prefix_list_ids": [],
                "protocol": "-1",
                "security_groups": [],
                "self": false,
                "to_port": 0
              }
            ],
            "id": "sg-01146dc5fd10a6575",
            "ingress": [
              {
                "cidr_blocks": [
                  "0.0.0.0/0"
                ],
                "description": "",
                "from_port": 443,
                "ipv6_cidr_blocks": [],
                "prefix_list_ids": [],
                "protocol": "tcp",
                "security_groups": [],
                "self": false,
                "to_port": 443
              },
              {
                "cidr_blocks": [
                  "0.0.0.0/0"
                ],
                "description": "",
                "from_port": 80,
                "ipv6_cidr_blocks": [],
                "prefix_list_ids": [],
                "protocol": "tcp",
                "security_groups": [],
                "self": false,
                "to_port": 80
              },
              {
                "cidr_blocks": [],
                "description": "",
                "from_port": 0,
                "ipv6_cidr_blocks": [],
                "prefix_list_ids": [],
                "protocol": "-1",
                "security_groups": [],
                "self": true,
                "to_port": 0
              },
              {
                "cidr_blocks": [],
                "description": "",
                "from_port": 22,
                "ipv6_cidr_blocks": [],
                "prefix_list_ids": [],
                "protocol": "tcp",
                "security_groups": [
                  "sg-03a498ebb14a68a28"
                ],
                "self": false,
                "to_port": 22
              }
            ],
            "name": "swarm-sg",
            "name_prefix": "",
            "owner_id": "476064939890",
            "region": "us-east-1",
            "revoke_rules_on_delete": false,
            "tags": {},
            "tags_all": {},
            "timeouts": null,
            "vpc_id": "vpc-095f43fc302dbc6aa"
          },
          "sensitive_attributes": [],
          "identity_schema_version": 0,
          "identity": {
            "account_id": "476064939890",
            "id": "sg-01146dc5fd10a6575",
            "region": "us-east-1"
          },
          "private": "eyJlMmJmYjczMC1lY2FhLTExZTYtOGY4OC0zNDM2M2JjN2M0YzAiOnsiY3JlYXRlIjo2MDAwMDAwMDAwMDAsImRlbGV0ZSI6OTAwMDAwMDAwMDAwfSwic2NoZW1hX3ZlcnNpb24iOiIxIn0=",
          "dependencies": [
            "aws_security_group.bastion_sg",
            "module.vpc.aws_vpc.this"
          ]
        }
      ]
    },
    {
      "mode": "managed",
      "type": "tls_private_key",
      "name": "pk",
      "provider": "provider[\"registry.terraform.io/hashicorp/tls\"]",
      "instances": [
        {
          "schema_version": 1,
          "attributes": {
            "algorithm": "RSA",
            "ecdsa_curve": "P224",
            "id": "da0ba8b9c581310cd936b007311c4d4140bb2c25",
            "private_key_openssh": "-----BEGIN OPENSSH PRIVATE KEY-----\nb3BlbnNzaC1rZXktdjEAAAAABG5vbmUAAAAEbm9uZQAAAAAAAAABAAACFwAAAAdz\nc2gtcnNhAAAAAwEAAQAAAgEA1GuQOipnd0aQrFRhoHeZbQMk/2oRpOVxO/qk6WKr\nM+7wYE4PYsY4hBwSpue9LafeZGQT+tY+/HeN8iicBr9vWnOHvFZk60kJME4j6xEp\nnPh9eXUvnyBN/PGvYmYt1Z2tco3k6VCV+82GStKKq6DwLPm37oiCmNoTO4VTbmEG\nEzlU0xZwy620nLFLYZAQYUaYZASlxhV30HMC/tfX2fWoQ48/bS0Z2gYidjILy7lN\nFICkbII7LAYBX4qjo8E7sMqSYrAow+VK+V7OohQMntTKoG9H2Ifdwud5vIXyFTsa\nM+iaUJkBrB0qehPqIUb1bpkEVAw6+cj1fFrwH49ZAAZpTgRliG4W+q6BWgvo4bDQ\n8SL2w+BwWGfOe5oycIf0H2bha2ruD/A4iHObT9nylZwhL73IKFMLaDF9qZZBRgk7\nCZpWKopsSTy6qeHiiE6IZh8orboQMxkgACRRvs2Fs2nJe3nT64WIkXxQe4WRI5Dt\nqP1cElubzjObhvBMvyiCNOeHRZ1Uk74ESlNnTsOpr+eZTXESZFrSPcpgNLaXsZjI\nUhrQePeCfcFx0JOjhRp543nQIZm0aC7i0FLHYh0TSZmzPH+LqQSbBKk2MoZw/Xhp\n2UvW1Aa5BN/2KkHasANAAPsKqpM1/Z1qO4qzkZUuK+YQs6UM0hhldhU70cx6cEJ4\nRHsAAAc4Be4VNwXuFTcAAAAHc3NoLXJzYQAAAgEA1GuQOipnd0aQrFRhoHeZbQMk\n/2oRpOVxO/qk6WKrM+7wYE4PYsY4hBwSpue9LafeZGQT+tY+/HeN8iicBr9vWnOH\nvFZk60kJME4j6xEpnPh9eXUvnyBN/PGvYmYt1Z2tco3k6VCV+82GStKKq6DwLPm3\n7oiCmNoTO4VTbmEGEzlU0xZwy620nLFLYZAQYUaYZASlxhV30HMC/tfX2fWoQ48/\nbS0Z2gYidjILy7lNFICkbII7LAYBX4qjo8E7sMqSYrAow+VK+V7OohQMntTKoG9H\n2Ifdwud5vIXyFTsaM+iaUJkBrB0qehPqIUb1bpkEVAw6+cj1fFrwH49ZAAZpTgRl\niG4W+q6BWgvo4bDQ8SL2w+BwWGfOe5oycIf0H2bha2ruD/A4iHObT9nylZwhL73I\nKFMLaDF9qZZBRgk7CZpWKopsSTy6qeHiiE6IZh8orboQMxkgACRRvs2Fs2nJe3nT\n64WIkXxQe4WRI5DtqP1cElubzjObhvBMvyiCNOeHRZ1Uk74ESlNnTsOpr+eZTXES\nZFrSPcpgNLaXsZjIUhrQePeCfcFx0JOjhRp543nQIZm0aC7i0FLHYh0TSZmzPH+L\nqQSbBKk2MoZw/Xhp2UvW1Aa5BN/2KkHasANAAPsKqpM1/Z1qO4qzkZUuK+YQs6UM\n0hhldhU70cx6cEJ4RHsAAAADAQABAAAB/36JlOERYZEr+AKwQXfVxw+pT+DWzqvs\nAgg4xwRAQrwtGgREe+XbLs+D6ZiDc64+0bv74esKtXqvvV8D0e4zG6JGMBWBYZzH\nZTHhWoQtNRzM6fHwXO3t0IddcZysQaF+zFPxMuvJlY7qX5Uy1mhm9qvUFj2CFEn5\nnntWcNzP706EWINmWsr6Lx0ogD8eEqPf6eeq3RWitDz4RlCJQ4wTSqj0LFRdCYlX\nHjBKn7w8Ji6Qc2IwMg+HhEnlzJVABs7J3Wnshlwruv3R/EWQq/PxzsLDh4j1ZqU0\nPtCO+iarjnBdn49jlhtxRFx0gIRSQOIhRPLMVlV14MazZVdnjRz2tMMuZjlm0rgW\nXuB6l871G3mH5EboNCXy5n5HlyKnNfsa0wmrp3K3nPjcXCRPLbWHsxo0x6naydE0\nycYfLf6YAS8IEK7Mj7X8GwBLG/R5GSuOo9eUIflU3F3NNbXd/Hf1hJKixZMOWyMu\n+cWetgYefmLnWLLyo87q9pTGnN9JCswdw/YG+E7mitFp7nk6QKFxQelZBCH6OjkW\ng39rz+rDyId2VtWztADb/i8TbH/44owJI4LZnnmsBqWTlTCKRmSNh15ggJGlpPZ1\n8G2oylJ4dIMH2WSy0lpcmKT7keMZuAKCT9zkih5XPhM3pYpVpCWKEGSQLZ0KB1p8\ngo+W5M2BpwEAAAEBAJvSCUjlgn4/bj83o7ZSElS0bBECNZRIuZ+19jHsQxVp08US\nCGWrDcs0o72YMKBcDaXfAdnl+YrpTYVGddYdHL7JjtIhD57qTo7zMCFzMly4rjRq\nW2yTsAYhtlX1pqOHtVSKmwPPVHXIAhPfvGd40UowXCLlaYrrKYFADBu6DFtZMLd+\n4obNCapvDrE/hrrxFm9zIr+VlsZCmmy9M9O4PRywRQJTGa8u+bdvhn4jy+CGTygv\nl/eOCU8sZsCIyF4Gc3jeTzTwmIMIbCnb6IjRYTGlNXG/00R2/5r7vnBStwI1F5JT\n6zRRo6fJlBKA+9Y8diGdOk7PgMjoNqmM/VLHLHcAAAEBANoH0vxj2GJhx/fMHOLL\n4VJDedrvSENKra2Vsyp5TeeFU+vMAsqGDl8vYYM8m8jEfHilatmsR2oGIgfDLqsm\nchZKlvLle5aIq7k7ppO2iJ0kr09mPeNApIs42xzs9lEdV3/At8lZgvFA14BjYCIH\nJj3moqDt/CttAidvQ0jYJf8hKmYWAY+j4KJJAcfmdyELuy8UJIHEx14zk1BqyvvF\nJ2pMbsRf5okOs1w4mx4uOGe0FMCJ3urLe+2JvMJBKKbeizAncdohYcVJFuiHKdiy\nln2Kpp+lB4NF7Actob77beRaZx2dknD0NnVMNHnJU04mMNhG9kzDMk9wIY6Ns2Q4\n83sAAAEBAPlpnkbQTu7ONte67CtUEvDR1AMEv089ZYsbn5RLlw2JLVQBHiZvAu/F\nvIiIntOD7VfMgaedylX6gCdUxKca1z7NGvRIrNZYoFJvEW8weIaH8J6+2mlZkeH+\nAp3NDcPr4JJB2jbYR41jpmCyI2dRGSmqJIiWum73H6l73xZdigaCg6R5mfPfoFKx\nYAV0j72CENJ7WDMY4H1nPaBoxBIvKJk8MmtOuzUJO1FBqLDyql1WucWkiMcG2NcB\nmxOJN+ZfUPGaBju+Rzm0N/07Ri0ZfmxT2+f54jH3k7WzJlJb5B9hlIg5jcmm19OQ\nDxRf13N4eVqAvF/1ikCRscDwRrAoowEAAAAAAQID\n-----END OPENSSH PRIVATE KEY-----\n",
            "private_key_pem": "-----BEGIN RSA PRIVATE KEY-----\nMIIJKAIBAAKCAgEA1GuQOipnd0aQrFRhoHeZbQMk/2oRpOVxO/qk6WKrM+7wYE4P\nYsY4hBwSpue9LafeZGQT+tY+/HeN8iicBr9vWnOHvFZk60kJME4j6xEpnPh9eXUv\nnyBN/PGvYmYt1Z2tco3k6VCV+82GStKKq6DwLPm37oiCmNoTO4VTbmEGEzlU0xZw\ny620nLFLYZAQYUaYZASlxhV30HMC/tfX2fWoQ48/bS0Z2gYidjILy7lNFICkbII7\nLAYBX4qjo8E7sMqSYrAow+VK+V7OohQMntTKoG9H2Ifdwud5vIXyFTsaM+iaUJkB\nrB0qehPqIUb1bpkEVAw6+cj1fFrwH49ZAAZpTgRliG4W+q6BWgvo4bDQ8SL2w+Bw\nWGfOe5oycIf0H2bha2ruD/A4iHObT9nylZwhL73IKFMLaDF9qZZBRgk7CZpWKops\nSTy6qeHiiE6IZh8orboQMxkgACRRvs2Fs2nJe3nT64WIkXxQe4WRI5DtqP1cElub\nzjObhvBMvyiCNOeHRZ1Uk74ESlNnTsOpr+eZTXESZFrSPcpgNLaXsZjIUhrQePeC\nfcFx0JOjhRp543nQIZm0aC7i0FLHYh0TSZmzPH+LqQSbBKk2MoZw/Xhp2UvW1Aa5\nBN/2KkHasANAAPsKqpM1/Z1qO4qzkZUuK+YQs6UM0hhldhU70cx6cEJ4RHsCAwEA\nAQKCAf9+iZThEWGRK/gCsEF31ccPqU/g1s6r7AIIOMcEQEK8LRoERHvl2y7Pg+mY\ng3OuPtG7++HrCrV6r71fA9HuMxuiRjAVgWGcx2Ux4VqELTUczOnx8Fzt7dCHXXGc\nrEGhfsxT8TLryZWO6l+VMtZoZvar1BY9ghRJ+Z57VnDcz+9OhFiDZlrK+i8dKIA/\nHhKj3+nnqt0VorQ8+EZQiUOME0qo9CxUXQmJVx4wSp+8PCYukHNiMDIPh4RJ5cyV\nQAbOyd1p7IZcK7r90fxFkKvz8c7Cw4eI9WalND7Qjvomq45wXZ+PY5YbcURcdICE\nUkDiIUTyzFZVdeDGs2VXZ40c9rTDLmY5ZtK4Fl7gepfO9Rt5h+RG6DQl8uZ+R5ci\npzX7GtMJq6dyt5z43FwkTy21h7MaNMep2snRNMnGHy3+mAEvCBCuzI+1/BsASxv0\neRkrjqPXlCH5VNxdzTW13fx39YSSosWTDlsjLvnFnrYGHn5i51iy8qPO6vaUxpzf\nSQrMHcP2BvhO5orRae55OkChcUHpWQQh+jo5FoN/a8/qw8iHdlbVs7QA2/4vE2x/\n+OKMCSOC2Z55rAalk5UwikZkjYdeYICRpaT2dfBtqMpSeHSDB9lkstJaXJik+5Hj\nGbgCgk/c5IoeVz4TN6WKVaQlihBkkC2dCgdafIKPluTNgacBAoIBAQDaB9L8Y9hi\nYcf3zBziy+FSQ3na70hDSq2tlbMqeU3nhVPrzALKhg5fL2GDPJvIxHx4pWrZrEdq\nBiIHwy6rJnIWSpby5XuWiKu5O6aTtoidJK9PZj3jQKSLONsc7PZRHVd/wLfJWYLx\nQNeAY2AiByY95qKg7fwrbQInb0NI2CX/ISpmFgGPo+CiSQHH5nchC7svFCSBxMde\nM5NQasr7xSdqTG7EX+aJDrNcOJseLjhntBTAid7qy3vtibzCQSim3oswJ3HaIWHF\nSRbohynYspZ9iqafpQeDRewHLaG++23kWmcdnZJw9DZ1TDR5yVNOJjDYRvZMwzJP\ncCGOjbNkOPN7AoIBAQD5aZ5G0E7uzjbXuuwrVBLw0dQDBL9PPWWLG5+US5cNiS1U\nAR4mbwLvxbyIiJ7Tg+1XzIGnncpV+oAnVMSnGtc+zRr0SKzWWKBSbxFvMHiGh/Ce\nvtppWZHh/gKdzQ3D6+CSQdo22EeNY6ZgsiNnURkpqiSIlrpu9x+pe98WXYoGgoOk\neZnz36BSsWAFdI+9ghDSe1gzGOB9Zz2gaMQSLyiZPDJrTrs1CTtRQaiw8qpdVrnF\npIjHBtjXAZsTiTfmX1DxmgY7vkc5tDf9O0YtGX5sU9vn+eIx95O1syZSW+QfYZSI\nOY3JptfTkA8UX9dzeHlagLxf9YpAkbHA8EawKKMBAoIBAA/KBUN1z5PAVQTi6Syb\nayPT8x0huu/0loM9lg37XuLnSt6GlaUo9B18hulEGFv/rqvl/sjoqvtImmpJfjWy\nwQxQNoI8kCikmRr+8N89lsMahv+O/ehZJBFY+rUri+Lv5wg/Yo/YRZ1G/tQzXiDY\nt7I/44MX+O0EJeXJLuw1ivrg4fsmmNJYIcpe0xww2muwN8v+/23OXEm8HmzybuSw\nsFwIUPUzpLRENkT1bHZRDpCj/+S5l0UVm1HmaZ7/rPv4ncfM83fCdxwcYOZR83vX\n4wIQamShRNwC0kbqzQ3Rk3G4AkOox5Qae18fN6WiKMA+D8d5zBhfAmOyURvLszQM\n08UCggEBAI/PEnAKVDjltkGVie9BvtoUYoaLCjQKVq5q8wxyuVoYqoYxTs0iXTMb\ndKXVAJ89BnEFfgzDspL4qUQEYI9proqLgOsxrFa7K1XcrNTLwfLwFxGxQgZUmwUP\njTqnrTQ2oXozdjsBYeBogNpoXHmKDVQ0wnPvVPf+jccPoYYn0RoHzxfa9aXkX3DO\nzWrX1rmScVirviNYSLiF+savIb7KakJQr1GoR9FAzW8AyN+eTBUdmGgZgrQfgpAW\nYPBWwmCWvPlRsh5ojHD9NPtSXhhLBtY3VCjhsEbXVdgCwCnkyhg+D4KsjNCk3vUh\nr1A0Iup1oKNKb1N1JI4uc6un31pbVAECggEBAJvSCUjlgn4/bj83o7ZSElS0bBEC\nNZRIuZ+19jHsQxVp08USCGWrDcs0o72YMKBcDaXfAdnl+YrpTYVGddYdHL7JjtIh\nD57qTo7zMCFzMly4rjRqW2yTsAYhtlX1pqOHtVSKmwPPVHXIAhPfvGd40UowXCLl\naYrrKYFADBu6DFtZMLd+4obNCapvDrE/hrrxFm9zIr+VlsZCmmy9M9O4PRywRQJT\nGa8u+bdvhn4jy+CGTygvl/eOCU8sZsCIyF4Gc3jeTzTwmIMIbCnb6IjRYTGlNXG/\n00R2/5r7vnBStwI1F5JT6zRRo6fJlBKA+9Y8diGdOk7PgMjoNqmM/VLHLHc=\n-----END RSA PRIVATE KEY-----\n",
            "private_key_pem_pkcs8": "-----BEGIN PRIVATE KEY-----\nMIIJQgIBADANBgkqhkiG9w0BAQEFAASCCSwwggkoAgEAAoICAQDUa5A6Kmd3RpCs\nVGGgd5ltAyT/ahGk5XE7+qTpYqsz7vBgTg9ixjiEHBKm570tp95kZBP61j78d43y\nKJwGv29ac4e8VmTrSQkwTiPrESmc+H15dS+fIE388a9iZi3Vna1yjeTpUJX7zYZK\n0oqroPAs+bfuiIKY2hM7hVNuYQYTOVTTFnDLrbScsUthkBBhRphkBKXGFXfQcwL+\n19fZ9ahDjz9tLRnaBiJ2MgvLuU0UgKRsgjssBgFfiqOjwTuwypJisCjD5Ur5Xs6i\nFAye1Mqgb0fYh93C53m8hfIVOxoz6JpQmQGsHSp6E+ohRvVumQRUDDr5yPV8WvAf\nj1kABmlOBGWIbhb6roFaC+jhsNDxIvbD4HBYZ857mjJwh/QfZuFrau4P8DiIc5tP\n2fKVnCEvvcgoUwtoMX2plkFGCTsJmlYqimxJPLqp4eKITohmHyituhAzGSAAJFG+\nzYWzacl7edPrhYiRfFB7hZEjkO2o/VwSW5vOM5uG8Ey/KII054dFnVSTvgRKU2dO\nw6mv55lNcRJkWtI9ymA0tpexmMhSGtB494J9wXHQk6OFGnnjedAhmbRoLuLQUsdi\nHRNJmbM8f4upBJsEqTYyhnD9eGnZS9bUBrkE3/YqQdqwA0AA+wqqkzX9nWo7irOR\nlS4r5hCzpQzSGGV2FTvRzHpwQnhEewIDAQABAoIB/36JlOERYZEr+AKwQXfVxw+p\nT+DWzqvsAgg4xwRAQrwtGgREe+XbLs+D6ZiDc64+0bv74esKtXqvvV8D0e4zG6JG\nMBWBYZzHZTHhWoQtNRzM6fHwXO3t0IddcZysQaF+zFPxMuvJlY7qX5Uy1mhm9qvU\nFj2CFEn5nntWcNzP706EWINmWsr6Lx0ogD8eEqPf6eeq3RWitDz4RlCJQ4wTSqj0\nLFRdCYlXHjBKn7w8Ji6Qc2IwMg+HhEnlzJVABs7J3Wnshlwruv3R/EWQq/PxzsLD\nh4j1ZqU0PtCO+iarjnBdn49jlhtxRFx0gIRSQOIhRPLMVlV14MazZVdnjRz2tMMu\nZjlm0rgWXuB6l871G3mH5EboNCXy5n5HlyKnNfsa0wmrp3K3nPjcXCRPLbWHsxo0\nx6naydE0ycYfLf6YAS8IEK7Mj7X8GwBLG/R5GSuOo9eUIflU3F3NNbXd/Hf1hJKi\nxZMOWyMu+cWetgYefmLnWLLyo87q9pTGnN9JCswdw/YG+E7mitFp7nk6QKFxQelZ\nBCH6OjkWg39rz+rDyId2VtWztADb/i8TbH/44owJI4LZnnmsBqWTlTCKRmSNh15g\ngJGlpPZ18G2oylJ4dIMH2WSy0lpcmKT7keMZuAKCT9zkih5XPhM3pYpVpCWKEGSQ\nLZ0KB1p8go+W5M2BpwECggEBANoH0vxj2GJhx/fMHOLL4VJDedrvSENKra2Vsyp5\nTeeFU+vMAsqGDl8vYYM8m8jEfHilatmsR2oGIgfDLqsmchZKlvLle5aIq7k7ppO2\niJ0kr09mPeNApIs42xzs9lEdV3/At8lZgvFA14BjYCIHJj3moqDt/CttAidvQ0jY\nJf8hKmYWAY+j4KJJAcfmdyELuy8UJIHEx14zk1BqyvvFJ2pMbsRf5okOs1w4mx4u\nOGe0FMCJ3urLe+2JvMJBKKbeizAncdohYcVJFuiHKdiyln2Kpp+lB4NF7Actob77\nbeRaZx2dknD0NnVMNHnJU04mMNhG9kzDMk9wIY6Ns2Q483sCggEBAPlpnkbQTu7O\nNte67CtUEvDR1AMEv089ZYsbn5RLlw2JLVQBHiZvAu/FvIiIntOD7VfMgaedylX6\ngCdUxKca1z7NGvRIrNZYoFJvEW8weIaH8J6+2mlZkeH+Ap3NDcPr4JJB2jbYR41j\npmCyI2dRGSmqJIiWum73H6l73xZdigaCg6R5mfPfoFKxYAV0j72CENJ7WDMY4H1n\nPaBoxBIvKJk8MmtOuzUJO1FBqLDyql1WucWkiMcG2NcBmxOJN+ZfUPGaBju+Rzm0\nN/07Ri0ZfmxT2+f54jH3k7WzJlJb5B9hlIg5jcmm19OQDxRf13N4eVqAvF/1ikCR\nscDwRrAoowECggEAD8oFQ3XPk8BVBOLpLJtrI9PzHSG67/SWgz2WDfte4udK3oaV\npSj0HXyG6UQYW/+uq+X+yOiq+0iaakl+NbLBDFA2gjyQKKSZGv7w3z2WwxqG/479\n6FkkEVj6tSuL4u/nCD9ij9hFnUb+1DNeINi3sj/jgxf47QQl5cku7DWK+uDh+yaY\n0lghyl7THDDaa7A3y/7/bc5cSbwebPJu5LCwXAhQ9TOktEQ2RPVsdlEOkKP/5LmX\nRRWbUeZpnv+s+/idx8zzd8J3HBxg5lHze9fjAhBqZKFE3ALSRurNDdGTcbgCQ6jH\nlBp7Xx83paIowD4Px3nMGF8CY7JRG8uzNAzTxQKCAQEAj88ScApUOOW2QZWJ70G+\n2hRihosKNApWrmrzDHK5WhiqhjFOzSJdMxt0pdUAnz0GcQV+DMOykvipRARgj2mu\niouA6zGsVrsrVdys1MvB8vAXEbFCBlSbBQ+NOqetNDahejN2OwFh4GiA2mhceYoN\nVDTCc+9U9/6Nxw+hhifRGgfPF9r1peRfcM7NatfWuZJxWKu+I1hIuIX6xq8hvspq\nQlCvUahH0UDNbwDI355MFR2YaBmCtB+CkBZg8FbCYJa8+VGyHmiMcP00+1JeGEsG\n1jdUKOGwRtdV2ALAKeTKGD4PgqyM0KTe9SGvUDQi6nWgo0pvU3Ukji5zq6ffWltU\nAQKCAQEAm9IJSOWCfj9uPzejtlISVLRsEQI1lEi5n7X2MexDFWnTxRIIZasNyzSj\nvZgwoFwNpd8B2eX5iulNhUZ11h0cvsmO0iEPnupOjvMwIXMyXLiuNGpbbJOwBiG2\nVfWmo4e1VIqbA89UdcgCE9+8Z3jRSjBcIuVpiuspgUAMG7oMW1kwt37ihs0Jqm8O\nsT+GuvEWb3Miv5WWxkKabL0z07g9HLBFAlMZry75t2+GfiPL4IZPKC+X944JTyxm\nwIjIXgZzeN5PNPCYgwhsKdvoiNFhMaU1cb/TRHb/mvu+cFK3AjUXklPrNFGjp8mU\nEoD71jx2IZ06Ts+AyOg2qYz9Uscsdw==\n-----END PRIVATE KEY-----\n",
            "public_key_fingerprint_md5": "7d:f7:c3:89:ef:09:48:1f:e8:27:ad:0f:41:a2:a8:4b",
            "public_key_fingerprint_sha256": "SHA256:F4bzp4McmOkbBe4PVc31u8cgtpRjVKxizCc1oY8VByc",
            "public_key_openssh": "ssh-rsa AAAAB3NzaC1yc2EAAAADAQABAAACAQDUa5A6Kmd3RpCsVGGgd5ltAyT/ahGk5XE7+qTpYqsz7vBgTg9ixjiEHBKm570tp95kZBP61j78d43yKJwGv29ac4e8VmTrSQkwTiPrESmc+H15dS+fIE388a9iZi3Vna1yjeTpUJX7zYZK0oqroPAs+bfuiIKY2hM7hVNuYQYTOVTTFnDLrbScsUthkBBhRphkBKXGFXfQcwL+19fZ9ahDjz9tLRnaBiJ2MgvLuU0UgKRsgjssBgFfiqOjwTuwypJisCjD5Ur5Xs6iFAye1Mqgb0fYh93C53m8hfIVOxoz6JpQmQGsHSp6E+ohRvVumQRUDDr5yPV8WvAfj1kABmlOBGWIbhb6roFaC+jhsNDxIvbD4HBYZ857mjJwh/QfZuFrau4P8DiIc5tP2fKVnCEvvcgoUwtoMX2plkFGCTsJmlYqimxJPLqp4eKITohmHyituhAzGSAAJFG+zYWzacl7edPrhYiRfFB7hZEjkO2o/VwSW5vOM5uG8Ey/KII054dFnVSTvgRKU2dOw6mv55lNcRJkWtI9ymA0tpexmMhSGtB494J9wXHQk6OFGnnjedAhmbRoLuLQUsdiHRNJmbM8f4upBJsEqTYyhnD9eGnZS9bUBrkE3/YqQdqwA0AA+wqqkzX9nWo7irORlS4r5hCzpQzSGGV2FTvRzHpwQnhEew==\n",
            "public_key_pem": "-----BEGIN PUBLIC KEY-----\nMIICIjANBgkqhkiG9w0BAQEFAAOCAg8AMIICCgKCAgEA1GuQOipnd0aQrFRhoHeZ\nbQMk/2oRpOVxO/qk6WKrM+7wYE4PYsY4hBwSpue9LafeZGQT+tY+/HeN8iicBr9v\nWnOHvFZk60kJME4j6xEpnPh9eXUvnyBN/PGvYmYt1Z2tco3k6VCV+82GStKKq6Dw\nLPm37oiCmNoTO4VTbmEGEzlU0xZwy620nLFLYZAQYUaYZASlxhV30HMC/tfX2fWo\nQ48/bS0Z2gYidjILy7lNFICkbII7LAYBX4qjo8E7sMqSYrAow+VK+V7OohQMntTK\noG9H2Ifdwud5vIXyFTsaM+iaUJkBrB0qehPqIUb1bpkEVAw6+cj1fFrwH49ZAAZp\nTgRliG4W+q6BWgvo4bDQ8SL2w+BwWGfOe5oycIf0H2bha2ruD/A4iHObT9nylZwh\nL73IKFMLaDF9qZZBRgk7CZpWKopsSTy6qeHiiE6IZh8orboQMxkgACRRvs2Fs2nJ\ne3nT64WIkXxQe4WRI5DtqP1cElubzjObhvBMvyiCNOeHRZ1Uk74ESlNnTsOpr+eZ\nTXESZFrSPcpgNLaXsZjIUhrQePeCfcFx0JOjhRp543nQIZm0aC7i0FLHYh0TSZmz\nPH+LqQSbBKk2MoZw/Xhp2UvW1Aa5BN/2KkHasANAAPsKqpM1/Z1qO4qzkZUuK+YQ\ns6UM0hhldhU70cx6cEJ4RHsCAwEAAQ==\n-----END PUBLIC KEY-----\n",
            "rsa_bits": 4096
          },
          "sensitive_attributes": [
            [
              {
                "type": "get_attr",
                "value": "private_key_openssh"
              }
            ],
            [
              {
                "type": "get_attr",
                "value": "private_key_pem"
              }
            ],
            [
              {
                "type": "get_attr",
                "value": "private_key_pem_pkcs8"
              }
            ]
          ],
          "identity_schema_version": 0
        }
      ]
    },
    {
      "module": "module.vpc",
      "mode": "managed",
      "type": "aws_eip",
      "name": "nat",
      "provider": "provider[\"registry.terraform.io/hashicorp/aws\"]",
      "instances": [
        {
          "index_key": 0,
          "schema_version": 0,
          "attributes": {
            "address": null,
            "allocation_id": "eipalloc-0966b10b6d9b0acf2",
            "arn": "arn:aws:ec2:us-east-1:476064939890:elastic-ip/eipalloc-0966b10b6d9b0acf2",
            "associate_with_private_ip": null,
            "association_id": "eipassoc-03d63b182c3cb5d9b",
            "carrier_ip": "",
            "customer_owned_ip": "",
            "customer_owned_ipv4_pool": "",
            "domain": "vpc",
            "id": "eipalloc-0966b10b6d9b0acf2",
            "instance": "",
            "ipam_pool_id": null,
            "network_border_group": "us-east-1",
            "network_interface": "eni-05ccb0c94a3399573",
            "private_dns": "ip-10-0-101-79.ec2.internal",
            "private_ip": "10.0.101.79",
            "ptr_record": "",
            "public_dns": "ec2-23-22-181-5.compute-1.amazonaws.com",
            "public_ip": "23.22.181.5",
            "public_ipv4_pool": "amazon",
            "region": "us-east-1",
            "tags": {
              "Name": "cazia-vpc-us-east-1a"
            },
            "tags_all": {
              "Name": "cazia-vpc-us-east-1a"
            },
            "timeouts": null
          },
          "sensitive_attributes": [],
          "identity_schema_version": 0,
          "private": "eyJlMmJmYjczMC1lY2FhLTExZTYtOGY4OC0zNDM2M2JjN2M0YzAiOnsiZGVsZXRlIjoxODAwMDAwMDAwMDAsInJlYWQiOjkwMDAwMDAwMDAwMCwidXBkYXRlIjozMDAwMDAwMDAwMDB9fQ==",
          "dependencies": [
            "data.aws_availability_zones.available",
            "module.vpc.aws_internet_gateway.this",
            "module.vpc.aws_vpc.this",
            "module.vpc.aws_vpc_ipv4_cidr_block_association.this"
          ]
        },
        {
          "index_key": 1,
          "schema_version": 0,
          "attributes": {
            "address": null,
            "allocation_id": "eipalloc-0bdaf0083ee998ecb",
            "arn": "arn:aws:ec2:us-east-1:476064939890:elastic-ip/eipalloc-0bdaf0083ee998ecb",
            "associate_with_private_ip": null,
            "association_id": "eipassoc-0b9bf7c0f1de0feb1",
            "carrier_ip": "",
            "customer_owned_ip": "",
            "customer_owned_ipv4_pool": "",
            "domain": "vpc",
            "id": "eipalloc-0bdaf0083ee998ecb",
            "instance": "",
            "ipam_pool_id": null,
            "network_border_group": "us-east-1",
            "network_interface": "eni-027b0665d77c5eea8",
            "private_dns": "ip-10-0-102-49.ec2.internal",
            "private_ip": "10.0.102.49",
            "ptr_record": "",
            "public_dns": "ec2-54-161-82-98.compute-1.amazonaws.com",
            "public_ip": "54.161.82.98",
            "public_ipv4_pool": "amazon",
            "region": "us-east-1",
            "tags": {
              "Name": "cazia-vpc-us-east-1b"
            },
            "tags_all": {
              "Name": "cazia-vpc-us-east-1b"
            },
            "timeouts": null
          },
          "sensitive_attributes": [],
          "identity_schema_version": 0,
          "private": "eyJlMmJmYjczMC1lY2FhLTExZTYtOGY4OC0zNDM2M2JjN2M0YzAiOnsiZGVsZXRlIjoxODAwMDAwMDAwMDAsInJlYWQiOjkwMDAwMDAwMDAwMCwidXBkYXRlIjozMDAwMDAwMDAwMDB9fQ==",
          "dependencies": [
            "data.aws_availability_zones.available",
            "module.vpc.aws_internet_gateway.this",
            "module.vpc.aws_vpc.this",
            "module.vpc.aws_vpc_ipv4_cidr_block_association.this"
          ]
        }
      ]
    },
    {
      "module": "module.vpc",
      "mode": "managed",
      "type": "aws_internet_gateway",
      "name": "this",
      "provider": "provider[\"registry.terraform.io/hashicorp/aws\"]",
      "instances": [
        {
          "index_key": 0,
          "schema_version": 0,
          "attributes": {
            "arn": "arn:aws:ec2:us-east-1:476064939890:internet-gateway/igw-05e9f09473c510b76",
            "id": "igw-05e9f09473c510b76",
            "owner_id": "476064939890",
            "region": "us-east-1",
            "tags": {
              "Name": "cazia-vpc"
            },
            "tags_all": {
              "Name": "cazia-vpc"
            },
            "timeouts": null,
            "vpc_id": "vpc-095f43fc302dbc6aa"
          },
          "sensitive_attributes": [],
          "identity_schema_version": 0,
          "private": "eyJlMmJmYjczMC1lY2FhLTExZTYtOGY4OC0zNDM2M2JjN2M0YzAiOnsiY3JlYXRlIjoxMjAwMDAwMDAwMDAwLCJkZWxldGUiOjEyMDAwMDAwMDAwMDAsInVwZGF0ZSI6MTIwMDAwMDAwMDAwMH19",
          "dependencies": [
            "module.vpc.aws_vpc.this",
            "module.vpc.aws_vpc_ipv4_cidr_block_association.this"
          ]
        }
      ]
    },
    {
      "module": "module.vpc",
      "mode": "managed",
      "type": "aws_nat_gateway",
      "name": "this",
      "provider": "provider[\"registry.terraform.io/hashicorp/aws\"]",
      "instances": [
        {
          "index_key": 0,
          "schema_version": 0,
          "attributes": {
            "allocation_id": "eipalloc-0966b10b6d9b0acf2",
            "association_id": "eipassoc-03d63b182c3cb5d9b",
            "connectivity_type": "public",
            "id": "nat-09a4d0a99a43f3135",
            "network_interface_id": "eni-05ccb0c94a3399573",
            "private_ip": "10.0.101.79",
            "public_ip": "23.22.181.5",
            "region": "us-east-1",
            "secondary_allocation_ids": [],
            "secondary_private_ip_address_count": 0,
            "secondary_private_ip_addresses": [],
            "subnet_id": "subnet-0d520c9046e1aaf16",
            "tags": {
              "Name": "cazia-vpc-us-east-1a"
            },
            "tags_all": {
              "Name": "cazia-vpc-us-east-1a"
            },
            "timeouts": null
          },
          "sensitive_attributes": [],
          "identity_schema_version": 0,
          "private": "eyJlMmJmYjczMC1lY2FhLTExZTYtOGY4OC0zNDM2M2JjN2M0YzAiOnsiY3JlYXRlIjo2MDAwMDAwMDAwMDAsImRlbGV0ZSI6MTgwMDAwMDAwMDAwMCwidXBkYXRlIjo2MDAwMDAwMDAwMDB9fQ==",
          "dependencies": [
            "data.aws_availability_zones.available",
            "module.vpc.aws_eip.nat",
            "module.vpc.aws_internet_gateway.this",
            "module.vpc.aws_subnet.public",
            "module.vpc.aws_vpc.this",
            "module.vpc.aws_vpc_ipv4_cidr_block_association.this"
          ]
        },
        {
          "index_key": 1,
          "schema_version": 0,
          "attributes": {
            "allocation_id": "eipalloc-0bdaf0083ee998ecb",
            "association_id": "eipassoc-0b9bf7c0f1de0feb1",
            "connectivity_type": "public",
            "id": "nat-0a5032ab1fb6e81c1",
            "network_interface_id": "eni-027b0665d77c5eea8",
            "private_ip": "10.0.102.49",
            "public_ip": "54.161.82.98",
            "region": "us-east-1",
            "secondary_allocation_ids": [],
            "secondary_private_ip_address_count": 0,
            "secondary_private_ip_addresses": [],
            "subnet_id": "subnet-0a47beffe8444819b",
            "tags": {
              "Name": "cazia-vpc-us-east-1b"
            },
            "tags_all": {
              "Name": "cazia-vpc-us-east-1b"
            },
            "timeouts": null
          },
          "sensitive_attributes": [],
          "identity_schema_version": 0,
          "private": "eyJlMmJmYjczMC1lY2FhLTExZTYtOGY4OC0zNDM2M2JjN2M0YzAiOnsiY3JlYXRlIjo2MDAwMDAwMDAwMDAsImRlbGV0ZSI6MTgwMDAwMDAwMDAwMCwidXBkYXRlIjo2MDAwMDAwMDAwMDB9fQ==",
          "dependencies": [
            "data.aws_availability_zones.available",
            "module.vpc.aws_eip.nat",
            "module.vpc.aws_internet_gateway.this",
            "module.vpc.aws_subnet.public",
            "module.vpc.aws_vpc.this",
            "module.vpc.aws_vpc_ipv4_cidr_block_association.this"
          ]
        }
      ]
    },
    {
      "module": "module.vpc",
      "mode": "managed",
      "type": "aws_subnet",
      "name": "private",
      "provider": "provider[\"registry.terraform.io/hashicorp/aws\"]",
      "instances": [
        {
          "index_key": 0,
          "schema_version": 1,
          "attributes": {
            "arn": "arn:aws:ec2:us-east-1:476064939890:subnet/subnet-01d6bb71c441dee26",
            "assign_ipv6_address_on_creation": false,
            "availability_zone": "us-east-1a",
            "availability_zone_id": "use1-az1",
            "cidr_block": "10.0.1.0/24",
            "customer_owned_ipv4_pool": "",
            "enable_dns64": false,
            "enable_lni_at_device_index": 0,
            "enable_resource_name_dns_a_record_on_launch": false,
            "enable_resource_name_dns_aaaa_record_on_launch": false,
            "id": "subnet-01d6bb71c441dee26",
            "ipv6_cidr_block": "",
            "ipv6_cidr_block_association_id": "",
            "ipv6_native": false,
            "map_customer_owned_ip_on_launch": false,
            "map_public_ip_on_launch": false,
            "outpost_arn": "",
            "owner_id": "476064939890",
            "private_dns_hostname_type_on_launch": "ip-name",
            "region": "us-east-1",
            "tags": {
              "Name": "cazia-vpc-private-us-east-1a"
            },
            "tags_all": {
              "Name": "cazia-vpc-private-us-east-1a"
            },
            "timeouts": null,
            "vpc_id": "vpc-095f43fc302dbc6aa"
          },
          "sensitive_attributes": [],
          "identity_schema_version": 0,
          "identity": {
            "account_id": "476064939890",
            "id": "subnet-01d6bb71c441dee26",
            "region": "us-east-1"
          },
          "private": "eyJlMmJmYjczMC1lY2FhLTExZTYtOGY4OC0zNDM2M2JjN2M0YzAiOnsiY3JlYXRlIjo2MDAwMDAwMDAwMDAsImRlbGV0ZSI6MTIwMDAwMDAwMDAwMH0sInNjaGVtYV92ZXJzaW9uIjoiMSJ9",
          "dependencies": [
            "data.aws_availability_zones.available",
            "module.vpc.aws_vpc.this",
            "module.vpc.aws_vpc_ipv4_cidr_block_association.this"
          ]
        },
        {
          "index_key": 1,
          "schema_version": 1,
          "attributes": {
            "arn": "arn:aws:ec2:us-east-1:476064939890:subnet/subnet-03a25789eab58e816",
            "assign_ipv6_address_on_creation": false,
            "availability_zone": "us-east-1b",
            "availability_zone_id": "use1-az2",
            "cidr_block": "10.0.2.0/24",
            "customer_owned_ipv4_pool": "",
            "enable_dns64": false,
            "enable_lni_at_device_index": 0,
            "enable_resource_name_dns_a_record_on_launch": false,
            "enable_resource_name_dns_aaaa_record_on_launch": false,
            "id": "subnet-03a25789eab58e816",
            "ipv6_cidr_block": "",
            "ipv6_cidr_block_association_id": "",
            "ipv6_native": false,
            "map_customer_owned_ip_on_launch": false,
            "map_public_ip_on_launch": false,
            "outpost_arn": "",
            "owner_id": "476064939890",
            "private_dns_hostname_type_on_launch": "ip-name",
            "region": "us-east-1",
            "tags": {
              "Name": "cazia-vpc-private-us-east-1b"
            },
            "tags_all": {
              "Name": "cazia-vpc-private-us-east-1b"
            },
            "timeouts": null,
            "vpc_id": "vpc-095f43fc302dbc6aa"
          },
          "sensitive_attributes": [],
          "identity_schema_version": 0,
          "identity": {
            "account_id": "476064939890",
            "id": "subnet-03a25789eab58e816",
            "region": "us-east-1"
          },
          "private": "eyJlMmJmYjczMC1lY2FhLTExZTYtOGY4OC0zNDM2M2JjN2M0YzAiOnsiY3JlYXRlIjo2MDAwMDAwMDAwMDAsImRlbGV0ZSI6MTIwMDAwMDAwMDAwMH0sInNjaGVtYV92ZXJzaW9uIjoiMSJ9",
          "dependencies": [
            "data.aws_availability_zones.available",
            "module.vpc.aws_vpc.this",
            "module.vpc.aws_vpc_ipv4_cidr_block_association.this"
          ]
        }
      ]
    },
    {
      "module": "module.vpc",
      "mode": "managed",
      "type": "aws_subnet",
      "name": "public",
      "provider": "provider[\"registry.terraform.io/hashicorp/aws\"]",
      "instances": [
        {
          "index_key": 0,
          "schema_version": 1,
          "attributes": {
            "arn": "arn:aws:ec2:us-east-1:476064939890:subnet/subnet-0d520c9046e1aaf16",
            "assign_ipv6_address_on_creation": false,
            "availability_zone": "us-east-1a",
            "availability_zone_id": "use1-az1",
            "cidr_block": "10.0.101.0/24",
            "customer_owned_ipv4_pool": "",
            "enable_dns64": false,
            "enable_lni_at_device_index": 0,
            "enable_resource_name_dns_a_record_on_launch": false,
            "enable_resource_name_dns_aaaa_record_on_launch": false,
            "id": "subnet-0d520c9046e1aaf16",
            "ipv6_cidr_block": "",
            "ipv6_cidr_block_association_id": "",
            "ipv6_native": false,
            "map_customer_owned_ip_on_launch": false,
            "map_public_ip_on_launch": false,
            "outpost_arn": "",
            "owner_id": "476064939890",
            "private_dns_hostname_type_on_launch": "ip-name",
            "region": "us-east-1",
            "tags": {
              "Name": "cazia-vpc-public-us-east-1a"
            },
            "tags_all": {
              "Name": "cazia-vpc-public-us-east-1a"
            },
            "timeouts": null,
            "vpc_id": "vpc-095f43fc302dbc6aa"
          },
          "sensitive_attributes": [],
          "identity_schema_version": 0,
          "identity": {
            "account_id": "476064939890",
            "id": "subnet-0d520c9046e1aaf16",
            "region": "us-east-1"
          },
          "private": "eyJlMmJmYjczMC1lY2FhLTExZTYtOGY4OC0zNDM2M2JjN2M0YzAiOnsiY3JlYXRlIjo2MDAwMDAwMDAwMDAsImRlbGV0ZSI6MTIwMDAwMDAwMDAwMH0sInNjaGVtYV92ZXJzaW9uIjoiMSJ9",
          "dependencies": [
            "data.aws_availability_zones.available",
            "module.vpc.aws_vpc.this",
            "module.vpc.aws_vpc_ipv4_cidr_block_association.this"
          ]
        },
        {
          "index_key": 1,
          "schema_version": 1,
          "attributes": {
            "arn": "arn:aws:ec2:us-east-1:476064939890:subnet/subnet-0a47beffe8444819b",
            "assign_ipv6_address_on_creation": false,
            "availability_zone": "us-east-1b",
            "availability_zone_id": "use1-az2",
            "cidr_block": "10.0.102.0/24",
            "customer_owned_ipv4_pool": "",
            "enable_dns64": false,
            "enable_lni_at_device_index": 0,
            "enable_resource_name_dns_a_record_on_launch": false,
            "enable_resource_name_dns_aaaa_record_on_launch": false,
            "id": "subnet-0a47beffe8444819b",
            "ipv6_cidr_block": "",
            "ipv6_cidr_block_association_id": "",
            "ipv6_native": false,
            "map_customer_owned_ip_on_launch": false,
            "map_public_ip_on_launch": false,
            "outpost_arn": "",
            "owner_id": "476064939890",
            "private_dns_hostname_type_on_launch": "ip-name",
            "region": "us-east-1",
            "tags": {
              "Name": "cazia-vpc-public-us-east-1b"
            },
            "tags_all": {
              "Name": "cazia-vpc-public-us-east-1b"
            },
            "timeouts": null,
            "vpc_id": "vpc-095f43fc302dbc6aa"
          },
          "sensitive_attributes": [],
          "identity_schema_version": 0,
          "identity": {
            "account_id": "476064939890",
            "id": "subnet-0a47beffe8444819b",
            "region": "us-east-1"
          },
          "private": "eyJlMmJmYjczMC1lY2FhLTExZTYtOGY4OC0zNDM2M2JjN2M0YzAiOnsiY3JlYXRlIjo2MDAwMDAwMDAwMDAsImRlbGV0ZSI6MTIwMDAwMDAwMDAwMH0sInNjaGVtYV92ZXJzaW9uIjoiMSJ9",
          "dependencies": [
            "data.aws_availability_zones.available",
            "module.vpc.aws_vpc.this",
            "module.vpc.aws_vpc_ipv4_cidr_block_association.this"
          ]
        }
      ]
    },
    {
      "module": "module.vpc",
      "mode": "managed",
      "type": "aws_vpc",
      "name": "this",
      "provider": "provider[\"registry.terraform.io/hashicorp/aws\"]",
      "instances": [
        {
          "index_key": 0,
          "schema_version": 1,
          "attributes": {
            "arn": "arn:aws:ec2:us-east-1:476064939890:vpc/vpc-095f43fc302dbc6aa",
            "assign_generated_ipv6_cidr_block": false,
            "cidr_block": "10.0.0.0/16",
            "default_network_acl_id": "acl-05b4b0f7e3ffab52d",
            "default_route_table_id": "rtb-03a12a7768cc49d60",
            "default_security_group_id": "sg-0c5b3ce64e91becf5",
            "dhcp_options_id": "dopt-0a6bba57926fb62d9",
            "enable_dns_hostnames": true,
            "enable_dns_support": true,
            "enable_network_address_usage_metrics": false,
            "id": "vpc-095f43fc302dbc6aa",
            "instance_tenancy": "default",
            "ipv4_ipam_pool_id": null,
            "ipv4_netmask_length": null,
            "ipv6_association_id": "",
            "ipv6_cidr_block": "",
            "ipv6_cidr_block_network_border_group": "",
            "ipv6_ipam_pool_id": "",
            "ipv6_netmask_length": 0,
            "main_route_table_id": "rtb-03a12a7768cc49d60",
            "owner_id": "476064939890",
            "region": "us-east-1",
            "tags": {
              "Name": "cazia-vpc"
            },
            "tags_all": {
              "Name": "cazia-vpc"
            }
          },
          "sensitive_attributes": [],
          "identity_schema_version": 0,
          "identity": {
            "account_id": "476064939890",
            "id": "vpc-095f43fc302dbc6aa",
            "region": "us-east-1"
          },
          "private": "eyJzY2hlbWFfdmVyc2lvbiI6IjEifQ=="
        }
      ]
    }
  ],
  "check_results": null
}
